{
  "version": 4,
  "terraform_version": "0.12.18",
  "serial": 11,
  "lineage": "d74d4142-9fd1-c915-4c4b-2384e39a8846",
  "outputs": {},
  "resources": [
    {
      "mode": "data",
      "type": "aws_route53_zone",
      "name": "zone",
      "provider": "provider.aws",
      "instances": [
        {
          "schema_version": 0,
          "attributes": {
            "caller_reference": "RISWorkflow-RD:458ec56c-0c21-42c4-896b-787d5b90652c",
            "comment": "HostedZone created by Route53 Registrar",
            "id": "Z2MJ32DVS9O7QF",
            "linked_service_description": null,
            "linked_service_principal": null,
            "name": "perpetuallabs.io.",
            "name_servers": [
              "ns-1463.awsdns-54.org",
              "ns-1576.awsdns-05.co.uk",
              "ns-894.awsdns-47.net",
              "ns-282.awsdns-35.com"
            ],
            "private_zone": false,
            "resource_record_set_count": 7,
            "tags": {},
            "vpc_id": null,
            "zone_id": "Z2MJ32DVS9O7QF"
          }
        }
      ]
    },
    {
      "mode": "managed",
      "type": "aws_acm_certificate",
      "name": "omwebedit_cert",
      "provider": "provider.aws",
      "instances": [
        {
          "schema_version": 0,
          "attributes": {
            "arn": "arn:aws:acm:eu-central-1:059773386095:certificate/336c5d4a-e420-4252-99c4-f4997433375f",
            "certificate_authority_arn": "",
            "certificate_body": null,
            "certificate_chain": null,
            "domain_name": "omwebedit.perpetuallabs.io",
            "domain_validation_options": [
              {
                "domain_name": "omwebedit.perpetuallabs.io",
                "resource_record_name": "_98ca618caa12d9ff2423f2ea10104386.omwebedit.perpetuallabs.io.",
                "resource_record_type": "CNAME",
                "resource_record_value": "_a9f452e098769f50617930b12e74a083.jfrzftwwjs.acm-validations.aws."
              }
            ],
            "id": "arn:aws:acm:eu-central-1:059773386095:certificate/336c5d4a-e420-4252-99c4-f4997433375f",
            "options": [
              {
                "certificate_transparency_logging_preference": "ENABLED"
              }
            ],
            "private_key": null,
            "status": "PENDING_VALIDATION",
            "subject_alternative_names": [],
            "tags": {
              "Environment": "prod"
            },
            "validation_emails": [],
            "validation_method": "DNS"
          },
          "private": "bnVsbA=="
        }
      ]
    },
    {
      "mode": "managed",
      "type": "aws_acm_certificate_validation",
      "name": "cert",
      "provider": "provider.aws",
      "instances": [
        {
          "schema_version": 0,
          "attributes": {
            "certificate_arn": "arn:aws:acm:eu-central-1:059773386095:certificate/336c5d4a-e420-4252-99c4-f4997433375f",
            "id": "2020-07-31 00:06:09 +0000 UTC",
            "timeouts": null,
            "validation_record_fqdns": [
              "_98ca618caa12d9ff2423f2ea10104386.omwebedit.perpetuallabs.io"
            ]
          },
          "private": "eyJlMmJmYjczMC1lY2FhLTExZTYtOGY4OC0zNDM2M2JjN2M0YzAiOnsiY3JlYXRlIjoyNzAwMDAwMDAwMDAwfX0=",
          "dependencies": [
            "aws_acm_certificate.omwebedit_cert",
            "aws_route53_record.cert_validation"
          ]
        }
      ]
    },
    {
      "mode": "managed",
      "type": "aws_route53_record",
      "name": "cert_validation",
      "provider": "provider.aws",
      "instances": [
        {
          "schema_version": 2,
          "attributes": {
            "alias": [],
            "allow_overwrite": null,
            "failover_routing_policy": [],
            "fqdn": "_98ca618caa12d9ff2423f2ea10104386.omwebedit.perpetuallabs.io",
            "geolocation_routing_policy": [],
            "health_check_id": null,
            "id": "Z2MJ32DVS9O7QF__98ca618caa12d9ff2423f2ea10104386.omwebedit.perpetuallabs.io._CNAME",
            "latency_routing_policy": [],
            "multivalue_answer_routing_policy": null,
            "name": "_98ca618caa12d9ff2423f2ea10104386.omwebedit.perpetuallabs.io",
            "records": [
              "_a9f452e098769f50617930b12e74a083.jfrzftwwjs.acm-validations.aws."
            ],
            "set_identifier": null,
            "ttl": 60,
            "type": "CNAME",
            "weighted_routing_policy": [],
            "zone_id": "Z2MJ32DVS9O7QF"
          },
          "private": "eyJzY2hlbWFfdmVyc2lvbiI6IjIifQ==",
          "dependencies": [
            "aws_acm_certificate.omwebedit_cert"
          ]
        }
      ]
    }
  ]
}
