{
  "version": 4,
  "terraform_version": "0.12.18",
  "serial": 33,
  "lineage": "d74d4142-9fd1-c915-4c4b-2384e39a8846",
  "outputs": {},
  "resources": [
    {
      "mode": "data",
      "type": "aws_route53_zone",
      "name": "zone",
      "provider": "provider.aws",
      "instances": [
        {
          "schema_version": 0,
          "attributes": {
            "caller_reference": "RISWorkflow-RD:458ec56c-0c21-42c4-896b-787d5b90652c",
            "comment": "HostedZone created by Route53 Registrar",
            "id": "Z2MJ32DVS9O7QF",
            "linked_service_description": null,
            "linked_service_principal": null,
            "name": "perpetuallabs.io.",
            "name_servers": [
              "ns-1463.awsdns-54.org",
              "ns-1576.awsdns-05.co.uk",
              "ns-894.awsdns-47.net",
              "ns-282.awsdns-35.com"
            ],
            "private_zone": false,
            "resource_record_set_count": 5,
            "tags": {},
            "vpc_id": null,
            "zone_id": "Z2MJ32DVS9O7QF"
          }
        }
      ]
    },
    {
      "mode": "managed",
      "type": "aws_acm_certificate",
      "name": "omwebedit_cert",
      "provider": "provider.aws.useast1",
      "instances": [
        {
          "schema_version": 0,
          "attributes": {
            "arn": "arn:aws:acm:us-east-1:059773386095:certificate/d62847a5-3e15-498c-932b-fd35a3d82619",
            "certificate_authority_arn": "",
            "certificate_body": null,
            "certificate_chain": null,
            "domain_name": "omwebedit.perpetuallabs.io",
            "domain_validation_options": [
              {
                "domain_name": "omwebedit.perpetuallabs.io",
                "resource_record_name": "_98ca618caa12d9ff2423f2ea10104386.omwebedit.perpetuallabs.io.",
                "resource_record_type": "CNAME",
                "resource_record_value": "_a9f452e098769f50617930b12e74a083.jfrzftwwjs.acm-validations.aws."
              }
            ],
            "id": "arn:aws:acm:us-east-1:059773386095:certificate/d62847a5-3e15-498c-932b-fd35a3d82619",
            "options": [
              {
                "certificate_transparency_logging_preference": "ENABLED"
              }
            ],
            "private_key": null,
            "status": "PENDING_VALIDATION",
            "subject_alternative_names": [],
            "tags": {
              "Environment": "prod"
            },
            "validation_emails": [],
            "validation_method": "DNS"
          },
          "private": "bnVsbA=="
        }
      ]
    },
    {
      "mode": "managed",
      "type": "aws_cloudfront_distribution",
      "name": "s3_distribution",
      "provider": "provider.aws.useast1",
      "instances": [
        {
          "schema_version": 1,
          "attributes": {
            "active_trusted_signers": {
              "enabled": "false",
              "items.#": "0"
            },
            "aliases": [
              "omwebedit.perpetuallabs.io"
            ],
            "arn": "arn:aws:cloudfront::059773386095:distribution/E1NWB3ST9STK02",
            "cache_behavior": [],
            "caller_reference": "terraform-20200731005452284200000002",
            "comment": "omwebedit",
            "custom_error_response": [],
            "default_cache_behavior": [
              {
                "allowed_methods": [
                  "DELETE",
                  "GET",
                  "HEAD",
                  "OPTIONS",
                  "PATCH",
                  "POST",
                  "PUT"
                ],
                "cached_methods": [
                  "GET",
                  "HEAD"
                ],
                "compress": false,
                "default_ttl": 300,
                "field_level_encryption_id": "",
                "forwarded_values": [
                  {
                    "cookies": [
                      {
                        "forward": "none",
                        "whitelisted_names": null
                      }
                    ],
                    "headers": null,
                    "query_string": true,
                    "query_string_cache_keys": null
                  }
                ],
                "lambda_function_association": [],
                "max_ttl": 300,
                "min_ttl": 0,
                "smooth_streaming": false,
                "target_origin_id": "omwebedit.perpetuallabs.io",
                "trusted_signers": null,
                "viewer_protocol_policy": "redirect-to-https"
              }
            ],
            "default_root_object": "index.html",
            "domain_name": "d3eg484bbswwgu.cloudfront.net",
            "enabled": true,
            "etag": "E1VKOWU1Y03PIJ",
            "hosted_zone_id": "Z2FDTNDATAQYW2",
            "http_version": "http2",
            "id": "E1NWB3ST9STK02",
            "in_progress_validation_batches": 0,
            "is_ipv6_enabled": true,
            "last_modified_time": "2020-07-31 00:55:47.133 +0000 UTC",
            "logging_config": [],
            "ordered_cache_behavior": [],
            "origin": [
              {
                "custom_header": [],
                "custom_origin_config": [],
                "domain_name": "omwebedit.perpetuallabs.io.s3.amazonaws.com",
                "origin_id": "omwebedit.perpetuallabs.io",
                "origin_path": "",
                "s3_origin_config": []
              }
            ],
            "origin_group": [],
            "price_class": "PriceClass_All",
            "restrictions": [
              {
                "geo_restriction": [
                  {
                    "locations": null,
                    "restriction_type": "none"
                  }
                ]
              }
            ],
            "retain_on_delete": false,
            "status": "Deployed",
            "tags": null,
            "viewer_certificate": [
              {
                "acm_certificate_arn": "arn:aws:acm:us-east-1:059773386095:certificate/d62847a5-3e15-498c-932b-fd35a3d82619",
                "cloudfront_default_certificate": false,
                "iam_certificate_id": "",
                "minimum_protocol_version": "TLSv1",
                "ssl_support_method": "sni-only"
              }
            ],
            "wait_for_deployment": true,
            "web_acl_id": ""
          },
          "private": "eyJzY2hlbWFfdmVyc2lvbiI6IjEifQ==",
          "dependencies": [
            "aws_acm_certificate.omwebedit_cert"
          ]
        }
      ]
    },
    {
      "mode": "managed",
      "type": "aws_route53_record",
      "name": "cert_validation",
      "provider": "provider.aws",
      "instances": [
        {
          "schema_version": 2,
          "attributes": {
            "alias": [],
            "allow_overwrite": null,
            "failover_routing_policy": [],
            "fqdn": "_98ca618caa12d9ff2423f2ea10104386.omwebedit.perpetuallabs.io",
            "geolocation_routing_policy": [],
            "health_check_id": null,
            "id": "Z2MJ32DVS9O7QF__98ca618caa12d9ff2423f2ea10104386.omwebedit.perpetuallabs.io._CNAME",
            "latency_routing_policy": [],
            "multivalue_answer_routing_policy": null,
            "name": "_98ca618caa12d9ff2423f2ea10104386.omwebedit.perpetuallabs.io",
            "records": [
              "_a9f452e098769f50617930b12e74a083.jfrzftwwjs.acm-validations.aws."
            ],
            "set_identifier": null,
            "ttl": 60,
            "type": "CNAME",
            "weighted_routing_policy": [],
            "zone_id": "Z2MJ32DVS9O7QF"
          },
          "private": "eyJzY2hlbWFfdmVyc2lvbiI6IjIifQ==",
          "dependencies": [
            "aws_acm_certificate.omwebedit_cert"
          ]
        }
      ]
    },
    {
      "mode": "managed",
      "type": "aws_route53_record",
      "name": "omwebedit",
      "provider": "provider.aws",
      "instances": [
        {
          "schema_version": 2,
          "attributes": {
            "alias": [
              {
                "evaluate_target_health": true,
                "name": "d3eg484bbswwgu.cloudfront.net",
                "zone_id": "Z2FDTNDATAQYW2"
              }
            ],
            "allow_overwrite": null,
            "failover_routing_policy": [],
            "fqdn": "omwebedit.perpetuallabs.io",
            "geolocation_routing_policy": [],
            "health_check_id": null,
            "id": "Z2MJ32DVS9O7QF_omwebedit.perpetuallabs.io_A",
            "latency_routing_policy": [],
            "multivalue_answer_routing_policy": null,
            "name": "omwebedit.perpetuallabs.io",
            "records": null,
            "set_identifier": null,
            "ttl": null,
            "type": "A",
            "weighted_routing_policy": [],
            "zone_id": "Z2MJ32DVS9O7QF"
          },
          "private": "eyJzY2hlbWFfdmVyc2lvbiI6IjIifQ==",
          "dependencies": [
            "aws_acm_certificate.omwebedit_cert",
            "aws_cloudfront_distribution.s3_distribution"
          ]
        }
      ]
    }
  ]
}
