{
  "version": 4,
  "terraform_version": "0.12.18",
  "serial": 86,
  "lineage": "8636cf85-a875-76c2-197c-430a397d00f0",
  "outputs": {},
  "resources": [
    {
      "module": "module.my-eks-cluster.module.eks-cluster",
      "mode": "data",
      "type": "aws_ami",
      "name": "eks_worker",
      "provider": "provider.aws",
      "instances": [
        {
          "schema_version": 0,
          "attributes": {
            "architecture": "x86_64",
            "block_device_mappings": [
              {
                "device_name": "/dev/xvda",
                "ebs": {
                  "delete_on_termination": "true",
                  "encrypted": "false",
                  "iops": "0",
                  "snapshot_id": "snap-09c8b657a00002361",
                  "volume_size": "20",
                  "volume_type": "gp2"
                },
                "no_device": "",
                "virtual_name": ""
              }
            ],
            "creation_date": "2019-12-13T08:27:12.000Z",
            "description": "EKS Kubernetes Worker AMI with AmazonLinux2 image, (k8s: 1.14.8, docker:18.09.9ce-2.amzn2)",
            "executable_users": null,
            "filter": [
              {
                "name": "name",
                "values": [
                  "amazon-eks-node-1.14-v*"
                ]
              }
            ],
            "hypervisor": "xen",
            "id": "ami-0b9d2c11b47bd8264",
            "image_id": "ami-0b9d2c11b47bd8264",
            "image_location": "amazon/amazon-eks-node-1.14-v20191213",
            "image_owner_alias": "amazon",
            "image_type": "machine",
            "kernel_id": null,
            "most_recent": true,
            "name": "amazon-eks-node-1.14-v20191213",
            "name_regex": null,
            "owner_id": "602401143452",
            "owners": [
              "602401143452"
            ],
            "platform": null,
            "product_codes": [],
            "public": true,
            "ramdisk_id": null,
            "root_device_name": "/dev/xvda",
            "root_device_type": "ebs",
            "root_snapshot_id": "snap-09c8b657a00002361",
            "sriov_net_support": "simple",
            "state": "available",
            "state_reason": {
              "code": "UNSET",
              "message": "UNSET"
            },
            "tags": {},
            "virtualization_type": "hvm"
          }
        }
      ]
    },
    {
      "module": "module.my-eks-cluster.module.eks-cluster",
      "mode": "data",
      "type": "aws_ami",
      "name": "eks_worker_windows",
      "provider": "provider.aws",
      "instances": [
        {
          "schema_version": 0,
          "attributes": {
            "architecture": "x86_64",
            "block_device_mappings": [
              {
                "device_name": "/dev/sda1",
                "ebs": {
                  "delete_on_termination": "true",
                  "encrypted": "false",
                  "iops": "0",
                  "snapshot_id": "snap-0c403cf39004499c6",
                  "volume_size": "50",
                  "volume_type": "gp2"
                },
                "no_device": "",
                "virtual_name": ""
              },
              {
                "device_name": "xvdca",
                "ebs": {},
                "no_device": "",
                "virtual_name": "ephemeral0"
              },
              {
                "device_name": "xvdcb",
                "ebs": {},
                "no_device": "",
                "virtual_name": "ephemeral1"
              },
              {
                "device_name": "xvdcc",
                "ebs": {},
                "no_device": "",
                "virtual_name": "ephemeral2"
              },
              {
                "device_name": "xvdcd",
                "ebs": {},
                "no_device": "",
                "virtual_name": "ephemeral3"
              },
              {
                "device_name": "xvdce",
                "ebs": {},
                "no_device": "",
                "virtual_name": "ephemeral4"
              },
              {
                "device_name": "xvdcf",
                "ebs": {},
                "no_device": "",
                "virtual_name": "ephemeral5"
              },
              {
                "device_name": "xvdcg",
                "ebs": {},
                "no_device": "",
                "virtual_name": "ephemeral6"
              },
              {
                "device_name": "xvdch",
                "ebs": {},
                "no_device": "",
                "virtual_name": "ephemeral7"
              },
              {
                "device_name": "xvdci",
                "ebs": {},
                "no_device": "",
                "virtual_name": "ephemeral8"
              },
              {
                "device_name": "xvdcj",
                "ebs": {},
                "no_device": "",
                "virtual_name": "ephemeral9"
              },
              {
                "device_name": "xvdck",
                "ebs": {},
                "no_device": "",
                "virtual_name": "ephemeral10"
              },
              {
                "device_name": "xvdcl",
                "ebs": {},
                "no_device": "",
                "virtual_name": "ephemeral11"
              },
              {
                "device_name": "xvdcm",
                "ebs": {},
                "no_device": "",
                "virtual_name": "ephemeral12"
              },
              {
                "device_name": "xvdcn",
                "ebs": {},
                "no_device": "",
                "virtual_name": "ephemeral13"
              },
              {
                "device_name": "xvdco",
                "ebs": {},
                "no_device": "",
                "virtual_name": "ephemeral14"
              },
              {
                "device_name": "xvdcp",
                "ebs": {},
                "no_device": "",
                "virtual_name": "ephemeral15"
              },
              {
                "device_name": "xvdcq",
                "ebs": {},
                "no_device": "",
                "virtual_name": "ephemeral16"
              },
              {
                "device_name": "xvdcr",
                "ebs": {},
                "no_device": "",
                "virtual_name": "ephemeral17"
              },
              {
                "device_name": "xvdcs",
                "ebs": {},
                "no_device": "",
                "virtual_name": "ephemeral18"
              },
              {
                "device_name": "xvdct",
                "ebs": {},
                "no_device": "",
                "virtual_name": "ephemeral19"
              },
              {
                "device_name": "xvdcu",
                "ebs": {},
                "no_device": "",
                "virtual_name": "ephemeral20"
              },
              {
                "device_name": "xvdcv",
                "ebs": {},
                "no_device": "",
                "virtual_name": "ephemeral21"
              },
              {
                "device_name": "xvdcw",
                "ebs": {},
                "no_device": "",
                "virtual_name": "ephemeral22"
              },
              {
                "device_name": "xvdcx",
                "ebs": {},
                "no_device": "",
                "virtual_name": "ephemeral23"
              },
              {
                "device_name": "xvdcy",
                "ebs": {},
                "no_device": "",
                "virtual_name": "ephemeral24"
              },
              {
                "device_name": "xvdcz",
                "ebs": {},
                "no_device": "",
                "virtual_name": "ephemeral25"
              }
            ],
            "creation_date": "2019-12-14T19:26:30.000Z",
            "description": "Microsoft Windows Server 2019 Core optimized for EKS and provided by Amazon",
            "executable_users": null,
            "filter": [
              {
                "name": "name",
                "values": [
                  "Windows_Server-2019-English-Core-EKS_Optimized-1.14-*"
                ]
              },
              {
                "name": "platform",
                "values": [
                  "windows"
                ]
              }
            ],
            "hypervisor": "xen",
            "id": "ami-0ca9b8e37c64887bb",
            "image_id": "ami-0ca9b8e37c64887bb",
            "image_location": "amazon/Windows_Server-2019-English-Core-EKS_Optimized-1.14-2019.12.16",
            "image_owner_alias": "amazon",
            "image_type": "machine",
            "kernel_id": null,
            "most_recent": true,
            "name": "Windows_Server-2019-English-Core-EKS_Optimized-1.14-2019.12.16",
            "name_regex": null,
            "owner_id": "801119661308",
            "owners": [
              "801119661308"
            ],
            "platform": "windows",
            "product_codes": [],
            "public": true,
            "ramdisk_id": null,
            "root_device_name": "/dev/sda1",
            "root_device_type": "ebs",
            "root_snapshot_id": "snap-0c403cf39004499c6",
            "sriov_net_support": "simple",
            "state": "available",
            "state_reason": {
              "code": "UNSET",
              "message": "UNSET"
            },
            "tags": {},
            "virtualization_type": "hvm"
          }
        }
      ]
    },
    {
      "module": "module.my-eks-cluster.module.eks-cluster",
      "mode": "data",
      "type": "aws_caller_identity",
      "name": "current",
      "provider": "provider.aws",
      "instances": [
        {
          "schema_version": 0,
          "attributes": {
            "account_id": "059773386095",
            "arn": "arn:aws:iam::059773386095:user/aws-infra-as-code",
            "id": "2020-01-03 18:35:50.586227 +0000 UTC",
            "user_id": "AIDAQ32WFPVXSZLOYV6EJ"
          }
        }
      ]
    },
    {
      "module": "module.my-eks-cluster.module.eks-cluster",
      "mode": "data",
      "type": "aws_iam_instance_profile",
      "name": "custom_worker_group_iam_instance_profile",
      "each": "list",
      "provider": "provider.aws",
      "instances": []
    },
    {
      "module": "module.my-eks-cluster.module.eks-cluster",
      "mode": "data",
      "type": "aws_iam_instance_profile",
      "name": "custom_worker_group_launch_template_iam_instance_profile",
      "each": "list",
      "provider": "provider.aws",
      "instances": []
    },
    {
      "module": "module.my-eks-cluster.module.eks-cluster",
      "mode": "data",
      "type": "aws_iam_policy_document",
      "name": "cluster_assume_role_policy",
      "provider": "provider.aws",
      "instances": [
        {
          "schema_version": 0,
          "attributes": {
            "id": "2764486067",
            "json": "{\n  \"Version\": \"2012-10-17\",\n  \"Statement\": [\n    {\n      \"Sid\": \"EKSClusterAssumeRole\",\n      \"Effect\": \"Allow\",\n      \"Action\": \"sts:AssumeRole\",\n      \"Principal\": {\n        \"Service\": \"eks.amazonaws.com\"\n      }\n    }\n  ]\n}",
            "override_json": null,
            "policy_id": null,
            "source_json": null,
            "statement": [
              {
                "actions": [
                  "sts:AssumeRole"
                ],
                "condition": [],
                "effect": "Allow",
                "not_actions": [],
                "not_principals": [],
                "not_resources": [],
                "principals": [
                  {
                    "identifiers": [
                      "eks.amazonaws.com"
                    ],
                    "type": "Service"
                  }
                ],
                "resources": [],
                "sid": "EKSClusterAssumeRole"
              }
            ],
            "version": "2012-10-17"
          }
        }
      ]
    },
    {
      "module": "module.my-eks-cluster.module.eks-cluster",
      "mode": "data",
      "type": "aws_iam_policy_document",
      "name": "worker_autoscaling",
      "provider": "provider.aws",
      "instances": [
        {
          "schema_version": 0,
          "attributes": {
            "id": "82937977",
            "json": "{\n  \"Version\": \"2012-10-17\",\n  \"Statement\": [\n    {\n      \"Sid\": \"eksWorkerAutoscalingAll\",\n      \"Effect\": \"Allow\",\n      \"Action\": [\n        \"ec2:DescribeLaunchTemplateVersions\",\n        \"autoscaling:DescribeTags\",\n        \"autoscaling:DescribeLaunchConfigurations\",\n        \"autoscaling:DescribeAutoScalingInstances\",\n        \"autoscaling:DescribeAutoScalingGroups\"\n      ],\n      \"Resource\": \"*\"\n    },\n    {\n      \"Sid\": \"eksWorkerAutoscalingOwn\",\n      \"Effect\": \"Allow\",\n      \"Action\": [\n        \"autoscaling:UpdateAutoScalingGroup\",\n        \"autoscaling:TerminateInstanceInAutoScalingGroup\",\n        \"autoscaling:SetDesiredCapacity\"\n      ],\n      \"Resource\": \"*\",\n      \"Condition\": {\n        \"StringEquals\": {\n          \"autoscaling:ResourceTag/k8s.io/cluster-autoscaler/enabled\": \"true\",\n          \"autoscaling:ResourceTag/kubernetes.io/cluster/dev-eks-cluster\": \"owned\"\n        }\n      }\n    }\n  ]\n}",
            "override_json": null,
            "policy_id": null,
            "source_json": null,
            "statement": [
              {
                "actions": [
                  "autoscaling:DescribeAutoScalingGroups",
                  "autoscaling:DescribeAutoScalingInstances",
                  "autoscaling:DescribeLaunchConfigurations",
                  "autoscaling:DescribeTags",
                  "ec2:DescribeLaunchTemplateVersions"
                ],
                "condition": [],
                "effect": "Allow",
                "not_actions": [],
                "not_principals": [],
                "not_resources": [],
                "principals": [],
                "resources": [
                  "*"
                ],
                "sid": "eksWorkerAutoscalingAll"
              },
              {
                "actions": [
                  "autoscaling:SetDesiredCapacity",
                  "autoscaling:TerminateInstanceInAutoScalingGroup",
                  "autoscaling:UpdateAutoScalingGroup"
                ],
                "condition": [
                  {
                    "test": "StringEquals",
                    "values": [
                      "owned"
                    ],
                    "variable": "autoscaling:ResourceTag/kubernetes.io/cluster/dev-eks-cluster"
                  },
                  {
                    "test": "StringEquals",
                    "values": [
                      "true"
                    ],
                    "variable": "autoscaling:ResourceTag/k8s.io/cluster-autoscaler/enabled"
                  }
                ],
                "effect": "Allow",
                "not_actions": [],
                "not_principals": [],
                "not_resources": [],
                "principals": [],
                "resources": [
                  "*"
                ],
                "sid": "eksWorkerAutoscalingOwn"
              }
            ],
            "version": "2012-10-17"
          }
        }
      ]
    },
    {
      "module": "module.my-eks-cluster.module.eks-cluster",
      "mode": "data",
      "type": "aws_iam_policy_document",
      "name": "workers_assume_role_policy",
      "provider": "provider.aws",
      "instances": [
        {
          "schema_version": 0,
          "attributes": {
            "id": "3778018924",
            "json": "{\n  \"Version\": \"2012-10-17\",\n  \"Statement\": [\n    {\n      \"Sid\": \"EKSWorkerAssumeRole\",\n      \"Effect\": \"Allow\",\n      \"Action\": \"sts:AssumeRole\",\n      \"Principal\": {\n        \"Service\": \"ec2.amazonaws.com\"\n      }\n    }\n  ]\n}",
            "override_json": null,
            "policy_id": null,
            "source_json": null,
            "statement": [
              {
                "actions": [
                  "sts:AssumeRole"
                ],
                "condition": [],
                "effect": "Allow",
                "not_actions": [],
                "not_principals": [],
                "not_resources": [],
                "principals": [
                  {
                    "identifiers": [
                      "ec2.amazonaws.com"
                    ],
                    "type": "Service"
                  }
                ],
                "resources": [],
                "sid": "EKSWorkerAssumeRole"
              }
            ],
            "version": "2012-10-17"
          }
        }
      ]
    },
    {
      "module": "module.my-eks-cluster.module.eks-cluster",
      "mode": "data",
      "type": "aws_iam_role",
      "name": "custom_cluster_iam_role",
      "each": "list",
      "provider": "provider.aws",
      "instances": []
    },
    {
      "module": "module.my-eks-cluster.module.vpc",
      "mode": "data",
      "type": "aws_vpc_endpoint_service",
      "name": "apigw",
      "each": "list",
      "provider": "provider.aws",
      "instances": []
    },
    {
      "module": "module.my-eks-cluster.module.vpc",
      "mode": "data",
      "type": "aws_vpc_endpoint_service",
      "name": "appmesh_envoy_management",
      "each": "list",
      "provider": "provider.aws",
      "instances": []
    },
    {
      "module": "module.my-eks-cluster.module.vpc",
      "mode": "data",
      "type": "aws_vpc_endpoint_service",
      "name": "appstream",
      "each": "list",
      "provider": "provider.aws",
      "instances": []
    },
    {
      "module": "module.my-eks-cluster.module.vpc",
      "mode": "data",
      "type": "aws_vpc_endpoint_service",
      "name": "athena",
      "each": "list",
      "provider": "provider.aws",
      "instances": []
    },
    {
      "module": "module.my-eks-cluster.module.vpc",
      "mode": "data",
      "type": "aws_vpc_endpoint_service",
      "name": "cloud_directory",
      "each": "list",
      "provider": "provider.aws",
      "instances": []
    },
    {
      "module": "module.my-eks-cluster.module.vpc",
      "mode": "data",
      "type": "aws_vpc_endpoint_service",
      "name": "cloudformation",
      "each": "list",
      "provider": "provider.aws",
      "instances": []
    },
    {
      "module": "module.my-eks-cluster.module.vpc",
      "mode": "data",
      "type": "aws_vpc_endpoint_service",
      "name": "cloudtrail",
      "each": "list",
      "provider": "provider.aws",
      "instances": []
    },
    {
      "module": "module.my-eks-cluster.module.vpc",
      "mode": "data",
      "type": "aws_vpc_endpoint_service",
      "name": "codebuild",
      "each": "list",
      "provider": "provider.aws",
      "instances": []
    },
    {
      "module": "module.my-eks-cluster.module.vpc",
      "mode": "data",
      "type": "aws_vpc_endpoint_service",
      "name": "codecommit",
      "each": "list",
      "provider": "provider.aws",
      "instances": []
    },
    {
      "module": "module.my-eks-cluster.module.vpc",
      "mode": "data",
      "type": "aws_vpc_endpoint_service",
      "name": "codepipeline",
      "each": "list",
      "provider": "provider.aws",
      "instances": []
    },
    {
      "module": "module.my-eks-cluster.module.vpc",
      "mode": "data",
      "type": "aws_vpc_endpoint_service",
      "name": "config",
      "each": "list",
      "provider": "provider.aws",
      "instances": []
    },
    {
      "module": "module.my-eks-cluster.module.vpc",
      "mode": "data",
      "type": "aws_vpc_endpoint_service",
      "name": "dynamodb",
      "each": "list",
      "provider": "provider.aws",
      "instances": []
    },
    {
      "module": "module.my-eks-cluster.module.vpc",
      "mode": "data",
      "type": "aws_vpc_endpoint_service",
      "name": "ec2",
      "each": "list",
      "provider": "provider.aws",
      "instances": []
    },
    {
      "module": "module.my-eks-cluster.module.vpc",
      "mode": "data",
      "type": "aws_vpc_endpoint_service",
      "name": "ec2messages",
      "each": "list",
      "provider": "provider.aws",
      "instances": []
    },
    {
      "module": "module.my-eks-cluster.module.vpc",
      "mode": "data",
      "type": "aws_vpc_endpoint_service",
      "name": "ecr_api",
      "each": "list",
      "provider": "provider.aws",
      "instances": []
    },
    {
      "module": "module.my-eks-cluster.module.vpc",
      "mode": "data",
      "type": "aws_vpc_endpoint_service",
      "name": "ecr_dkr",
      "each": "list",
      "provider": "provider.aws",
      "instances": []
    },
    {
      "module": "module.my-eks-cluster.module.vpc",
      "mode": "data",
      "type": "aws_vpc_endpoint_service",
      "name": "ecs",
      "each": "list",
      "provider": "provider.aws",
      "instances": []
    },
    {
      "module": "module.my-eks-cluster.module.vpc",
      "mode": "data",
      "type": "aws_vpc_endpoint_service",
      "name": "ecs_agent",
      "each": "list",
      "provider": "provider.aws",
      "instances": []
    },
    {
      "module": "module.my-eks-cluster.module.vpc",
      "mode": "data",
      "type": "aws_vpc_endpoint_service",
      "name": "ecs_telemetry",
      "each": "list",
      "provider": "provider.aws",
      "instances": []
    },
    {
      "module": "module.my-eks-cluster.module.vpc",
      "mode": "data",
      "type": "aws_vpc_endpoint_service",
      "name": "efs",
      "each": "list",
      "provider": "provider.aws",
      "instances": []
    },
    {
      "module": "module.my-eks-cluster.module.vpc",
      "mode": "data",
      "type": "aws_vpc_endpoint_service",
      "name": "elasticloadbalancing",
      "each": "list",
      "provider": "provider.aws",
      "instances": []
    },
    {
      "module": "module.my-eks-cluster.module.vpc",
      "mode": "data",
      "type": "aws_vpc_endpoint_service",
      "name": "events",
      "each": "list",
      "provider": "provider.aws",
      "instances": []
    },
    {
      "module": "module.my-eks-cluster.module.vpc",
      "mode": "data",
      "type": "aws_vpc_endpoint_service",
      "name": "git_codecommit",
      "each": "list",
      "provider": "provider.aws",
      "instances": []
    },
    {
      "module": "module.my-eks-cluster.module.vpc",
      "mode": "data",
      "type": "aws_vpc_endpoint_service",
      "name": "glue",
      "each": "list",
      "provider": "provider.aws",
      "instances": []
    },
    {
      "module": "module.my-eks-cluster.module.vpc",
      "mode": "data",
      "type": "aws_vpc_endpoint_service",
      "name": "kinesis_firehose",
      "each": "list",
      "provider": "provider.aws",
      "instances": []
    },
    {
      "module": "module.my-eks-cluster.module.vpc",
      "mode": "data",
      "type": "aws_vpc_endpoint_service",
      "name": "kinesis_streams",
      "each": "list",
      "provider": "provider.aws",
      "instances": []
    },
    {
      "module": "module.my-eks-cluster.module.vpc",
      "mode": "data",
      "type": "aws_vpc_endpoint_service",
      "name": "kms",
      "each": "list",
      "provider": "provider.aws",
      "instances": []
    },
    {
      "module": "module.my-eks-cluster.module.vpc",
      "mode": "data",
      "type": "aws_vpc_endpoint_service",
      "name": "logs",
      "each": "list",
      "provider": "provider.aws",
      "instances": []
    },
    {
      "module": "module.my-eks-cluster.module.vpc",
      "mode": "data",
      "type": "aws_vpc_endpoint_service",
      "name": "monitoring",
      "each": "list",
      "provider": "provider.aws",
      "instances": []
    },
    {
      "module": "module.my-eks-cluster.module.vpc",
      "mode": "data",
      "type": "aws_vpc_endpoint_service",
      "name": "rekognition",
      "each": "list",
      "provider": "provider.aws",
      "instances": []
    },
    {
      "module": "module.my-eks-cluster.module.vpc",
      "mode": "data",
      "type": "aws_vpc_endpoint_service",
      "name": "s3",
      "each": "list",
      "provider": "provider.aws",
      "instances": []
    },
    {
      "module": "module.my-eks-cluster.module.vpc",
      "mode": "data",
      "type": "aws_vpc_endpoint_service",
      "name": "sagemaker_api",
      "each": "list",
      "provider": "provider.aws",
      "instances": []
    },
    {
      "module": "module.my-eks-cluster.module.vpc",
      "mode": "data",
      "type": "aws_vpc_endpoint_service",
      "name": "sagemaker_notebook",
      "each": "list",
      "provider": "provider.aws",
      "instances": []
    },
    {
      "module": "module.my-eks-cluster.module.vpc",
      "mode": "data",
      "type": "aws_vpc_endpoint_service",
      "name": "sagemaker_runtime",
      "each": "list",
      "provider": "provider.aws",
      "instances": []
    },
    {
      "module": "module.my-eks-cluster.module.vpc",
      "mode": "data",
      "type": "aws_vpc_endpoint_service",
      "name": "secretsmanager",
      "each": "list",
      "provider": "provider.aws",
      "instances": []
    },
    {
      "module": "module.my-eks-cluster.module.vpc",
      "mode": "data",
      "type": "aws_vpc_endpoint_service",
      "name": "servicecatalog",
      "each": "list",
      "provider": "provider.aws",
      "instances": []
    },
    {
      "module": "module.my-eks-cluster.module.vpc",
      "mode": "data",
      "type": "aws_vpc_endpoint_service",
      "name": "sns",
      "each": "list",
      "provider": "provider.aws",
      "instances": []
    },
    {
      "module": "module.my-eks-cluster.module.vpc",
      "mode": "data",
      "type": "aws_vpc_endpoint_service",
      "name": "sqs",
      "each": "list",
      "provider": "provider.aws",
      "instances": []
    },
    {
      "module": "module.my-eks-cluster.module.vpc",
      "mode": "data",
      "type": "aws_vpc_endpoint_service",
      "name": "ssm",
      "each": "list",
      "provider": "provider.aws",
      "instances": []
    },
    {
      "module": "module.my-eks-cluster.module.vpc",
      "mode": "data",
      "type": "aws_vpc_endpoint_service",
      "name": "ssmmessages",
      "each": "list",
      "provider": "provider.aws",
      "instances": []
    },
    {
      "module": "module.my-eks-cluster.module.vpc",
      "mode": "data",
      "type": "aws_vpc_endpoint_service",
      "name": "storagegateway",
      "each": "list",
      "provider": "provider.aws",
      "instances": []
    },
    {
      "module": "module.my-eks-cluster.module.vpc",
      "mode": "data",
      "type": "aws_vpc_endpoint_service",
      "name": "sts",
      "each": "list",
      "provider": "provider.aws",
      "instances": []
    },
    {
      "module": "module.my-eks-cluster.module.vpc",
      "mode": "data",
      "type": "aws_vpc_endpoint_service",
      "name": "transfer",
      "each": "list",
      "provider": "provider.aws",
      "instances": []
    },
    {
      "module": "module.my-eks-cluster.module.vpc",
      "mode": "data",
      "type": "aws_vpc_endpoint_service",
      "name": "transferserver",
      "each": "list",
      "provider": "provider.aws",
      "instances": []
    },
    {
      "module": "module.my-eks-cluster.module.eks-cluster",
      "mode": "data",
      "type": "template_file",
      "name": "aws_authenticator_env_variables",
      "each": "list",
      "provider": "provider.template",
      "instances": [
        {
          "index_key": 0,
          "schema_version": 0,
          "attributes": {
            "filename": null,
            "id": "408f0de0629f9d6e0dfa1819556593f47169cd781a41b959b206a78b9e08f018",
            "rendered": "        - name: AWS_PROFILE\n          value: beancrunch\n",
            "template": "        - name: ${key}\n          value: ${value}\n",
            "vars": {
              "key": "AWS_PROFILE",
              "value": "beancrunch"
            }
          }
        }
      ]
    },
    {
      "module": "module.my-eks-cluster.module.eks-cluster",
      "mode": "data",
      "type": "template_file",
      "name": "config_map_aws_auth",
      "provider": "provider.template",
      "instances": [
        {
          "schema_version": 0,
          "attributes": {
            "filename": null,
            "id": "8c924bc740ddd588d95d56bf8525d0d4257ed2fb473eb2ef2c9e54513bdaed05",
            "rendered": "apiVersion: v1\nkind: ConfigMap\nmetadata:\n  name: aws-auth\n  namespace: kube-system\ndata:\n  mapRoles: |\n    - rolearn: arn:aws:iam::059773386095:role/dev-eks-cluster20200103172252754300000005\n      username: system:node:{{EC2PrivateDNSName}}\n      groups:\n        - system:bootstrappers\n        - system:nodes\n\n  \n  \n  \n",
            "template": "apiVersion: v1\nkind: ConfigMap\nmetadata:\n  name: aws-auth\n  namespace: kube-system\ndata:\n  mapRoles: |\n${worker_role_arn}\n  %{if chomp(map_roles) != \"[]\" }\n    ${indent(4, map_roles)}\n  %{ endif }\n  %{if chomp(map_users) != \"[]\" }\n  mapUsers: |\n    ${indent(4, map_users)}\n  %{ endif }\n  %{if chomp(map_accounts) != \"[]\" }\n  mapAccounts: |\n    ${indent(4, map_accounts)}\n  %{ endif }\n",
            "vars": {
              "map_accounts": "[]\n",
              "map_roles": "[]\n",
              "map_users": "[]\n",
              "worker_role_arn": "    - rolearn: arn:aws:iam::059773386095:role/dev-eks-cluster20200103172252754300000005\n      username: system:node:{{EC2PrivateDNSName}}\n      groups:\n        - system:bootstrappers\n        - system:nodes\n"
            }
          }
        }
      ]
    },
    {
      "module": "module.my-eks-cluster.module.eks-cluster",
      "mode": "data",
      "type": "template_file",
      "name": "kubeconfig",
      "provider": "provider.template",
      "instances": [
        {
          "schema_version": 0,
          "attributes": {
            "filename": null,
            "id": "7d84e17774b017ee2e38d6c190fe27ac0f82be20ffc59031e67256955a84dbb3",
            "rendered": "apiVersion: v1\npreferences: {}\nkind: Config\n\nclusters:\n- cluster:\n    server: https://BF2AA6978C0049A26A6E1419D0BD1BB5.sk1.eu-west-1.eks.amazonaws.com\n    certificate-authority-data: LS0tLS1CRUdJTiBDRVJUSUZJQ0FURS0tLS0tCk1JSUN5RENDQWJDZ0F3SUJBZ0lCQURBTkJna3Foa2lHOXcwQkFRc0ZBREFWTVJNd0VRWURWUVFERXdwcmRXSmwKY201bGRHVnpNQjRYRFRJd01ERXdNekUzTVRrek1Gb1hEVEk1TVRJek1URTNNVGt6TUZvd0ZURVRNQkVHQTFVRQpBeE1LYTNWaVpYSnVaWFJsY3pDQ0FTSXdEUVlKS29aSWh2Y05BUUVCQlFBRGdnRVBBRENDQVFvQ2dnRUJBT3FqCnFKSExRUWV5cTJSczBJYWhvR1p1RlRtYmR4TGY4Zkg5TjlXYUVRanM5eU01aUV2SU9RVDNYL1BNYnV5UC93R04KN3hBU250V1RLTmZxQUJ4cTZxSjM3LzNVaG9UcUp6WDBtWjJUM0VYWDdDdkhEa0FQL1MyL1RqcEVqZEVRTEdXcAoyMzV5K1N2MmthemNZMEdGTVhBVzRwWHF1R2hKWmQ4Y2V1aXB6NVoyS3YyMk1WV3dMM1dPanlRajgrZTdoYk9NCm43WVc2TmJLL2RoRjJzNTVLQ1p0VG93NGJXeHdCTU8zUElET2YxYXlVaDNwbGoxeGsxSko2ZnEwRzVxcHhzYnUKM0VUVkExQUhTTThGdXdTUFdqN2VsVE5pU2tKTjFLam1mOXA5NCtsNFJJY0NzR1VOOXZrZkNqVkFMVGl5NkpzWgo2c2RnRVVQdTBTa0VwaGE0eVhrQ0F3RUFBYU1qTUNFd0RnWURWUjBQQVFIL0JBUURBZ0trTUE4R0ExVWRFd0VCCi93UUZNQU1CQWY4d0RRWUpLb1pJaHZjTkFRRUxCUUFEZ2dFQkFHbUh0Si9Xcm4zVUlEQms4Z1NZY2JveEtQME4KOWJZdXc3NTNSZGdldVY3RCtPYzExQnFEelNUNzZBYWZlMUhRN0dpZFB2d1lDd3EvVnhNQW1EcjNCZUtmbHpVcgo0MFduMlZ4U05sdTJKa2pqRFdSYng5eDdMNjYwTWNJUnVHZ1ZEbnA0TkZZYWZhSDllMUIrYjJNa1FLbU1sUWQrCnpVNjJtYnRwRWZEaFBkUWNoZ0djOUJWeWtLMHl6VjZFVGlyNmVlbW1lUS9jaS96ZThMTWZxenNzK0J6WXVhQk8KT1pKeTlqeGJsVnl2YmM2Z1hTVXFSNEg4ZXdoM2tJc21YQ2t6bnlnSlZKRVVNVU1zWkphSS9wWDM2anVKVUNCTQpETy9hS3dqKzQ1K0FHNXJpUHpOUUpPQVJ5bUpjbmVLWU0rYjNsanNpUkttMmxyYjUzVnloNmJHNW1ROD0KLS0tLS1FTkQgQ0VSVElGSUNBVEUtLS0tLQo=\n  name: eks_dev-eks-cluster\n\ncontexts:\n- context:\n    cluster: eks_dev-eks-cluster\n    user: eks_dev-eks-cluster\n  name: eks_dev-eks-cluster\n\ncurrent-context: eks_dev-eks-cluster\n\nusers:\n- name: eks_dev-eks-cluster\n  user:\n    exec:\n      apiVersion: client.authentication.k8s.io/v1alpha1\n      command: aws-iam-authenticator\n      args:\n        - \"token\"\n        - \"-i\"\n        - \"dev-eks-cluster\"\n\n      env:\n        - name: AWS_PROFILE\n          value: beancrunch\n\n",
            "template": "apiVersion: v1\npreferences: {}\nkind: Config\n\nclusters:\n- cluster:\n    server: ${endpoint}\n    certificate-authority-data: ${cluster_auth_base64}\n  name: ${kubeconfig_name}\n\ncontexts:\n- context:\n    cluster: ${kubeconfig_name}\n    user: ${kubeconfig_name}\n  name: ${kubeconfig_name}\n\ncurrent-context: ${kubeconfig_name}\n\nusers:\n- name: ${kubeconfig_name}\n  user:\n    exec:\n      apiVersion: client.authentication.k8s.io/v1alpha1\n      command: ${aws_authenticator_command}\n      args:\n${aws_authenticator_command_args}\n${aws_authenticator_additional_args}\n${aws_authenticator_env_variables}\n",
            "vars": {
              "aws_authenticator_additional_args": "",
              "aws_authenticator_command": "aws-iam-authenticator",
              "aws_authenticator_command_args": "        - \"token\"\n        - \"-i\"\n        - \"dev-eks-cluster\"",
              "aws_authenticator_env_variables": "      env:\n        - name: AWS_PROFILE\n          value: beancrunch\n",
              "cluster_auth_base64": "LS0tLS1CRUdJTiBDRVJUSUZJQ0FURS0tLS0tCk1JSUN5RENDQWJDZ0F3SUJBZ0lCQURBTkJna3Foa2lHOXcwQkFRc0ZBREFWTVJNd0VRWURWUVFERXdwcmRXSmwKY201bGRHVnpNQjRYRFRJd01ERXdNekUzTVRrek1Gb1hEVEk1TVRJek1URTNNVGt6TUZvd0ZURVRNQkVHQTFVRQpBeE1LYTNWaVpYSnVaWFJsY3pDQ0FTSXdEUVlKS29aSWh2Y05BUUVCQlFBRGdnRVBBRENDQVFvQ2dnRUJBT3FqCnFKSExRUWV5cTJSczBJYWhvR1p1RlRtYmR4TGY4Zkg5TjlXYUVRanM5eU01aUV2SU9RVDNYL1BNYnV5UC93R04KN3hBU250V1RLTmZxQUJ4cTZxSjM3LzNVaG9UcUp6WDBtWjJUM0VYWDdDdkhEa0FQL1MyL1RqcEVqZEVRTEdXcAoyMzV5K1N2MmthemNZMEdGTVhBVzRwWHF1R2hKWmQ4Y2V1aXB6NVoyS3YyMk1WV3dMM1dPanlRajgrZTdoYk9NCm43WVc2TmJLL2RoRjJzNTVLQ1p0VG93NGJXeHdCTU8zUElET2YxYXlVaDNwbGoxeGsxSko2ZnEwRzVxcHhzYnUKM0VUVkExQUhTTThGdXdTUFdqN2VsVE5pU2tKTjFLam1mOXA5NCtsNFJJY0NzR1VOOXZrZkNqVkFMVGl5NkpzWgo2c2RnRVVQdTBTa0VwaGE0eVhrQ0F3RUFBYU1qTUNFd0RnWURWUjBQQVFIL0JBUURBZ0trTUE4R0ExVWRFd0VCCi93UUZNQU1CQWY4d0RRWUpLb1pJaHZjTkFRRUxCUUFEZ2dFQkFHbUh0Si9Xcm4zVUlEQms4Z1NZY2JveEtQME4KOWJZdXc3NTNSZGdldVY3RCtPYzExQnFEelNUNzZBYWZlMUhRN0dpZFB2d1lDd3EvVnhNQW1EcjNCZUtmbHpVcgo0MFduMlZ4U05sdTJKa2pqRFdSYng5eDdMNjYwTWNJUnVHZ1ZEbnA0TkZZYWZhSDllMUIrYjJNa1FLbU1sUWQrCnpVNjJtYnRwRWZEaFBkUWNoZ0djOUJWeWtLMHl6VjZFVGlyNmVlbW1lUS9jaS96ZThMTWZxenNzK0J6WXVhQk8KT1pKeTlqeGJsVnl2YmM2Z1hTVXFSNEg4ZXdoM2tJc21YQ2t6bnlnSlZKRVVNVU1zWkphSS9wWDM2anVKVUNCTQpETy9hS3dqKzQ1K0FHNXJpUHpOUUpPQVJ5bUpjbmVLWU0rYjNsanNpUkttMmxyYjUzVnloNmJHNW1ROD0KLS0tLS1FTkQgQ0VSVElGSUNBVEUtLS0tLQo=",
              "endpoint": "https://BF2AA6978C0049A26A6E1419D0BD1BB5.sk1.eu-west-1.eks.amazonaws.com",
              "kubeconfig_name": "eks_dev-eks-cluster"
            }
          }
        }
      ]
    },
    {
      "module": "module.my-eks-cluster.module.eks-cluster",
      "mode": "data",
      "type": "template_file",
      "name": "launch_template_userdata",
      "each": "list",
      "provider": "provider.template",
      "instances": []
    },
    {
      "module": "module.my-eks-cluster.module.eks-cluster",
      "mode": "data",
      "type": "template_file",
      "name": "launch_template_worker_role_arns",
      "each": "list",
      "provider": "provider.template",
      "instances": []
    },
    {
      "module": "module.my-eks-cluster.module.eks-cluster",
      "mode": "data",
      "type": "template_file",
      "name": "userdata",
      "each": "list",
      "provider": "provider.template",
      "instances": [
        {
          "index_key": 0,
          "schema_version": 0,
          "attributes": {
            "filename": null,
            "id": "fed7c83e09e72a87580665a521c6f7270f086aed15f9b57a5e0b001fd2570373",
            "rendered": "#!/bin/bash -xe\n\n# Allow user supplied pre userdata code\n\n\n# Bootstrap and join the cluster\n/etc/eks/bootstrap.sh --b64-cluster-ca 'LS0tLS1CRUdJTiBDRVJUSUZJQ0FURS0tLS0tCk1JSUN5RENDQWJDZ0F3SUJBZ0lCQURBTkJna3Foa2lHOXcwQkFRc0ZBREFWTVJNd0VRWURWUVFERXdwcmRXSmwKY201bGRHVnpNQjRYRFRJd01ERXdNekUzTVRrek1Gb1hEVEk1TVRJek1URTNNVGt6TUZvd0ZURVRNQkVHQTFVRQpBeE1LYTNWaVpYSnVaWFJsY3pDQ0FTSXdEUVlKS29aSWh2Y05BUUVCQlFBRGdnRVBBRENDQVFvQ2dnRUJBT3FqCnFKSExRUWV5cTJSczBJYWhvR1p1RlRtYmR4TGY4Zkg5TjlXYUVRanM5eU01aUV2SU9RVDNYL1BNYnV5UC93R04KN3hBU250V1RLTmZxQUJ4cTZxSjM3LzNVaG9UcUp6WDBtWjJUM0VYWDdDdkhEa0FQL1MyL1RqcEVqZEVRTEdXcAoyMzV5K1N2MmthemNZMEdGTVhBVzRwWHF1R2hKWmQ4Y2V1aXB6NVoyS3YyMk1WV3dMM1dPanlRajgrZTdoYk9NCm43WVc2TmJLL2RoRjJzNTVLQ1p0VG93NGJXeHdCTU8zUElET2YxYXlVaDNwbGoxeGsxSko2ZnEwRzVxcHhzYnUKM0VUVkExQUhTTThGdXdTUFdqN2VsVE5pU2tKTjFLam1mOXA5NCtsNFJJY0NzR1VOOXZrZkNqVkFMVGl5NkpzWgo2c2RnRVVQdTBTa0VwaGE0eVhrQ0F3RUFBYU1qTUNFd0RnWURWUjBQQVFIL0JBUURBZ0trTUE4R0ExVWRFd0VCCi93UUZNQU1CQWY4d0RRWUpLb1pJaHZjTkFRRUxCUUFEZ2dFQkFHbUh0Si9Xcm4zVUlEQms4Z1NZY2JveEtQME4KOWJZdXc3NTNSZGdldVY3RCtPYzExQnFEelNUNzZBYWZlMUhRN0dpZFB2d1lDd3EvVnhNQW1EcjNCZUtmbHpVcgo0MFduMlZ4U05sdTJKa2pqRFdSYng5eDdMNjYwTWNJUnVHZ1ZEbnA0TkZZYWZhSDllMUIrYjJNa1FLbU1sUWQrCnpVNjJtYnRwRWZEaFBkUWNoZ0djOUJWeWtLMHl6VjZFVGlyNmVlbW1lUS9jaS96ZThMTWZxenNzK0J6WXVhQk8KT1pKeTlqeGJsVnl2YmM2Z1hTVXFSNEg4ZXdoM2tJc21YQ2t6bnlnSlZKRVVNVU1zWkphSS9wWDM2anVKVUNCTQpETy9hS3dqKzQ1K0FHNXJpUHpOUUpPQVJ5bUpjbmVLWU0rYjNsanNpUkttMmxyYjUzVnloNmJHNW1ROD0KLS0tLS1FTkQgQ0VSVElGSUNBVEUtLS0tLQo=' --apiserver-endpoint 'https://BF2AA6978C0049A26A6E1419D0BD1BB5.sk1.eu-west-1.eks.amazonaws.com'  --kubelet-extra-args \"--node-labels=kubernetes.io/lifecycle=normal\" 'dev-eks-cluster'\n\n# Allow user supplied userdata code\n\n",
            "template": "#!/bin/bash -xe\n\n# Allow user supplied pre userdata code\n${pre_userdata}\n\n# Bootstrap and join the cluster\n/etc/eks/bootstrap.sh --b64-cluster-ca '${cluster_auth_base64}' --apiserver-endpoint '${endpoint}' ${bootstrap_extra_args} --kubelet-extra-args \"${kubelet_extra_args}\" '${cluster_name}'\n\n# Allow user supplied userdata code\n${additional_userdata}\n",
            "vars": {
              "additional_userdata": "",
              "bootstrap_extra_args": "",
              "cluster_auth_base64": "LS0tLS1CRUdJTiBDRVJUSUZJQ0FURS0tLS0tCk1JSUN5RENDQWJDZ0F3SUJBZ0lCQURBTkJna3Foa2lHOXcwQkFRc0ZBREFWTVJNd0VRWURWUVFERXdwcmRXSmwKY201bGRHVnpNQjRYRFRJd01ERXdNekUzTVRrek1Gb1hEVEk1TVRJek1URTNNVGt6TUZvd0ZURVRNQkVHQTFVRQpBeE1LYTNWaVpYSnVaWFJsY3pDQ0FTSXdEUVlKS29aSWh2Y05BUUVCQlFBRGdnRVBBRENDQVFvQ2dnRUJBT3FqCnFKSExRUWV5cTJSczBJYWhvR1p1RlRtYmR4TGY4Zkg5TjlXYUVRanM5eU01aUV2SU9RVDNYL1BNYnV5UC93R04KN3hBU250V1RLTmZxQUJ4cTZxSjM3LzNVaG9UcUp6WDBtWjJUM0VYWDdDdkhEa0FQL1MyL1RqcEVqZEVRTEdXcAoyMzV5K1N2MmthemNZMEdGTVhBVzRwWHF1R2hKWmQ4Y2V1aXB6NVoyS3YyMk1WV3dMM1dPanlRajgrZTdoYk9NCm43WVc2TmJLL2RoRjJzNTVLQ1p0VG93NGJXeHdCTU8zUElET2YxYXlVaDNwbGoxeGsxSko2ZnEwRzVxcHhzYnUKM0VUVkExQUhTTThGdXdTUFdqN2VsVE5pU2tKTjFLam1mOXA5NCtsNFJJY0NzR1VOOXZrZkNqVkFMVGl5NkpzWgo2c2RnRVVQdTBTa0VwaGE0eVhrQ0F3RUFBYU1qTUNFd0RnWURWUjBQQVFIL0JBUURBZ0trTUE4R0ExVWRFd0VCCi93UUZNQU1CQWY4d0RRWUpLb1pJaHZjTkFRRUxCUUFEZ2dFQkFHbUh0Si9Xcm4zVUlEQms4Z1NZY2JveEtQME4KOWJZdXc3NTNSZGdldVY3RCtPYzExQnFEelNUNzZBYWZlMUhRN0dpZFB2d1lDd3EvVnhNQW1EcjNCZUtmbHpVcgo0MFduMlZ4U05sdTJKa2pqRFdSYng5eDdMNjYwTWNJUnVHZ1ZEbnA0TkZZYWZhSDllMUIrYjJNa1FLbU1sUWQrCnpVNjJtYnRwRWZEaFBkUWNoZ0djOUJWeWtLMHl6VjZFVGlyNmVlbW1lUS9jaS96ZThMTWZxenNzK0J6WXVhQk8KT1pKeTlqeGJsVnl2YmM2Z1hTVXFSNEg4ZXdoM2tJc21YQ2t6bnlnSlZKRVVNVU1zWkphSS9wWDM2anVKVUNCTQpETy9hS3dqKzQ1K0FHNXJpUHpOUUpPQVJ5bUpjbmVLWU0rYjNsanNpUkttMmxyYjUzVnloNmJHNW1ROD0KLS0tLS1FTkQgQ0VSVElGSUNBVEUtLS0tLQo=",
              "cluster_name": "dev-eks-cluster",
              "endpoint": "https://BF2AA6978C0049A26A6E1419D0BD1BB5.sk1.eu-west-1.eks.amazonaws.com",
              "kubelet_extra_args": "--node-labels=kubernetes.io/lifecycle=normal",
              "platform": "linux",
              "pre_userdata": ""
            }
          }
        },
        {
          "index_key": 1,
          "schema_version": 0,
          "attributes": {
            "filename": null,
            "id": "b552816281e9783a51815bd463be5599e6c7c882585a2a40003585fcc900a277",
            "rendered": "#!/bin/bash -xe\n\n# Allow user supplied pre userdata code\n\n\n# Bootstrap and join the cluster\n/etc/eks/bootstrap.sh --b64-cluster-ca 'LS0tLS1CRUdJTiBDRVJUSUZJQ0FURS0tLS0tCk1JSUN5RENDQWJDZ0F3SUJBZ0lCQURBTkJna3Foa2lHOXcwQkFRc0ZBREFWTVJNd0VRWURWUVFERXdwcmRXSmwKY201bGRHVnpNQjRYRFRJd01ERXdNekUzTVRrek1Gb1hEVEk1TVRJek1URTNNVGt6TUZvd0ZURVRNQkVHQTFVRQpBeE1LYTNWaVpYSnVaWFJsY3pDQ0FTSXdEUVlKS29aSWh2Y05BUUVCQlFBRGdnRVBBRENDQVFvQ2dnRUJBT3FqCnFKSExRUWV5cTJSczBJYWhvR1p1RlRtYmR4TGY4Zkg5TjlXYUVRanM5eU01aUV2SU9RVDNYL1BNYnV5UC93R04KN3hBU250V1RLTmZxQUJ4cTZxSjM3LzNVaG9UcUp6WDBtWjJUM0VYWDdDdkhEa0FQL1MyL1RqcEVqZEVRTEdXcAoyMzV5K1N2MmthemNZMEdGTVhBVzRwWHF1R2hKWmQ4Y2V1aXB6NVoyS3YyMk1WV3dMM1dPanlRajgrZTdoYk9NCm43WVc2TmJLL2RoRjJzNTVLQ1p0VG93NGJXeHdCTU8zUElET2YxYXlVaDNwbGoxeGsxSko2ZnEwRzVxcHhzYnUKM0VUVkExQUhTTThGdXdTUFdqN2VsVE5pU2tKTjFLam1mOXA5NCtsNFJJY0NzR1VOOXZrZkNqVkFMVGl5NkpzWgo2c2RnRVVQdTBTa0VwaGE0eVhrQ0F3RUFBYU1qTUNFd0RnWURWUjBQQVFIL0JBUURBZ0trTUE4R0ExVWRFd0VCCi93UUZNQU1CQWY4d0RRWUpLb1pJaHZjTkFRRUxCUUFEZ2dFQkFHbUh0Si9Xcm4zVUlEQms4Z1NZY2JveEtQME4KOWJZdXc3NTNSZGdldVY3RCtPYzExQnFEelNUNzZBYWZlMUhRN0dpZFB2d1lDd3EvVnhNQW1EcjNCZUtmbHpVcgo0MFduMlZ4U05sdTJKa2pqRFdSYng5eDdMNjYwTWNJUnVHZ1ZEbnA0TkZZYWZhSDllMUIrYjJNa1FLbU1sUWQrCnpVNjJtYnRwRWZEaFBkUWNoZ0djOUJWeWtLMHl6VjZFVGlyNmVlbW1lUS9jaS96ZThMTWZxenNzK0J6WXVhQk8KT1pKeTlqeGJsVnl2YmM2Z1hTVXFSNEg4ZXdoM2tJc21YQ2t6bnlnSlZKRVVNVU1zWkphSS9wWDM2anVKVUNCTQpETy9hS3dqKzQ1K0FHNXJpUHpOUUpPQVJ5bUpjbmVLWU0rYjNsanNpUkttMmxyYjUzVnloNmJHNW1ROD0KLS0tLS1FTkQgQ0VSVElGSUNBVEUtLS0tLQo=' --apiserver-endpoint 'https://BF2AA6978C0049A26A6E1419D0BD1BB5.sk1.eu-west-1.eks.amazonaws.com'  --kubelet-extra-args \"--node-labels=kubernetes.io/lifecycle=spot\" 'dev-eks-cluster'\n\n# Allow user supplied userdata code\n\n",
            "template": "#!/bin/bash -xe\n\n# Allow user supplied pre userdata code\n${pre_userdata}\n\n# Bootstrap and join the cluster\n/etc/eks/bootstrap.sh --b64-cluster-ca '${cluster_auth_base64}' --apiserver-endpoint '${endpoint}' ${bootstrap_extra_args} --kubelet-extra-args \"${kubelet_extra_args}\" '${cluster_name}'\n\n# Allow user supplied userdata code\n${additional_userdata}\n",
            "vars": {
              "additional_userdata": "",
              "bootstrap_extra_args": "",
              "cluster_auth_base64": "LS0tLS1CRUdJTiBDRVJUSUZJQ0FURS0tLS0tCk1JSUN5RENDQWJDZ0F3SUJBZ0lCQURBTkJna3Foa2lHOXcwQkFRc0ZBREFWTVJNd0VRWURWUVFERXdwcmRXSmwKY201bGRHVnpNQjRYRFRJd01ERXdNekUzTVRrek1Gb1hEVEk1TVRJek1URTNNVGt6TUZvd0ZURVRNQkVHQTFVRQpBeE1LYTNWaVpYSnVaWFJsY3pDQ0FTSXdEUVlKS29aSWh2Y05BUUVCQlFBRGdnRVBBRENDQVFvQ2dnRUJBT3FqCnFKSExRUWV5cTJSczBJYWhvR1p1RlRtYmR4TGY4Zkg5TjlXYUVRanM5eU01aUV2SU9RVDNYL1BNYnV5UC93R04KN3hBU250V1RLTmZxQUJ4cTZxSjM3LzNVaG9UcUp6WDBtWjJUM0VYWDdDdkhEa0FQL1MyL1RqcEVqZEVRTEdXcAoyMzV5K1N2MmthemNZMEdGTVhBVzRwWHF1R2hKWmQ4Y2V1aXB6NVoyS3YyMk1WV3dMM1dPanlRajgrZTdoYk9NCm43WVc2TmJLL2RoRjJzNTVLQ1p0VG93NGJXeHdCTU8zUElET2YxYXlVaDNwbGoxeGsxSko2ZnEwRzVxcHhzYnUKM0VUVkExQUhTTThGdXdTUFdqN2VsVE5pU2tKTjFLam1mOXA5NCtsNFJJY0NzR1VOOXZrZkNqVkFMVGl5NkpzWgo2c2RnRVVQdTBTa0VwaGE0eVhrQ0F3RUFBYU1qTUNFd0RnWURWUjBQQVFIL0JBUURBZ0trTUE4R0ExVWRFd0VCCi93UUZNQU1CQWY4d0RRWUpLb1pJaHZjTkFRRUxCUUFEZ2dFQkFHbUh0Si9Xcm4zVUlEQms4Z1NZY2JveEtQME4KOWJZdXc3NTNSZGdldVY3RCtPYzExQnFEelNUNzZBYWZlMUhRN0dpZFB2d1lDd3EvVnhNQW1EcjNCZUtmbHpVcgo0MFduMlZ4U05sdTJKa2pqRFdSYng5eDdMNjYwTWNJUnVHZ1ZEbnA0TkZZYWZhSDllMUIrYjJNa1FLbU1sUWQrCnpVNjJtYnRwRWZEaFBkUWNoZ0djOUJWeWtLMHl6VjZFVGlyNmVlbW1lUS9jaS96ZThMTWZxenNzK0J6WXVhQk8KT1pKeTlqeGJsVnl2YmM2Z1hTVXFSNEg4ZXdoM2tJc21YQ2t6bnlnSlZKRVVNVU1zWkphSS9wWDM2anVKVUNCTQpETy9hS3dqKzQ1K0FHNXJpUHpOUUpPQVJ5bUpjbmVLWU0rYjNsanNpUkttMmxyYjUzVnloNmJHNW1ROD0KLS0tLS1FTkQgQ0VSVElGSUNBVEUtLS0tLQo=",
              "cluster_name": "dev-eks-cluster",
              "endpoint": "https://BF2AA6978C0049A26A6E1419D0BD1BB5.sk1.eu-west-1.eks.amazonaws.com",
              "kubelet_extra_args": "--node-labels=kubernetes.io/lifecycle=spot",
              "platform": "linux",
              "pre_userdata": ""
            }
          }
        }
      ]
    },
    {
      "module": "module.my-eks-cluster.module.eks-cluster",
      "mode": "data",
      "type": "template_file",
      "name": "worker_role_arns",
      "each": "list",
      "provider": "provider.template",
      "instances": [
        {
          "index_key": 0,
          "schema_version": 0,
          "attributes": {
            "filename": null,
            "id": "0280ee1f6659380e719b53ac383dae96980ef039e8c784b654aba6b67d5c1e3d",
            "rendered": "    - rolearn: arn:aws:iam::059773386095:role/dev-eks-cluster20200103172252754300000005\n      username: system:node:{{EC2PrivateDNSName}}\n      groups:\n        - system:bootstrappers\n        - system:nodes\n",
            "template": "    - rolearn: ${worker_role_arn}\n      username: system:node:{{EC2PrivateDNSName}}\n      groups:\n        - system:bootstrappers\n        - system:nodes\n        %{~ if platform == \"windows\" ~}\n        - eks:kube-proxy-windows\n        %{~ endif ~}\n",
            "vars": {
              "platform": "linux",
              "worker_role_arn": "arn:aws:iam::059773386095:role/dev-eks-cluster20200103172252754300000005"
            }
          }
        },
        {
          "index_key": 1,
          "schema_version": 0,
          "attributes": {
            "filename": null,
            "id": "0280ee1f6659380e719b53ac383dae96980ef039e8c784b654aba6b67d5c1e3d",
            "rendered": "    - rolearn: arn:aws:iam::059773386095:role/dev-eks-cluster20200103172252754300000005\n      username: system:node:{{EC2PrivateDNSName}}\n      groups:\n        - system:bootstrappers\n        - system:nodes\n",
            "template": "    - rolearn: ${worker_role_arn}\n      username: system:node:{{EC2PrivateDNSName}}\n      groups:\n        - system:bootstrappers\n        - system:nodes\n        %{~ if platform == \"windows\" ~}\n        - eks:kube-proxy-windows\n        %{~ endif ~}\n",
            "vars": {
              "platform": "linux",
              "worker_role_arn": "arn:aws:iam::059773386095:role/dev-eks-cluster20200103172252754300000005"
            }
          }
        }
      ]
    },
    {
      "module": "module.my-eks-cluster.module.eks-cluster",
      "mode": "managed",
      "type": "aws_autoscaling_group",
      "name": "workers",
      "each": "list",
      "provider": "provider.aws",
      "instances": [
        {
          "index_key": 0,
          "schema_version": 0,
          "attributes": {
            "arn": "arn:aws:autoscaling:eu-west-1:059773386095:autoScalingGroup:ab30eca6-eaf1-4f22-9538-39f841357c6e:autoScalingGroupName/dev-eks-cluster-on-demand-120200103172312350200000011",
            "availability_zones": [
              "eu-west-1a",
              "eu-west-1b",
              "eu-west-1c"
            ],
            "default_cooldown": 300,
            "desired_capacity": 0,
            "enabled_metrics": [
              "GroupDesiredCapacity",
              "GroupInServiceCapacity",
              "GroupInServiceInstances",
              "GroupMaxSize",
              "GroupMinSize",
              "GroupPendingCapacity",
              "GroupPendingInstances",
              "GroupStandbyCapacity",
              "GroupStandbyInstances",
              "GroupTerminatingCapacity",
              "GroupTerminatingInstances",
              "GroupTotalCapacity",
              "GroupTotalInstances"
            ],
            "force_delete": false,
            "health_check_grace_period": 300,
            "health_check_type": "EC2",
            "id": "dev-eks-cluster-on-demand-120200103172312350200000011",
            "initial_lifecycle_hook": [],
            "launch_configuration": "dev-eks-cluster-on-demand-12020010317225497640000000e",
            "launch_template": [],
            "load_balancers": [],
            "max_instance_lifetime": 0,
            "max_size": 3,
            "metrics_granularity": "1Minute",
            "min_elb_capacity": null,
            "min_size": 0,
            "mixed_instances_policy": [],
            "name": "dev-eks-cluster-on-demand-120200103172312350200000011",
            "name_prefix": "dev-eks-cluster-on-demand-1",
            "placement_group": "",
            "protect_from_scale_in": false,
            "service_linked_role_arn": "arn:aws:iam::059773386095:role/aws-service-role/autoscaling.amazonaws.com/AWSServiceRoleForAutoScaling",
            "suspended_processes": [
              "AZRebalance"
            ],
            "tag": [],
            "tags": [
              {
                "key": "Name",
                "propagate_at_launch": "true",
                "value": "dev-eks-cluster-on-demand-1-eks_asg"
              },
              {
                "key": "kubernetes.io/cluster/dev-eks-cluster",
                "propagate_at_launch": "true",
                "value": "owned"
              },
              {
                "key": "k8s.io/cluster/dev-eks-cluster",
                "propagate_at_launch": "true",
                "value": "owned"
              },
              {
                "key": "k8s.io/cluster-autoscaler/enabled",
                "propagate_at_launch": "false",
                "value": "true"
              },
              {
                "key": "k8s.io/cluster-autoscaler/dev-eks-cluster",
                "propagate_at_launch": "false",
                "value": "dev-eks-cluster"
              },
              {
                "key": "k8s.io/cluster-autoscaler/node-template/resources/ephemeral-storage",
                "propagate_at_launch": "false",
                "value": "100Gi"
              },
              {
                "key": "Environment",
                "propagate_at_launch": "true",
                "value": "dev"
              },
              {
                "key": "Terraform",
                "propagate_at_launch": "true",
                "value": "true"
              }
            ],
            "target_group_arns": [],
            "termination_policies": [],
            "timeouts": null,
            "vpc_zone_identifier": [
              "subnet-052acde88cae2e837",
              "subnet-074b17cbb32c2b8df",
              "subnet-0868b3c583f6f7b66",
              "subnet-0c98901de87c58f30",
              "subnet-0d6bd93cdb1ca5d59",
              "subnet-0e6b887cecdec91f0"
            ],
            "wait_for_capacity_timeout": "10m",
            "wait_for_elb_capacity": null
          },
          "private": "eyJlMmJmYjczMC1lY2FhLTExZTYtOGY4OC0zNDM2M2JjN2M0YzAiOnsiZGVsZXRlIjo2MDAwMDAwMDAwMDB9fQ==",
          "dependencies": [
            "module.my-eks-cluster.module.eks-cluster.aws_eks_cluster.this",
            "module.my-eks-cluster.module.eks-cluster.aws_launch_configuration.workers",
            "module.my-eks-cluster.module.eks-cluster.random_pet.workers",
            "module.my-eks-cluster.module.vpc.aws_subnet.private",
            "module.my-eks-cluster.module.vpc.aws_subnet.public"
          ]
        },
        {
          "index_key": 1,
          "schema_version": 0,
          "attributes": {
            "arn": "arn:aws:autoscaling:eu-west-1:059773386095:autoScalingGroup:34f496e2-f360-4de1-9ca1-e367e05d6a17:autoScalingGroupName/dev-eks-cluster-spot-120200103172312350200000010",
            "availability_zones": [
              "eu-west-1a",
              "eu-west-1b",
              "eu-west-1c"
            ],
            "default_cooldown": 300,
            "desired_capacity": 1,
            "enabled_metrics": [
              "GroupDesiredCapacity",
              "GroupInServiceCapacity",
              "GroupInServiceInstances",
              "GroupMaxSize",
              "GroupMinSize",
              "GroupPendingCapacity",
              "GroupPendingInstances",
              "GroupStandbyCapacity",
              "GroupStandbyInstances",
              "GroupTerminatingCapacity",
              "GroupTerminatingInstances",
              "GroupTotalCapacity",
              "GroupTotalInstances"
            ],
            "force_delete": false,
            "health_check_grace_period": 300,
            "health_check_type": "EC2",
            "id": "dev-eks-cluster-spot-120200103172312350200000010",
            "initial_lifecycle_hook": [],
            "launch_configuration": "dev-eks-cluster-spot-12020010317225502300000000f",
            "launch_template": [],
            "load_balancers": [],
            "max_instance_lifetime": 0,
            "max_size": 5,
            "metrics_granularity": "1Minute",
            "min_elb_capacity": null,
            "min_size": 1,
            "mixed_instances_policy": [],
            "name": "dev-eks-cluster-spot-120200103172312350200000010",
            "name_prefix": "dev-eks-cluster-spot-1",
            "placement_group": "",
            "protect_from_scale_in": false,
            "service_linked_role_arn": "arn:aws:iam::059773386095:role/aws-service-role/autoscaling.amazonaws.com/AWSServiceRoleForAutoScaling",
            "suspended_processes": [
              "AZRebalance"
            ],
            "tag": [],
            "tags": [
              {
                "key": "Name",
                "propagate_at_launch": "true",
                "value": "dev-eks-cluster-spot-1-eks_asg"
              },
              {
                "key": "kubernetes.io/cluster/dev-eks-cluster",
                "propagate_at_launch": "true",
                "value": "owned"
              },
              {
                "key": "k8s.io/cluster/dev-eks-cluster",
                "propagate_at_launch": "true",
                "value": "owned"
              },
              {
                "key": "k8s.io/cluster-autoscaler/enabled",
                "propagate_at_launch": "false",
                "value": "true"
              },
              {
                "key": "k8s.io/cluster-autoscaler/dev-eks-cluster",
                "propagate_at_launch": "false",
                "value": "dev-eks-cluster"
              },
              {
                "key": "k8s.io/cluster-autoscaler/node-template/resources/ephemeral-storage",
                "propagate_at_launch": "false",
                "value": "100Gi"
              },
              {
                "key": "Environment",
                "propagate_at_launch": "true",
                "value": "dev"
              },
              {
                "key": "Terraform",
                "propagate_at_launch": "true",
                "value": "true"
              }
            ],
            "target_group_arns": [],
            "termination_policies": [],
            "timeouts": null,
            "vpc_zone_identifier": [
              "subnet-052acde88cae2e837",
              "subnet-074b17cbb32c2b8df",
              "subnet-0868b3c583f6f7b66",
              "subnet-0c98901de87c58f30",
              "subnet-0d6bd93cdb1ca5d59",
              "subnet-0e6b887cecdec91f0"
            ],
            "wait_for_capacity_timeout": "10m",
            "wait_for_elb_capacity": null
          },
          "private": "eyJlMmJmYjczMC1lY2FhLTExZTYtOGY4OC0zNDM2M2JjN2M0YzAiOnsiZGVsZXRlIjo2MDAwMDAwMDAwMDB9fQ==",
          "dependencies": [
            "module.my-eks-cluster.module.eks-cluster.aws_cloudwatch_log_group.this",
            "module.my-eks-cluster.module.eks-cluster.aws_eks_cluster.this",
            "module.my-eks-cluster.module.eks-cluster.aws_iam_instance_profile.workers",
            "module.my-eks-cluster.module.eks-cluster.aws_iam_role.cluster",
            "module.my-eks-cluster.module.eks-cluster.aws_iam_role.workers",
            "module.my-eks-cluster.module.eks-cluster.aws_iam_role_policy_attachment.cluster_AmazonEKSClusterPolicy",
            "module.my-eks-cluster.module.eks-cluster.aws_iam_role_policy_attachment.cluster_AmazonEKSServicePolicy",
            "module.my-eks-cluster.module.eks-cluster.aws_launch_configuration.workers",
            "module.my-eks-cluster.module.eks-cluster.aws_security_group.cluster",
            "module.my-eks-cluster.module.eks-cluster.aws_security_group.workers",
            "module.my-eks-cluster.module.eks-cluster.random_pet.workers",
            "module.my-eks-cluster.module.vpc.aws_subnet.private",
            "module.my-eks-cluster.module.vpc.aws_subnet.public",
            "module.my-eks-cluster.module.vpc.aws_vpc.this",
            "module.my-eks-cluster.module.vpc.aws_vpc_ipv4_cidr_block_association.this"
          ]
        }
      ]
    },
    {
      "module": "module.my-eks-cluster.module.eks-cluster",
      "mode": "managed",
      "type": "aws_autoscaling_group",
      "name": "workers_launch_template",
      "each": "list",
      "provider": "provider.aws",
      "instances": []
    },
    {
      "module": "module.my-eks-cluster",
      "mode": "managed",
      "type": "aws_autoscaling_policy",
      "name": "eks-asg-cpu-tracking-40",
      "each": "list",
      "provider": "provider.aws",
      "instances": [
        {
          "index_key": 0,
          "schema_version": 0,
          "attributes": {
            "adjustment_type": "",
            "arn": "arn:aws:autoscaling:eu-west-1:059773386095:scalingPolicy:51ada38c-72ea-44f6-9441-673dc01e0b35:autoScalingGroupName/dev-eks-cluster-on-demand-120200103172312350200000011:policyName/eks-asg-cpu-tracking-40",
            "autoscaling_group_name": "dev-eks-cluster-on-demand-120200103172312350200000011",
            "cooldown": 0,
            "estimated_instance_warmup": 0,
            "id": "eks-asg-cpu-tracking-40",
            "metric_aggregation_type": "",
            "min_adjustment_magnitude": null,
            "min_adjustment_step": null,
            "name": "eks-asg-cpu-tracking-40",
            "policy_type": "TargetTrackingScaling",
            "scaling_adjustment": 0,
            "step_adjustment": [],
            "target_tracking_configuration": [
              {
                "customized_metric_specification": [],
                "disable_scale_in": false,
                "predefined_metric_specification": [
                  {
                    "predefined_metric_type": "ASGAverageCPUUtilization",
                    "resource_label": ""
                  }
                ],
                "target_value": 40
              }
            ]
          },
          "private": "bnVsbA==",
          "dependencies": [
            "module.my-eks-cluster.module.eks-cluster.aws_autoscaling_group.workers",
            "module.my-eks-cluster.module.eks-cluster.aws_autoscaling_group.workers_launch_template"
          ]
        },
        {
          "index_key": 1,
          "schema_version": 0,
          "attributes": {
            "adjustment_type": "",
            "arn": "arn:aws:autoscaling:eu-west-1:059773386095:scalingPolicy:8dde1edf-9200-462d-ae52-b8266c4dfcc2:autoScalingGroupName/dev-eks-cluster-spot-120200103172312350200000010:policyName/eks-asg-cpu-tracking-40",
            "autoscaling_group_name": "dev-eks-cluster-spot-120200103172312350200000010",
            "cooldown": 0,
            "estimated_instance_warmup": 0,
            "id": "eks-asg-cpu-tracking-40",
            "metric_aggregation_type": "",
            "min_adjustment_magnitude": null,
            "min_adjustment_step": null,
            "name": "eks-asg-cpu-tracking-40",
            "policy_type": "TargetTrackingScaling",
            "scaling_adjustment": 0,
            "step_adjustment": [],
            "target_tracking_configuration": [
              {
                "customized_metric_specification": [],
                "disable_scale_in": false,
                "predefined_metric_specification": [
                  {
                    "predefined_metric_type": "ASGAverageCPUUtilization",
                    "resource_label": ""
                  }
                ],
                "target_value": 40
              }
            ]
          },
          "private": "bnVsbA==",
          "dependencies": [
            "module.my-eks-cluster.module.eks-cluster.aws_autoscaling_group.workers",
            "module.my-eks-cluster.module.eks-cluster.aws_autoscaling_group.workers_launch_template"
          ]
        }
      ]
    },
    {
      "mode": "managed",
      "type": "aws_autoscaling_schedule",
      "name": "evening-stop",
      "provider": "provider.aws",
      "instances": [
        {
          "schema_version": 0,
          "attributes": {
            "arn": "arn:aws:autoscaling:eu-west-1:059773386095:scheduledUpdateGroupAction:533b62b2-0078-4ca1-ba28-ed47ad357dbd:autoScalingGroupName/dev-eks-cluster-spot-120200103172312350200000010:scheduledActionName/asg-evening-stop-schedule",
            "autoscaling_group_name": "dev-eks-cluster-spot-120200103172312350200000010",
            "desired_capacity": 0,
            "end_time": null,
            "id": "asg-evening-stop-schedule",
            "max_size": 0,
            "min_size": 0,
            "recurrence": "0 19 * * *",
            "scheduled_action_name": "asg-evening-stop-schedule",
            "start_time": "2020-01-03T19:00:00Z"
          },
          "private": "bnVsbA==",
          "dependencies": [
            "module.my-eks-cluster.module.eks-cluster.aws_autoscaling_group.workers",
            "module.my-eks-cluster.module.eks-cluster.aws_autoscaling_group.workers_launch_template"
          ]
        }
      ]
    },
    {
      "mode": "managed",
      "type": "aws_autoscaling_schedule",
      "name": "morning-start",
      "provider": "provider.aws",
      "instances": [
        {
          "schema_version": 0,
          "attributes": {
            "arn": "arn:aws:autoscaling:eu-west-1:059773386095:scheduledUpdateGroupAction:5fae8a62-a5e9-4c47-8735-6ebdfd09b372:autoScalingGroupName/dev-eks-cluster-spot-120200103172312350200000010:scheduledActionName/asg-morning-start-schedule",
            "autoscaling_group_name": "dev-eks-cluster-spot-120200103172312350200000010",
            "desired_capacity": 1,
            "end_time": null,
            "id": "asg-morning-start-schedule",
            "max_size": 5,
            "min_size": 1,
            "recurrence": "0 8 * * MON-FRI",
            "scheduled_action_name": "asg-morning-start-schedule",
            "start_time": "2020-01-06T08:00:00Z"
          },
          "private": "bnVsbA==",
          "dependencies": [
            "module.my-eks-cluster.module.eks-cluster.aws_autoscaling_group.workers",
            "module.my-eks-cluster.module.eks-cluster.aws_autoscaling_group.workers_launch_template"
          ]
        }
      ]
    },
    {
      "module": "module.my-eks-cluster.module.eks-cluster",
      "mode": "managed",
      "type": "aws_cloudwatch_log_group",
      "name": "this",
      "each": "list",
      "provider": "provider.aws",
      "instances": []
    },
    {
      "module": "module.my-eks-cluster.module.vpc",
      "mode": "managed",
      "type": "aws_customer_gateway",
      "name": "this",
      "each": "map",
      "provider": "provider.aws",
      "instances": []
    },
    {
      "module": "module.my-eks-cluster.module.vpc",
      "mode": "managed",
      "type": "aws_db_subnet_group",
      "name": "database",
      "each": "list",
      "provider": "provider.aws",
      "instances": []
    },
    {
      "module": "module.my-eks-cluster.module.vpc",
      "mode": "managed",
      "type": "aws_default_network_acl",
      "name": "this",
      "each": "list",
      "provider": "provider.aws",
      "instances": []
    },
    {
      "module": "module.my-eks-cluster.module.vpc",
      "mode": "managed",
      "type": "aws_default_vpc",
      "name": "this",
      "each": "list",
      "provider": "provider.aws",
      "instances": []
    },
    {
      "module": "module.my-eks-cluster.module.vpc",
      "mode": "managed",
      "type": "aws_egress_only_internet_gateway",
      "name": "this",
      "each": "list",
      "provider": "provider.aws",
      "instances": []
    },
    {
      "module": "module.my-eks-cluster.module.vpc",
      "mode": "managed",
      "type": "aws_eip",
      "name": "nat",
      "each": "list",
      "provider": "provider.aws",
      "instances": [
        {
          "index_key": 0,
          "schema_version": 0,
          "attributes": {
            "allocation_id": null,
            "associate_with_private_ip": null,
            "association_id": "eipassoc-0b45ea87bb43a849f",
            "domain": "vpc",
            "id": "eipalloc-0c28763a9f0c6e4c0",
            "instance": "",
            "network_interface": "eni-096874993833d19a9",
            "private_dns": "ip-10-0-101-16.eu-west-1.compute.internal",
            "private_ip": "10.0.101.16",
            "public_dns": "ec2-63-35-3-191.eu-west-1.compute.amazonaws.com",
            "public_ip": "63.35.3.191",
            "public_ipv4_pool": "amazon",
            "tags": {
              "Environment": "dev",
              "Name": "dev-vpc-eu-west-1a",
              "Terraform": "true"
            },
            "timeouts": null,
            "vpc": true
          },
          "private": "eyJlMmJmYjczMC1lY2FhLTExZTYtOGY4OC0zNDM2M2JjN2M0YzAiOnsiZGVsZXRlIjoxODAwMDAwMDAwMDAsInJlYWQiOjkwMDAwMDAwMDAwMCwidXBkYXRlIjozMDAwMDAwMDAwMDB9fQ=="
        },
        {
          "index_key": 1,
          "schema_version": 0,
          "attributes": {
            "allocation_id": null,
            "associate_with_private_ip": null,
            "association_id": "eipassoc-0a7c3fa2ebbe09901",
            "domain": "vpc",
            "id": "eipalloc-03a4bebfc4a1d5bb9",
            "instance": "",
            "network_interface": "eni-0e34aa3e568eedebb",
            "private_dns": "ip-10-0-102-37.eu-west-1.compute.internal",
            "private_ip": "10.0.102.37",
            "public_dns": "ec2-18-200-129-41.eu-west-1.compute.amazonaws.com",
            "public_ip": "18.200.129.41",
            "public_ipv4_pool": "amazon",
            "tags": {
              "Environment": "dev",
              "Name": "dev-vpc-eu-west-1b",
              "Terraform": "true"
            },
            "timeouts": null,
            "vpc": true
          },
          "private": "eyJlMmJmYjczMC1lY2FhLTExZTYtOGY4OC0zNDM2M2JjN2M0YzAiOnsiZGVsZXRlIjoxODAwMDAwMDAwMDAsInJlYWQiOjkwMDAwMDAwMDAwMCwidXBkYXRlIjozMDAwMDAwMDAwMDB9fQ=="
        },
        {
          "index_key": 2,
          "schema_version": 0,
          "attributes": {
            "allocation_id": null,
            "associate_with_private_ip": null,
            "association_id": "eipassoc-0f0adffd02ae7e0b9",
            "domain": "vpc",
            "id": "eipalloc-03833a2d56401f4c1",
            "instance": "",
            "network_interface": "eni-0c44cc9510994c402",
            "private_dns": "ip-10-0-103-34.eu-west-1.compute.internal",
            "private_ip": "10.0.103.34",
            "public_dns": "ec2-34-246-226-91.eu-west-1.compute.amazonaws.com",
            "public_ip": "34.246.226.91",
            "public_ipv4_pool": "amazon",
            "tags": {
              "Environment": "dev",
              "Name": "dev-vpc-eu-west-1c",
              "Terraform": "true"
            },
            "timeouts": null,
            "vpc": true
          },
          "private": "eyJlMmJmYjczMC1lY2FhLTExZTYtOGY4OC0zNDM2M2JjN2M0YzAiOnsiZGVsZXRlIjoxODAwMDAwMDAwMDAsInJlYWQiOjkwMDAwMDAwMDAwMCwidXBkYXRlIjozMDAwMDAwMDAwMDB9fQ=="
        }
      ]
    },
    {
      "module": "module.my-eks-cluster.module.eks-cluster",
      "mode": "managed",
      "type": "aws_eks_cluster",
      "name": "this",
      "provider": "provider.aws",
      "instances": [
        {
          "schema_version": 0,
          "attributes": {
            "arn": "arn:aws:eks:eu-west-1:059773386095:cluster/dev-eks-cluster",
            "certificate_authority": [
              {
                "data": "LS0tLS1CRUdJTiBDRVJUSUZJQ0FURS0tLS0tCk1JSUN5RENDQWJDZ0F3SUJBZ0lCQURBTkJna3Foa2lHOXcwQkFRc0ZBREFWTVJNd0VRWURWUVFERXdwcmRXSmwKY201bGRHVnpNQjRYRFRJd01ERXdNekUzTVRrek1Gb1hEVEk1TVRJek1URTNNVGt6TUZvd0ZURVRNQkVHQTFVRQpBeE1LYTNWaVpYSnVaWFJsY3pDQ0FTSXdEUVlKS29aSWh2Y05BUUVCQlFBRGdnRVBBRENDQVFvQ2dnRUJBT3FqCnFKSExRUWV5cTJSczBJYWhvR1p1RlRtYmR4TGY4Zkg5TjlXYUVRanM5eU01aUV2SU9RVDNYL1BNYnV5UC93R04KN3hBU250V1RLTmZxQUJ4cTZxSjM3LzNVaG9UcUp6WDBtWjJUM0VYWDdDdkhEa0FQL1MyL1RqcEVqZEVRTEdXcAoyMzV5K1N2MmthemNZMEdGTVhBVzRwWHF1R2hKWmQ4Y2V1aXB6NVoyS3YyMk1WV3dMM1dPanlRajgrZTdoYk9NCm43WVc2TmJLL2RoRjJzNTVLQ1p0VG93NGJXeHdCTU8zUElET2YxYXlVaDNwbGoxeGsxSko2ZnEwRzVxcHhzYnUKM0VUVkExQUhTTThGdXdTUFdqN2VsVE5pU2tKTjFLam1mOXA5NCtsNFJJY0NzR1VOOXZrZkNqVkFMVGl5NkpzWgo2c2RnRVVQdTBTa0VwaGE0eVhrQ0F3RUFBYU1qTUNFd0RnWURWUjBQQVFIL0JBUURBZ0trTUE4R0ExVWRFd0VCCi93UUZNQU1CQWY4d0RRWUpLb1pJaHZjTkFRRUxCUUFEZ2dFQkFHbUh0Si9Xcm4zVUlEQms4Z1NZY2JveEtQME4KOWJZdXc3NTNSZGdldVY3RCtPYzExQnFEelNUNzZBYWZlMUhRN0dpZFB2d1lDd3EvVnhNQW1EcjNCZUtmbHpVcgo0MFduMlZ4U05sdTJKa2pqRFdSYng5eDdMNjYwTWNJUnVHZ1ZEbnA0TkZZYWZhSDllMUIrYjJNa1FLbU1sUWQrCnpVNjJtYnRwRWZEaFBkUWNoZ0djOUJWeWtLMHl6VjZFVGlyNmVlbW1lUS9jaS96ZThMTWZxenNzK0J6WXVhQk8KT1pKeTlqeGJsVnl2YmM2Z1hTVXFSNEg4ZXdoM2tJc21YQ2t6bnlnSlZKRVVNVU1zWkphSS9wWDM2anVKVUNCTQpETy9hS3dqKzQ1K0FHNXJpUHpOUUpPQVJ5bUpjbmVLWU0rYjNsanNpUkttMmxyYjUzVnloNmJHNW1ROD0KLS0tLS1FTkQgQ0VSVElGSUNBVEUtLS0tLQo="
              }
            ],
            "created_at": "2020-01-03 17:11:16 +0000 UTC",
            "enabled_cluster_log_types": [],
            "endpoint": "https://BF2AA6978C0049A26A6E1419D0BD1BB5.sk1.eu-west-1.eks.amazonaws.com",
            "id": "dev-eks-cluster",
            "identity": [
              {
                "oidc": [
                  {
                    "issuer": "https://oidc.eks.eu-west-1.amazonaws.com/id/BF2AA6978C0049A26A6E1419D0BD1BB5"
                  }
                ]
              }
            ],
            "name": "dev-eks-cluster",
            "platform_version": "eks.7",
            "role_arn": "arn:aws:iam::059773386095:role/dev-eks-cluster20200103171101409100000001",
            "status": "ACTIVE",
            "tags": {
              "Environment": "dev",
              "Terraform": "true"
            },
            "timeouts": {
              "create": "15m",
              "delete": "15m",
              "update": null
            },
            "version": "1.14",
            "vpc_config": [
              {
                "cluster_security_group_id": "sg-0160c85a10a4aa1d3",
                "endpoint_private_access": false,
                "endpoint_public_access": true,
                "security_group_ids": [
                  "sg-025d830711c8b0bf5"
                ],
                "subnet_ids": [
                  "subnet-052acde88cae2e837",
                  "subnet-074b17cbb32c2b8df",
                  "subnet-0868b3c583f6f7b66",
                  "subnet-0c98901de87c58f30",
                  "subnet-0d6bd93cdb1ca5d59",
                  "subnet-0e6b887cecdec91f0"
                ],
                "vpc_id": "vpc-069debd61967b28b7"
              }
            ]
          },
          "private": "eyJlMmJmYjczMC1lY2FhLTExZTYtOGY4OC0zNDM2M2JjN2M0YzAiOnsiY3JlYXRlIjo5MDAwMDAwMDAwMDAsImRlbGV0ZSI6OTAwMDAwMDAwMDAwLCJ1cGRhdGUiOjM2MDAwMDAwMDAwMDB9fQ==",
          "dependencies": [
            "module.my-eks-cluster.module.eks-cluster.aws_cloudwatch_log_group.this",
            "module.my-eks-cluster.module.eks-cluster.aws_iam_role.cluster",
            "module.my-eks-cluster.module.eks-cluster.aws_iam_role_policy_attachment.cluster_AmazonEKSClusterPolicy",
            "module.my-eks-cluster.module.eks-cluster.aws_iam_role_policy_attachment.cluster_AmazonEKSServicePolicy",
            "module.my-eks-cluster.module.eks-cluster.aws_security_group.cluster",
            "module.my-eks-cluster.module.vpc.aws_subnet.private",
            "module.my-eks-cluster.module.vpc.aws_subnet.public",
            "module.my-eks-cluster.module.vpc.aws_vpc.this",
            "module.my-eks-cluster.module.vpc.aws_vpc_ipv4_cidr_block_association.this"
          ]
        }
      ]
    },
    {
      "module": "module.my-eks-cluster.module.vpc",
      "mode": "managed",
      "type": "aws_elasticache_subnet_group",
      "name": "elasticache",
      "each": "list",
      "provider": "provider.aws",
      "instances": []
    },
    {
      "module": "module.my-eks-cluster.module.eks-cluster",
      "mode": "managed",
      "type": "aws_iam_instance_profile",
      "name": "workers",
      "each": "list",
      "provider": "provider.aws",
      "instances": [
        {
          "index_key": 0,
          "schema_version": 0,
          "attributes": {
            "arn": "arn:aws:iam::059773386095:instance-profile/dev-eks-cluster20200103172253534900000009",
            "create_date": "2020-01-03T17:22:55Z",
            "id": "dev-eks-cluster20200103172253534900000009",
            "name": "dev-eks-cluster20200103172253534900000009",
            "name_prefix": "dev-eks-cluster",
            "path": "/",
            "role": "dev-eks-cluster20200103172252754300000005",
            "roles": [
              "dev-eks-cluster20200103172252754300000005"
            ],
            "unique_id": "AIPAQ32WFPVXQERSTYMJY"
          },
          "private": "bnVsbA==",
          "dependencies": [
            "module.my-eks-cluster.module.eks-cluster.aws_cloudwatch_log_group.this",
            "module.my-eks-cluster.module.eks-cluster.aws_eks_cluster.this",
            "module.my-eks-cluster.module.eks-cluster.aws_iam_role.cluster",
            "module.my-eks-cluster.module.eks-cluster.aws_iam_role.workers",
            "module.my-eks-cluster.module.eks-cluster.aws_iam_role_policy_attachment.cluster_AmazonEKSClusterPolicy",
            "module.my-eks-cluster.module.eks-cluster.aws_iam_role_policy_attachment.cluster_AmazonEKSServicePolicy",
            "module.my-eks-cluster.module.eks-cluster.aws_security_group.cluster",
            "module.my-eks-cluster.module.vpc.aws_subnet.private",
            "module.my-eks-cluster.module.vpc.aws_subnet.public",
            "module.my-eks-cluster.module.vpc.aws_vpc.this",
            "module.my-eks-cluster.module.vpc.aws_vpc_ipv4_cidr_block_association.this"
          ]
        },
        {
          "index_key": 1,
          "schema_version": 0,
          "attributes": {
            "arn": "arn:aws:iam::059773386095:instance-profile/dev-eks-cluster20200103172253532700000008",
            "create_date": "2020-01-03T17:22:55Z",
            "id": "dev-eks-cluster20200103172253532700000008",
            "name": "dev-eks-cluster20200103172253532700000008",
            "name_prefix": "dev-eks-cluster",
            "path": "/",
            "role": "dev-eks-cluster20200103172252754300000005",
            "roles": [
              "dev-eks-cluster20200103172252754300000005"
            ],
            "unique_id": "AIPAQ32WFPVXQTWGSOUQ3"
          },
          "private": "bnVsbA==",
          "dependencies": [
            "module.my-eks-cluster.module.eks-cluster.aws_cloudwatch_log_group.this",
            "module.my-eks-cluster.module.eks-cluster.aws_eks_cluster.this",
            "module.my-eks-cluster.module.eks-cluster.aws_iam_role.cluster",
            "module.my-eks-cluster.module.eks-cluster.aws_iam_role.workers",
            "module.my-eks-cluster.module.eks-cluster.aws_iam_role_policy_attachment.cluster_AmazonEKSClusterPolicy",
            "module.my-eks-cluster.module.eks-cluster.aws_iam_role_policy_attachment.cluster_AmazonEKSServicePolicy",
            "module.my-eks-cluster.module.eks-cluster.aws_security_group.cluster",
            "module.my-eks-cluster.module.vpc.aws_subnet.private",
            "module.my-eks-cluster.module.vpc.aws_subnet.public",
            "module.my-eks-cluster.module.vpc.aws_vpc.this",
            "module.my-eks-cluster.module.vpc.aws_vpc_ipv4_cidr_block_association.this"
          ]
        }
      ]
    },
    {
      "module": "module.my-eks-cluster.module.eks-cluster",
      "mode": "managed",
      "type": "aws_iam_instance_profile",
      "name": "workers_launch_template",
      "each": "list",
      "provider": "provider.aws",
      "instances": []
    },
    {
      "module": "module.my-eks-cluster.module.eks-cluster",
      "mode": "managed",
      "type": "aws_iam_policy",
      "name": "worker_autoscaling",
      "each": "list",
      "provider": "provider.aws",
      "instances": [
        {
          "index_key": 0,
          "schema_version": 0,
          "attributes": {
            "arn": "arn:aws:iam::059773386095:policy/eks-worker-autoscaling-dev-eks-cluster20200103172252820800000007",
            "description": "EKS worker node autoscaling policy for cluster dev-eks-cluster",
            "id": "arn:aws:iam::059773386095:policy/eks-worker-autoscaling-dev-eks-cluster20200103172252820800000007",
            "name": "eks-worker-autoscaling-dev-eks-cluster20200103172252820800000007",
            "name_prefix": "eks-worker-autoscaling-dev-eks-cluster",
            "path": "/",
            "policy": "{\n  \"Version\": \"2012-10-17\",\n  \"Statement\": [\n    {\n      \"Sid\": \"eksWorkerAutoscalingAll\",\n      \"Effect\": \"Allow\",\n      \"Action\": [\n        \"ec2:DescribeLaunchTemplateVersions\",\n        \"autoscaling:DescribeTags\",\n        \"autoscaling:DescribeLaunchConfigurations\",\n        \"autoscaling:DescribeAutoScalingInstances\",\n        \"autoscaling:DescribeAutoScalingGroups\"\n      ],\n      \"Resource\": \"*\"\n    },\n    {\n      \"Sid\": \"eksWorkerAutoscalingOwn\",\n      \"Effect\": \"Allow\",\n      \"Action\": [\n        \"autoscaling:UpdateAutoScalingGroup\",\n        \"autoscaling:TerminateInstanceInAutoScalingGroup\",\n        \"autoscaling:SetDesiredCapacity\"\n      ],\n      \"Resource\": \"*\",\n      \"Condition\": {\n        \"StringEquals\": {\n          \"autoscaling:ResourceTag/k8s.io/cluster-autoscaler/enabled\": \"true\",\n          \"autoscaling:ResourceTag/kubernetes.io/cluster/dev-eks-cluster\": \"owned\"\n        }\n      }\n    }\n  ]\n}"
          },
          "private": "bnVsbA==",
          "dependencies": [
            "module.my-eks-cluster.module.eks-cluster.aws_cloudwatch_log_group.this",
            "module.my-eks-cluster.module.eks-cluster.aws_eks_cluster.this",
            "module.my-eks-cluster.module.eks-cluster.aws_iam_role.cluster",
            "module.my-eks-cluster.module.eks-cluster.aws_iam_role_policy_attachment.cluster_AmazonEKSClusterPolicy",
            "module.my-eks-cluster.module.eks-cluster.aws_iam_role_policy_attachment.cluster_AmazonEKSServicePolicy",
            "module.my-eks-cluster.module.eks-cluster.aws_security_group.cluster",
            "module.my-eks-cluster.module.vpc.aws_subnet.private",
            "module.my-eks-cluster.module.vpc.aws_subnet.public",
            "module.my-eks-cluster.module.vpc.aws_vpc.this",
            "module.my-eks-cluster.module.vpc.aws_vpc_ipv4_cidr_block_association.this"
          ]
        }
      ]
    },
    {
      "module": "module.my-eks-cluster.module.eks-cluster",
      "mode": "managed",
      "type": "aws_iam_role",
      "name": "cluster",
      "each": "list",
      "provider": "provider.aws",
      "instances": [
        {
          "index_key": 0,
          "schema_version": 0,
          "attributes": {
            "arn": "arn:aws:iam::059773386095:role/dev-eks-cluster20200103171101409100000001",
            "assume_role_policy": "{\"Version\":\"2012-10-17\",\"Statement\":[{\"Sid\":\"EKSClusterAssumeRole\",\"Effect\":\"Allow\",\"Principal\":{\"Service\":\"eks.amazonaws.com\"},\"Action\":\"sts:AssumeRole\"}]}",
            "create_date": "2020-01-03T17:11:03Z",
            "description": "",
            "force_detach_policies": true,
            "id": "dev-eks-cluster20200103171101409100000001",
            "max_session_duration": 3600,
            "name": "dev-eks-cluster20200103171101409100000001",
            "name_prefix": "dev-eks-cluster",
            "path": "/",
            "permissions_boundary": null,
            "tags": {
              "Environment": "dev",
              "Terraform": "true"
            },
            "unique_id": "AROAQ32WFPVX6HAABOWMK"
          },
          "private": "bnVsbA=="
        }
      ]
    },
    {
      "module": "module.my-eks-cluster.module.eks-cluster",
      "mode": "managed",
      "type": "aws_iam_role",
      "name": "workers",
      "each": "list",
      "provider": "provider.aws",
      "instances": [
        {
          "index_key": 0,
          "schema_version": 0,
          "attributes": {
            "arn": "arn:aws:iam::059773386095:role/dev-eks-cluster20200103172252754300000005",
            "assume_role_policy": "{\"Version\":\"2012-10-17\",\"Statement\":[{\"Sid\":\"EKSWorkerAssumeRole\",\"Effect\":\"Allow\",\"Principal\":{\"Service\":\"ec2.amazonaws.com\"},\"Action\":\"sts:AssumeRole\"}]}",
            "create_date": "2020-01-03T17:22:54Z",
            "description": "",
            "force_detach_policies": true,
            "id": "dev-eks-cluster20200103172252754300000005",
            "max_session_duration": 3600,
            "name": "dev-eks-cluster20200103172252754300000005",
            "name_prefix": "dev-eks-cluster",
            "path": "/",
            "permissions_boundary": null,
            "tags": {
              "Environment": "dev",
              "Terraform": "true"
            },
            "unique_id": "AROAQ32WFPVXX23QQBSS7"
          },
          "private": "bnVsbA==",
          "dependencies": [
            "module.my-eks-cluster.module.eks-cluster.aws_cloudwatch_log_group.this",
            "module.my-eks-cluster.module.eks-cluster.aws_eks_cluster.this",
            "module.my-eks-cluster.module.eks-cluster.aws_iam_role.cluster",
            "module.my-eks-cluster.module.eks-cluster.aws_iam_role_policy_attachment.cluster_AmazonEKSClusterPolicy",
            "module.my-eks-cluster.module.eks-cluster.aws_iam_role_policy_attachment.cluster_AmazonEKSServicePolicy",
            "module.my-eks-cluster.module.eks-cluster.aws_security_group.cluster",
            "module.my-eks-cluster.module.vpc.aws_subnet.private",
            "module.my-eks-cluster.module.vpc.aws_subnet.public",
            "module.my-eks-cluster.module.vpc.aws_vpc.this",
            "module.my-eks-cluster.module.vpc.aws_vpc_ipv4_cidr_block_association.this"
          ]
        }
      ]
    },
    {
      "module": "module.my-eks-cluster.module.eks-cluster",
      "mode": "managed",
      "type": "aws_iam_role_policy_attachment",
      "name": "cluster_AmazonEKSClusterPolicy",
      "each": "list",
      "provider": "provider.aws",
      "instances": [
        {
          "index_key": 0,
          "schema_version": 0,
          "attributes": {
            "id": "dev-eks-cluster20200103171101409100000001-20200103171102573300000002",
            "policy_arn": "arn:aws:iam::aws:policy/AmazonEKSClusterPolicy",
            "role": "dev-eks-cluster20200103171101409100000001"
          },
          "private": "bnVsbA==",
          "dependencies": [
            "module.my-eks-cluster.module.eks-cluster.aws_iam_role.cluster"
          ]
        }
      ]
    },
    {
      "module": "module.my-eks-cluster.module.eks-cluster",
      "mode": "managed",
      "type": "aws_iam_role_policy_attachment",
      "name": "cluster_AmazonEKSServicePolicy",
      "each": "list",
      "provider": "provider.aws",
      "instances": [
        {
          "index_key": 0,
          "schema_version": 0,
          "attributes": {
            "id": "dev-eks-cluster20200103171101409100000001-20200103171102598100000003",
            "policy_arn": "arn:aws:iam::aws:policy/AmazonEKSServicePolicy",
            "role": "dev-eks-cluster20200103171101409100000001"
          },
          "private": "bnVsbA==",
          "dependencies": [
            "module.my-eks-cluster.module.eks-cluster.aws_iam_role.cluster"
          ]
        }
      ]
    },
    {
      "module": "module.my-eks-cluster.module.eks-cluster",
      "mode": "managed",
      "type": "aws_iam_role_policy_attachment",
      "name": "workers_AmazonEC2ContainerRegistryReadOnly",
      "each": "list",
      "provider": "provider.aws",
      "instances": [
        {
          "index_key": 0,
          "schema_version": 0,
          "attributes": {
            "id": "dev-eks-cluster20200103172252754300000005-2020010317225395720000000b",
            "policy_arn": "arn:aws:iam::aws:policy/AmazonEC2ContainerRegistryReadOnly",
            "role": "dev-eks-cluster20200103172252754300000005"
          },
          "private": "bnVsbA==",
          "dependencies": [
            "module.my-eks-cluster.module.eks-cluster.aws_cloudwatch_log_group.this",
            "module.my-eks-cluster.module.eks-cluster.aws_eks_cluster.this",
            "module.my-eks-cluster.module.eks-cluster.aws_iam_role.cluster",
            "module.my-eks-cluster.module.eks-cluster.aws_iam_role.workers",
            "module.my-eks-cluster.module.eks-cluster.aws_iam_role_policy_attachment.cluster_AmazonEKSClusterPolicy",
            "module.my-eks-cluster.module.eks-cluster.aws_iam_role_policy_attachment.cluster_AmazonEKSServicePolicy",
            "module.my-eks-cluster.module.eks-cluster.aws_security_group.cluster",
            "module.my-eks-cluster.module.vpc.aws_subnet.private",
            "module.my-eks-cluster.module.vpc.aws_subnet.public",
            "module.my-eks-cluster.module.vpc.aws_vpc.this",
            "module.my-eks-cluster.module.vpc.aws_vpc_ipv4_cidr_block_association.this"
          ]
        }
      ]
    },
    {
      "module": "module.my-eks-cluster.module.eks-cluster",
      "mode": "managed",
      "type": "aws_iam_role_policy_attachment",
      "name": "workers_AmazonEKSWorkerNodePolicy",
      "each": "list",
      "provider": "provider.aws",
      "instances": [
        {
          "index_key": 0,
          "schema_version": 0,
          "attributes": {
            "id": "dev-eks-cluster20200103172252754300000005-2020010317225396600000000c",
            "policy_arn": "arn:aws:iam::aws:policy/AmazonEKSWorkerNodePolicy",
            "role": "dev-eks-cluster20200103172252754300000005"
          },
          "private": "bnVsbA==",
          "dependencies": [
            "module.my-eks-cluster.module.eks-cluster.aws_cloudwatch_log_group.this",
            "module.my-eks-cluster.module.eks-cluster.aws_eks_cluster.this",
            "module.my-eks-cluster.module.eks-cluster.aws_iam_role.cluster",
            "module.my-eks-cluster.module.eks-cluster.aws_iam_role.workers",
            "module.my-eks-cluster.module.eks-cluster.aws_iam_role_policy_attachment.cluster_AmazonEKSClusterPolicy",
            "module.my-eks-cluster.module.eks-cluster.aws_iam_role_policy_attachment.cluster_AmazonEKSServicePolicy",
            "module.my-eks-cluster.module.eks-cluster.aws_security_group.cluster",
            "module.my-eks-cluster.module.vpc.aws_subnet.private",
            "module.my-eks-cluster.module.vpc.aws_subnet.public",
            "module.my-eks-cluster.module.vpc.aws_vpc.this",
            "module.my-eks-cluster.module.vpc.aws_vpc_ipv4_cidr_block_association.this"
          ]
        }
      ]
    },
    {
      "module": "module.my-eks-cluster.module.eks-cluster",
      "mode": "managed",
      "type": "aws_iam_role_policy_attachment",
      "name": "workers_AmazonEKS_CNI_Policy",
      "each": "list",
      "provider": "provider.aws",
      "instances": [
        {
          "index_key": 0,
          "schema_version": 0,
          "attributes": {
            "id": "dev-eks-cluster20200103172252754300000005-2020010317225392850000000a",
            "policy_arn": "arn:aws:iam::aws:policy/AmazonEKS_CNI_Policy",
            "role": "dev-eks-cluster20200103172252754300000005"
          },
          "private": "bnVsbA==",
          "dependencies": [
            "module.my-eks-cluster.module.eks-cluster.aws_cloudwatch_log_group.this",
            "module.my-eks-cluster.module.eks-cluster.aws_eks_cluster.this",
            "module.my-eks-cluster.module.eks-cluster.aws_iam_role.cluster",
            "module.my-eks-cluster.module.eks-cluster.aws_iam_role.workers",
            "module.my-eks-cluster.module.eks-cluster.aws_iam_role_policy_attachment.cluster_AmazonEKSClusterPolicy",
            "module.my-eks-cluster.module.eks-cluster.aws_iam_role_policy_attachment.cluster_AmazonEKSServicePolicy",
            "module.my-eks-cluster.module.eks-cluster.aws_security_group.cluster",
            "module.my-eks-cluster.module.vpc.aws_subnet.private",
            "module.my-eks-cluster.module.vpc.aws_subnet.public",
            "module.my-eks-cluster.module.vpc.aws_vpc.this",
            "module.my-eks-cluster.module.vpc.aws_vpc_ipv4_cidr_block_association.this"
          ]
        }
      ]
    },
    {
      "module": "module.my-eks-cluster.module.eks-cluster",
      "mode": "managed",
      "type": "aws_iam_role_policy_attachment",
      "name": "workers_additional_policies",
      "each": "list",
      "provider": "provider.aws",
      "instances": []
    },
    {
      "module": "module.my-eks-cluster.module.eks-cluster",
      "mode": "managed",
      "type": "aws_iam_role_policy_attachment",
      "name": "workers_autoscaling",
      "each": "list",
      "provider": "provider.aws",
      "instances": [
        {
          "index_key": 0,
          "schema_version": 0,
          "attributes": {
            "id": "dev-eks-cluster20200103172252754300000005-2020010317225467990000000d",
            "policy_arn": "arn:aws:iam::059773386095:policy/eks-worker-autoscaling-dev-eks-cluster20200103172252820800000007",
            "role": "dev-eks-cluster20200103172252754300000005"
          },
          "private": "bnVsbA==",
          "dependencies": [
            "module.my-eks-cluster.module.eks-cluster.aws_cloudwatch_log_group.this",
            "module.my-eks-cluster.module.eks-cluster.aws_eks_cluster.this",
            "module.my-eks-cluster.module.eks-cluster.aws_iam_policy.worker_autoscaling",
            "module.my-eks-cluster.module.eks-cluster.aws_iam_role.cluster",
            "module.my-eks-cluster.module.eks-cluster.aws_iam_role.workers",
            "module.my-eks-cluster.module.eks-cluster.aws_iam_role_policy_attachment.cluster_AmazonEKSClusterPolicy",
            "module.my-eks-cluster.module.eks-cluster.aws_iam_role_policy_attachment.cluster_AmazonEKSServicePolicy",
            "module.my-eks-cluster.module.eks-cluster.aws_security_group.cluster",
            "module.my-eks-cluster.module.vpc.aws_subnet.private",
            "module.my-eks-cluster.module.vpc.aws_subnet.public",
            "module.my-eks-cluster.module.vpc.aws_vpc.this",
            "module.my-eks-cluster.module.vpc.aws_vpc_ipv4_cidr_block_association.this"
          ]
        }
      ]
    },
    {
      "module": "module.my-eks-cluster.module.vpc",
      "mode": "managed",
      "type": "aws_internet_gateway",
      "name": "this",
      "each": "list",
      "provider": "provider.aws",
      "instances": [
        {
          "index_key": 0,
          "schema_version": 0,
          "attributes": {
            "id": "igw-05f26895f76b66468",
            "owner_id": "059773386095",
            "tags": {
              "Environment": "dev",
              "Name": "dev-vpc",
              "Terraform": "true"
            },
            "vpc_id": "vpc-069debd61967b28b7"
          },
          "private": "bnVsbA==",
          "dependencies": [
            "module.my-eks-cluster.module.vpc.aws_vpc.this",
            "module.my-eks-cluster.module.vpc.aws_vpc_ipv4_cidr_block_association.this"
          ]
        }
      ]
    },
    {
      "module": "module.my-eks-cluster.module.eks-cluster",
      "mode": "managed",
      "type": "aws_launch_configuration",
      "name": "workers",
      "each": "list",
      "provider": "provider.aws",
      "instances": [
        {
          "index_key": 0,
          "schema_version": 0,
          "attributes": {
            "associate_public_ip_address": false,
            "ebs_block_device": [],
            "ebs_optimized": true,
            "enable_monitoring": true,
            "ephemeral_block_device": [],
            "iam_instance_profile": "dev-eks-cluster20200103172253534900000009",
            "id": "dev-eks-cluster-on-demand-12020010317225497640000000e",
            "image_id": "ami-0b9d2c11b47bd8264",
            "instance_type": "t3.medium",
            "key_name": "",
            "name": "dev-eks-cluster-on-demand-12020010317225497640000000e",
            "name_prefix": "dev-eks-cluster-on-demand-1",
            "placement_tenancy": "",
            "root_block_device": [
              {
                "delete_on_termination": true,
                "encrypted": false,
                "iops": 0,
                "volume_size": 100,
                "volume_type": "gp2"
              }
            ],
            "security_groups": [
              "sg-00dc78aaf563b9be3"
            ],
            "spot_price": "",
            "user_data": null,
            "user_data_base64": "IyEvYmluL2Jhc2ggLXhlCgojIEFsbG93IHVzZXIgc3VwcGxpZWQgcHJlIHVzZXJkYXRhIGNvZGUKCgojIEJvb3RzdHJhcCBhbmQgam9pbiB0aGUgY2x1c3RlcgovZXRjL2Vrcy9ib290c3RyYXAuc2ggLS1iNjQtY2x1c3Rlci1jYSAnTFMwdExTMUNSVWRKVGlCRFJWSlVTVVpKUTBGVVJTMHRMUzB0Q2sxSlNVTjVSRU5EUVdKRFowRjNTVUpCWjBsQ1FVUkJUa0puYTNGb2EybEhPWGN3UWtGUmMwWkJSRUZXVFZKTmQwVlJXVVJXVVZGRVJYZHdjbVJYU213S1kyMDFiR1JIVm5wTlFqUllSRlJKZDAxRVJYZE5la1V6VFZScmVrMUdiMWhFVkVrMVRWUkplazFVUlROTlZHdDZUVVp2ZDBaVVJWUk5Ra1ZIUVRGVlJRcEJlRTFMWVROV2FWcFlTblZhV0ZKc1kzcERRMEZUU1hkRVVWbEtTMjlhU1doMlkwNUJVVVZDUWxGQlJHZG5SVkJCUkVORFFWRnZRMmRuUlVKQlQzRnFDbkZLU0V4UlVXVjVjVEpTY3pCSllXaHZSMXAxUmxSdFltUjRUR1k0WmtnNVRqbFhZVVZSYW5NNWVVMDFhVVYyU1U5UlZETllMMUJOWW5WNVVDOTNSMDRLTjNoQlUyNTBWMVJMVG1aeFFVSjRjVFp4U2pNM0x6TlZhRzlVY1VwNldEQnRXakpVTTBWWVdEZERka2hFYTBGUUwxTXlMMVJxY0VWcVpFVlJURWRYY0FveU16VjVLMU4yTW10aGVtTlpNRWRHVFZoQlZ6UndXSEYxUjJoS1dtUTRZMlYxYVhCNk5Wb3lTM1l5TWsxV1YzZE1NMWRQYW5sUmFqZ3JaVGRvWWs5TkNtNDNXVmMyVG1KTEwyUm9Sakp6TlRWTFExcDBWRzkzTkdKWGVIZENUVTh6VUVsRVQyWXhZWGxWYUROd2JHb3hlR3N4U2tvMlpuRXdSelZ4Y0hoelluVUtNMFZVVmtFeFFVaFRUVGhHZFhkVFVGZHFOMlZzVkU1cFUydEtUakZMYW0xbU9YQTVOQ3RzTkZKSlkwTnpSMVZPT1haclprTnFWa0ZNVkdsNU5rcHpXZ28yYzJSblJWVlFkVEJUYTBWd2FHRTBlVmhyUTBGM1JVRkJZVTFxVFVORmQwUm5XVVJXVWpCUVFWRklMMEpCVVVSQlowdHJUVUU0UjBFeFZXUkZkMFZDQ2k5M1VVWk5RVTFDUVdZNGQwUlJXVXBMYjFwSmFIWmpUa0ZSUlV4Q1VVRkVaMmRGUWtGSGJVaDBTaTlYY200elZVbEVRbXM0WjFOWlkySnZlRXRRTUU0S09XSlpkWGMzTlROU1pHZGxkVlkzUkN0UFl6RXhRbkZFZWxOVU56WkJZV1psTVVoUk4wZHBaRkIyZDFsRGQzRXZWbmhOUVcxRWNqTkNaVXRtYkhwVmNnbzBNRmR1TWxaNFUwNXNkVEpLYTJwcVJGZFNZbmc1ZURkTU5qWXdUV05KVW5WSFoxWkVibkEwVGtaWllXWmhTRGxsTVVJcllqSk5hMUZMYlUxc1VXUXJDbnBWTmpKdFluUndSV1pFYUZCa1VXTm9aMGRqT1VKV2VXdExNSGw2VmpaRlZHbHlObVZsYlcxbFVTOWphUzk2WlRoTVRXWnhlbk56SzBKNldYVmhRazhLVDFwS2VUbHFlR0pzVm5sMlltTTJaMWhUVlhGU05FZzRaWGRvTTJ0SmMyMVlRMnQ2Ym5sblNsWktSVlZOVlUxeldrcGhTUzl3V0RNMmFuVktWVU5DVFFwRVR5OWhTM2RxS3pRMUswRkhOWEpwVUhwT1VVcFBRVko1YlVwamJtVkxXVTByWWpOc2FuTnBVa3R0TW14eVlqVXpWbmxvTm1KSE5XMVJPRDBLTFMwdExTMUZUa1FnUTBWU1ZFbEdTVU5CVkVVdExTMHRMUW89JyAtLWFwaXNlcnZlci1lbmRwb2ludCAnaHR0cHM6Ly9CRjJBQTY5NzhDMDA0OUEyNkE2RTE0MTlEMEJEMUJCNS5zazEuZXUtd2VzdC0xLmVrcy5hbWF6b25hd3MuY29tJyAgLS1rdWJlbGV0LWV4dHJhLWFyZ3MgIi0tbm9kZS1sYWJlbHM9a3ViZXJuZXRlcy5pby9saWZlY3ljbGU9bm9ybWFsIiAnZGV2LWVrcy1jbHVzdGVyJwoKIyBBbGxvdyB1c2VyIHN1cHBsaWVkIHVzZXJkYXRhIGNvZGUKCg==",
            "vpc_classic_link_id": "",
            "vpc_classic_link_security_groups": []
          },
          "private": "bnVsbA==",
          "dependencies": [
            "module.my-eks-cluster.module.eks-cluster.aws_cloudwatch_log_group.this",
            "module.my-eks-cluster.module.eks-cluster.aws_eks_cluster.this",
            "module.my-eks-cluster.module.eks-cluster.aws_iam_instance_profile.workers",
            "module.my-eks-cluster.module.eks-cluster.aws_iam_role.cluster",
            "module.my-eks-cluster.module.eks-cluster.aws_iam_role.workers",
            "module.my-eks-cluster.module.eks-cluster.aws_iam_role_policy_attachment.cluster_AmazonEKSClusterPolicy",
            "module.my-eks-cluster.module.eks-cluster.aws_iam_role_policy_attachment.cluster_AmazonEKSServicePolicy",
            "module.my-eks-cluster.module.eks-cluster.aws_security_group.cluster",
            "module.my-eks-cluster.module.eks-cluster.aws_security_group.workers",
            "module.my-eks-cluster.module.vpc.aws_subnet.private",
            "module.my-eks-cluster.module.vpc.aws_subnet.public",
            "module.my-eks-cluster.module.vpc.aws_vpc.this",
            "module.my-eks-cluster.module.vpc.aws_vpc_ipv4_cidr_block_association.this"
          ]
        },
        {
          "index_key": 1,
          "schema_version": 0,
          "attributes": {
            "associate_public_ip_address": false,
            "ebs_block_device": [],
            "ebs_optimized": true,
            "enable_monitoring": true,
            "ephemeral_block_device": [],
            "iam_instance_profile": "dev-eks-cluster20200103172253532700000008",
            "id": "dev-eks-cluster-spot-12020010317225502300000000f",
            "image_id": "ami-0b9d2c11b47bd8264",
            "instance_type": "t3.medium",
            "key_name": "",
            "name": "dev-eks-cluster-spot-12020010317225502300000000f",
            "name_prefix": "dev-eks-cluster-spot-1",
            "placement_tenancy": "",
            "root_block_device": [
              {
                "delete_on_termination": true,
                "encrypted": false,
                "iops": 0,
                "volume_size": 100,
                "volume_type": "gp2"
              }
            ],
            "security_groups": [
              "sg-00dc78aaf563b9be3"
            ],
            "spot_price": "0.0456",
            "user_data": null,
            "user_data_base64": "IyEvYmluL2Jhc2ggLXhlCgojIEFsbG93IHVzZXIgc3VwcGxpZWQgcHJlIHVzZXJkYXRhIGNvZGUKCgojIEJvb3RzdHJhcCBhbmQgam9pbiB0aGUgY2x1c3RlcgovZXRjL2Vrcy9ib290c3RyYXAuc2ggLS1iNjQtY2x1c3Rlci1jYSAnTFMwdExTMUNSVWRKVGlCRFJWSlVTVVpKUTBGVVJTMHRMUzB0Q2sxSlNVTjVSRU5EUVdKRFowRjNTVUpCWjBsQ1FVUkJUa0puYTNGb2EybEhPWGN3UWtGUmMwWkJSRUZXVFZKTmQwVlJXVVJXVVZGRVJYZHdjbVJYU213S1kyMDFiR1JIVm5wTlFqUllSRlJKZDAxRVJYZE5la1V6VFZScmVrMUdiMWhFVkVrMVRWUkplazFVUlROTlZHdDZUVVp2ZDBaVVJWUk5Ra1ZIUVRGVlJRcEJlRTFMWVROV2FWcFlTblZhV0ZKc1kzcERRMEZUU1hkRVVWbEtTMjlhU1doMlkwNUJVVVZDUWxGQlJHZG5SVkJCUkVORFFWRnZRMmRuUlVKQlQzRnFDbkZLU0V4UlVXVjVjVEpTY3pCSllXaHZSMXAxUmxSdFltUjRUR1k0WmtnNVRqbFhZVVZSYW5NNWVVMDFhVVYyU1U5UlZETllMMUJOWW5WNVVDOTNSMDRLTjNoQlUyNTBWMVJMVG1aeFFVSjRjVFp4U2pNM0x6TlZhRzlVY1VwNldEQnRXakpVTTBWWVdEZERka2hFYTBGUUwxTXlMMVJxY0VWcVpFVlJURWRYY0FveU16VjVLMU4yTW10aGVtTlpNRWRHVFZoQlZ6UndXSEYxUjJoS1dtUTRZMlYxYVhCNk5Wb3lTM1l5TWsxV1YzZE1NMWRQYW5sUmFqZ3JaVGRvWWs5TkNtNDNXVmMyVG1KTEwyUm9Sakp6TlRWTFExcDBWRzkzTkdKWGVIZENUVTh6VUVsRVQyWXhZWGxWYUROd2JHb3hlR3N4U2tvMlpuRXdSelZ4Y0hoelluVUtNMFZVVmtFeFFVaFRUVGhHZFhkVFVGZHFOMlZzVkU1cFUydEtUakZMYW0xbU9YQTVOQ3RzTkZKSlkwTnpSMVZPT1haclprTnFWa0ZNVkdsNU5rcHpXZ28yYzJSblJWVlFkVEJUYTBWd2FHRTBlVmhyUTBGM1JVRkJZVTFxVFVORmQwUm5XVVJXVWpCUVFWRklMMEpCVVVSQlowdHJUVUU0UjBFeFZXUkZkMFZDQ2k5M1VVWk5RVTFDUVdZNGQwUlJXVXBMYjFwSmFIWmpUa0ZSUlV4Q1VVRkVaMmRGUWtGSGJVaDBTaTlYY200elZVbEVRbXM0WjFOWlkySnZlRXRRTUU0S09XSlpkWGMzTlROU1pHZGxkVlkzUkN0UFl6RXhRbkZFZWxOVU56WkJZV1psTVVoUk4wZHBaRkIyZDFsRGQzRXZWbmhOUVcxRWNqTkNaVXRtYkhwVmNnbzBNRmR1TWxaNFUwNXNkVEpLYTJwcVJGZFNZbmc1ZURkTU5qWXdUV05KVW5WSFoxWkVibkEwVGtaWllXWmhTRGxsTVVJcllqSk5hMUZMYlUxc1VXUXJDbnBWTmpKdFluUndSV1pFYUZCa1VXTm9aMGRqT1VKV2VXdExNSGw2VmpaRlZHbHlObVZsYlcxbFVTOWphUzk2WlRoTVRXWnhlbk56SzBKNldYVmhRazhLVDFwS2VUbHFlR0pzVm5sMlltTTJaMWhUVlhGU05FZzRaWGRvTTJ0SmMyMVlRMnQ2Ym5sblNsWktSVlZOVlUxeldrcGhTUzl3V0RNMmFuVktWVU5DVFFwRVR5OWhTM2RxS3pRMUswRkhOWEpwVUhwT1VVcFBRVko1YlVwamJtVkxXVTByWWpOc2FuTnBVa3R0TW14eVlqVXpWbmxvTm1KSE5XMVJPRDBLTFMwdExTMUZUa1FnUTBWU1ZFbEdTVU5CVkVVdExTMHRMUW89JyAtLWFwaXNlcnZlci1lbmRwb2ludCAnaHR0cHM6Ly9CRjJBQTY5NzhDMDA0OUEyNkE2RTE0MTlEMEJEMUJCNS5zazEuZXUtd2VzdC0xLmVrcy5hbWF6b25hd3MuY29tJyAgLS1rdWJlbGV0LWV4dHJhLWFyZ3MgIi0tbm9kZS1sYWJlbHM9a3ViZXJuZXRlcy5pby9saWZlY3ljbGU9c3BvdCIgJ2Rldi1la3MtY2x1c3RlcicKCiMgQWxsb3cgdXNlciBzdXBwbGllZCB1c2VyZGF0YSBjb2RlCgo=",
            "vpc_classic_link_id": "",
            "vpc_classic_link_security_groups": []
          },
          "private": "bnVsbA==",
          "dependencies": [
            "module.my-eks-cluster.module.eks-cluster.aws_cloudwatch_log_group.this",
            "module.my-eks-cluster.module.eks-cluster.aws_eks_cluster.this",
            "module.my-eks-cluster.module.eks-cluster.aws_iam_instance_profile.workers",
            "module.my-eks-cluster.module.eks-cluster.aws_iam_role.cluster",
            "module.my-eks-cluster.module.eks-cluster.aws_iam_role.workers",
            "module.my-eks-cluster.module.eks-cluster.aws_iam_role_policy_attachment.cluster_AmazonEKSClusterPolicy",
            "module.my-eks-cluster.module.eks-cluster.aws_iam_role_policy_attachment.cluster_AmazonEKSServicePolicy",
            "module.my-eks-cluster.module.eks-cluster.aws_security_group.cluster",
            "module.my-eks-cluster.module.eks-cluster.aws_security_group.workers",
            "module.my-eks-cluster.module.vpc.aws_subnet.private",
            "module.my-eks-cluster.module.vpc.aws_subnet.public",
            "module.my-eks-cluster.module.vpc.aws_vpc.this",
            "module.my-eks-cluster.module.vpc.aws_vpc_ipv4_cidr_block_association.this"
          ]
        }
      ]
    },
    {
      "module": "module.my-eks-cluster.module.eks-cluster",
      "mode": "managed",
      "type": "aws_launch_template",
      "name": "workers_launch_template",
      "each": "list",
      "provider": "provider.aws",
      "instances": []
    },
    {
      "module": "module.my-eks-cluster.module.vpc",
      "mode": "managed",
      "type": "aws_nat_gateway",
      "name": "this",
      "each": "list",
      "provider": "provider.aws",
      "instances": [
        {
          "index_key": 0,
          "schema_version": 0,
          "attributes": {
            "allocation_id": "eipalloc-0c28763a9f0c6e4c0",
            "id": "nat-03af7a2972473c59f",
            "network_interface_id": "eni-096874993833d19a9",
            "private_ip": "10.0.101.16",
            "public_ip": "63.35.3.191",
            "subnet_id": "subnet-0d6bd93cdb1ca5d59",
            "tags": {
              "Environment": "dev",
              "Name": "dev-vpc-eu-west-1a",
              "Terraform": "true"
            }
          },
          "private": "bnVsbA==",
          "dependencies": [
            "module.my-eks-cluster.module.vpc.aws_eip.nat",
            "module.my-eks-cluster.module.vpc.aws_internet_gateway.this",
            "module.my-eks-cluster.module.vpc.aws_subnet.public",
            "module.my-eks-cluster.module.vpc.aws_vpc.this",
            "module.my-eks-cluster.module.vpc.aws_vpc_ipv4_cidr_block_association.this"
          ]
        },
        {
          "index_key": 1,
          "schema_version": 0,
          "attributes": {
            "allocation_id": "eipalloc-03a4bebfc4a1d5bb9",
            "id": "nat-03af904bf5a3221d7",
            "network_interface_id": "eni-0e34aa3e568eedebb",
            "private_ip": "10.0.102.37",
            "public_ip": "18.200.129.41",
            "subnet_id": "subnet-0868b3c583f6f7b66",
            "tags": {
              "Environment": "dev",
              "Name": "dev-vpc-eu-west-1b",
              "Terraform": "true"
            }
          },
          "private": "bnVsbA==",
          "dependencies": [
            "module.my-eks-cluster.module.vpc.aws_eip.nat",
            "module.my-eks-cluster.module.vpc.aws_internet_gateway.this",
            "module.my-eks-cluster.module.vpc.aws_subnet.public",
            "module.my-eks-cluster.module.vpc.aws_vpc.this",
            "module.my-eks-cluster.module.vpc.aws_vpc_ipv4_cidr_block_association.this"
          ]
        },
        {
          "index_key": 2,
          "schema_version": 0,
          "attributes": {
            "allocation_id": "eipalloc-03833a2d56401f4c1",
            "id": "nat-0727c3b6a36d77f97",
            "network_interface_id": "eni-0c44cc9510994c402",
            "private_ip": "10.0.103.34",
            "public_ip": "34.246.226.91",
            "subnet_id": "subnet-0e6b887cecdec91f0",
            "tags": {
              "Environment": "dev",
              "Name": "dev-vpc-eu-west-1c",
              "Terraform": "true"
            }
          },
          "private": "bnVsbA==",
          "dependencies": [
            "module.my-eks-cluster.module.vpc.aws_eip.nat",
            "module.my-eks-cluster.module.vpc.aws_internet_gateway.this",
            "module.my-eks-cluster.module.vpc.aws_subnet.public",
            "module.my-eks-cluster.module.vpc.aws_vpc.this",
            "module.my-eks-cluster.module.vpc.aws_vpc_ipv4_cidr_block_association.this"
          ]
        }
      ]
    },
    {
      "module": "module.my-eks-cluster.module.vpc",
      "mode": "managed",
      "type": "aws_network_acl",
      "name": "database",
      "each": "list",
      "provider": "provider.aws",
      "instances": []
    },
    {
      "module": "module.my-eks-cluster.module.vpc",
      "mode": "managed",
      "type": "aws_network_acl",
      "name": "elasticache",
      "each": "list",
      "provider": "provider.aws",
      "instances": []
    },
    {
      "module": "module.my-eks-cluster.module.vpc",
      "mode": "managed",
      "type": "aws_network_acl",
      "name": "intra",
      "each": "list",
      "provider": "provider.aws",
      "instances": []
    },
    {
      "module": "module.my-eks-cluster.module.vpc",
      "mode": "managed",
      "type": "aws_network_acl",
      "name": "private",
      "each": "list",
      "provider": "provider.aws",
      "instances": []
    },
    {
      "module": "module.my-eks-cluster.module.vpc",
      "mode": "managed",
      "type": "aws_network_acl",
      "name": "public",
      "each": "list",
      "provider": "provider.aws",
      "instances": []
    },
    {
      "module": "module.my-eks-cluster.module.vpc",
      "mode": "managed",
      "type": "aws_network_acl",
      "name": "redshift",
      "each": "list",
      "provider": "provider.aws",
      "instances": []
    },
    {
      "module": "module.my-eks-cluster.module.vpc",
      "mode": "managed",
      "type": "aws_network_acl_rule",
      "name": "database_inbound",
      "each": "list",
      "provider": "provider.aws",
      "instances": []
    },
    {
      "module": "module.my-eks-cluster.module.vpc",
      "mode": "managed",
      "type": "aws_network_acl_rule",
      "name": "database_outbound",
      "each": "list",
      "provider": "provider.aws",
      "instances": []
    },
    {
      "module": "module.my-eks-cluster.module.vpc",
      "mode": "managed",
      "type": "aws_network_acl_rule",
      "name": "elasticache_inbound",
      "each": "list",
      "provider": "provider.aws",
      "instances": []
    },
    {
      "module": "module.my-eks-cluster.module.vpc",
      "mode": "managed",
      "type": "aws_network_acl_rule",
      "name": "elasticache_outbound",
      "each": "list",
      "provider": "provider.aws",
      "instances": []
    },
    {
      "module": "module.my-eks-cluster.module.vpc",
      "mode": "managed",
      "type": "aws_network_acl_rule",
      "name": "intra_inbound",
      "each": "list",
      "provider": "provider.aws",
      "instances": []
    },
    {
      "module": "module.my-eks-cluster.module.vpc",
      "mode": "managed",
      "type": "aws_network_acl_rule",
      "name": "intra_outbound",
      "each": "list",
      "provider": "provider.aws",
      "instances": []
    },
    {
      "module": "module.my-eks-cluster.module.vpc",
      "mode": "managed",
      "type": "aws_network_acl_rule",
      "name": "private_inbound",
      "each": "list",
      "provider": "provider.aws",
      "instances": []
    },
    {
      "module": "module.my-eks-cluster.module.vpc",
      "mode": "managed",
      "type": "aws_network_acl_rule",
      "name": "private_outbound",
      "each": "list",
      "provider": "provider.aws",
      "instances": []
    },
    {
      "module": "module.my-eks-cluster.module.vpc",
      "mode": "managed",
      "type": "aws_network_acl_rule",
      "name": "public_inbound",
      "each": "list",
      "provider": "provider.aws",
      "instances": []
    },
    {
      "module": "module.my-eks-cluster.module.vpc",
      "mode": "managed",
      "type": "aws_network_acl_rule",
      "name": "public_outbound",
      "each": "list",
      "provider": "provider.aws",
      "instances": []
    },
    {
      "module": "module.my-eks-cluster.module.vpc",
      "mode": "managed",
      "type": "aws_network_acl_rule",
      "name": "redshift_inbound",
      "each": "list",
      "provider": "provider.aws",
      "instances": []
    },
    {
      "module": "module.my-eks-cluster.module.vpc",
      "mode": "managed",
      "type": "aws_network_acl_rule",
      "name": "redshift_outbound",
      "each": "list",
      "provider": "provider.aws",
      "instances": []
    },
    {
      "module": "module.my-eks-cluster.module.vpc",
      "mode": "managed",
      "type": "aws_redshift_subnet_group",
      "name": "redshift",
      "each": "list",
      "provider": "provider.aws",
      "instances": []
    },
    {
      "module": "module.my-eks-cluster.module.vpc",
      "mode": "managed",
      "type": "aws_route",
      "name": "database_internet_gateway",
      "each": "list",
      "provider": "provider.aws",
      "instances": []
    },
    {
      "module": "module.my-eks-cluster.module.vpc",
      "mode": "managed",
      "type": "aws_route",
      "name": "database_ipv6_egress",
      "each": "list",
      "provider": "provider.aws",
      "instances": []
    },
    {
      "module": "module.my-eks-cluster.module.vpc",
      "mode": "managed",
      "type": "aws_route",
      "name": "database_nat_gateway",
      "each": "list",
      "provider": "provider.aws",
      "instances": []
    },
    {
      "module": "module.my-eks-cluster.module.vpc",
      "mode": "managed",
      "type": "aws_route",
      "name": "private_ipv6_egress",
      "each": "list",
      "provider": "provider.aws",
      "instances": []
    },
    {
      "module": "module.my-eks-cluster.module.vpc",
      "mode": "managed",
      "type": "aws_route",
      "name": "private_nat_gateway",
      "each": "list",
      "provider": "provider.aws",
      "instances": [
        {
          "index_key": 0,
          "schema_version": 0,
          "attributes": {
            "destination_cidr_block": "0.0.0.0/0",
            "destination_ipv6_cidr_block": null,
            "destination_prefix_list_id": "",
            "egress_only_gateway_id": "",
            "gateway_id": "",
            "id": "r-rtb-054ec65e303d83b1c1080289494",
            "instance_id": "",
            "instance_owner_id": "",
            "nat_gateway_id": "nat-03af7a2972473c59f",
            "network_interface_id": "",
            "origin": "CreateRoute",
            "route_table_id": "rtb-054ec65e303d83b1c",
            "state": "active",
            "timeouts": {
              "create": "5m",
              "delete": null
            },
            "transit_gateway_id": "",
            "vpc_peering_connection_id": ""
          },
          "private": "eyJlMmJmYjczMC1lY2FhLTExZTYtOGY4OC0zNDM2M2JjN2M0YzAiOnsiY3JlYXRlIjozMDAwMDAwMDAwMDAsImRlbGV0ZSI6MzAwMDAwMDAwMDAwfX0=",
          "dependencies": [
            "module.my-eks-cluster.module.vpc.aws_eip.nat",
            "module.my-eks-cluster.module.vpc.aws_internet_gateway.this",
            "module.my-eks-cluster.module.vpc.aws_nat_gateway.this",
            "module.my-eks-cluster.module.vpc.aws_route_table.private",
            "module.my-eks-cluster.module.vpc.aws_subnet.public",
            "module.my-eks-cluster.module.vpc.aws_vpc.this",
            "module.my-eks-cluster.module.vpc.aws_vpc_ipv4_cidr_block_association.this"
          ]
        },
        {
          "index_key": 1,
          "schema_version": 0,
          "attributes": {
            "destination_cidr_block": "0.0.0.0/0",
            "destination_ipv6_cidr_block": null,
            "destination_prefix_list_id": "",
            "egress_only_gateway_id": "",
            "gateway_id": "",
            "id": "r-rtb-0370350cbcee5ca991080289494",
            "instance_id": "",
            "instance_owner_id": "",
            "nat_gateway_id": "nat-03af904bf5a3221d7",
            "network_interface_id": "",
            "origin": "CreateRoute",
            "route_table_id": "rtb-0370350cbcee5ca99",
            "state": "active",
            "timeouts": {
              "create": "5m",
              "delete": null
            },
            "transit_gateway_id": "",
            "vpc_peering_connection_id": ""
          },
          "private": "eyJlMmJmYjczMC1lY2FhLTExZTYtOGY4OC0zNDM2M2JjN2M0YzAiOnsiY3JlYXRlIjozMDAwMDAwMDAwMDAsImRlbGV0ZSI6MzAwMDAwMDAwMDAwfX0=",
          "dependencies": [
            "module.my-eks-cluster.module.vpc.aws_eip.nat",
            "module.my-eks-cluster.module.vpc.aws_internet_gateway.this",
            "module.my-eks-cluster.module.vpc.aws_nat_gateway.this",
            "module.my-eks-cluster.module.vpc.aws_route_table.private",
            "module.my-eks-cluster.module.vpc.aws_subnet.public",
            "module.my-eks-cluster.module.vpc.aws_vpc.this",
            "module.my-eks-cluster.module.vpc.aws_vpc_ipv4_cidr_block_association.this"
          ]
        },
        {
          "index_key": 2,
          "schema_version": 0,
          "attributes": {
            "destination_cidr_block": "0.0.0.0/0",
            "destination_ipv6_cidr_block": null,
            "destination_prefix_list_id": "",
            "egress_only_gateway_id": "",
            "gateway_id": "",
            "id": "r-rtb-09ca20f683c52287f1080289494",
            "instance_id": "",
            "instance_owner_id": "",
            "nat_gateway_id": "nat-0727c3b6a36d77f97",
            "network_interface_id": "",
            "origin": "CreateRoute",
            "route_table_id": "rtb-09ca20f683c52287f",
            "state": "active",
            "timeouts": {
              "create": "5m",
              "delete": null
            },
            "transit_gateway_id": "",
            "vpc_peering_connection_id": ""
          },
          "private": "eyJlMmJmYjczMC1lY2FhLTExZTYtOGY4OC0zNDM2M2JjN2M0YzAiOnsiY3JlYXRlIjozMDAwMDAwMDAwMDAsImRlbGV0ZSI6MzAwMDAwMDAwMDAwfX0=",
          "dependencies": [
            "module.my-eks-cluster.module.vpc.aws_eip.nat",
            "module.my-eks-cluster.module.vpc.aws_internet_gateway.this",
            "module.my-eks-cluster.module.vpc.aws_nat_gateway.this",
            "module.my-eks-cluster.module.vpc.aws_route_table.private",
            "module.my-eks-cluster.module.vpc.aws_subnet.public",
            "module.my-eks-cluster.module.vpc.aws_vpc.this",
            "module.my-eks-cluster.module.vpc.aws_vpc_ipv4_cidr_block_association.this"
          ]
        }
      ]
    },
    {
      "module": "module.my-eks-cluster.module.vpc",
      "mode": "managed",
      "type": "aws_route",
      "name": "public_internet_gateway",
      "each": "list",
      "provider": "provider.aws",
      "instances": [
        {
          "index_key": 0,
          "schema_version": 0,
          "attributes": {
            "destination_cidr_block": "0.0.0.0/0",
            "destination_ipv6_cidr_block": null,
            "destination_prefix_list_id": "",
            "egress_only_gateway_id": "",
            "gateway_id": "igw-05f26895f76b66468",
            "id": "r-rtb-0076c6fc0287a6d701080289494",
            "instance_id": "",
            "instance_owner_id": "",
            "nat_gateway_id": "",
            "network_interface_id": "",
            "origin": "CreateRoute",
            "route_table_id": "rtb-0076c6fc0287a6d70",
            "state": "active",
            "timeouts": {
              "create": "5m",
              "delete": null
            },
            "transit_gateway_id": "",
            "vpc_peering_connection_id": ""
          },
          "private": "eyJlMmJmYjczMC1lY2FhLTExZTYtOGY4OC0zNDM2M2JjN2M0YzAiOnsiY3JlYXRlIjozMDAwMDAwMDAwMDAsImRlbGV0ZSI6MzAwMDAwMDAwMDAwfX0=",
          "dependencies": [
            "module.my-eks-cluster.module.vpc.aws_internet_gateway.this",
            "module.my-eks-cluster.module.vpc.aws_route_table.public",
            "module.my-eks-cluster.module.vpc.aws_vpc.this",
            "module.my-eks-cluster.module.vpc.aws_vpc_ipv4_cidr_block_association.this"
          ]
        }
      ]
    },
    {
      "module": "module.my-eks-cluster.module.vpc",
      "mode": "managed",
      "type": "aws_route",
      "name": "public_internet_gateway_ipv6",
      "each": "list",
      "provider": "provider.aws",
      "instances": []
    },
    {
      "module": "module.my-eks-cluster.module.vpc",
      "mode": "managed",
      "type": "aws_route_table",
      "name": "database",
      "each": "list",
      "provider": "provider.aws",
      "instances": []
    },
    {
      "module": "module.my-eks-cluster.module.vpc",
      "mode": "managed",
      "type": "aws_route_table",
      "name": "elasticache",
      "each": "list",
      "provider": "provider.aws",
      "instances": []
    },
    {
      "module": "module.my-eks-cluster.module.vpc",
      "mode": "managed",
      "type": "aws_route_table",
      "name": "intra",
      "each": "list",
      "provider": "provider.aws",
      "instances": []
    },
    {
      "module": "module.my-eks-cluster.module.vpc",
      "mode": "managed",
      "type": "aws_route_table",
      "name": "private",
      "each": "list",
      "provider": "provider.aws",
      "instances": [
        {
          "index_key": 0,
          "schema_version": 0,
          "attributes": {
            "id": "rtb-054ec65e303d83b1c",
            "owner_id": "059773386095",
            "propagating_vgws": [],
            "route": [
              {
                "cidr_block": "0.0.0.0/0",
                "egress_only_gateway_id": "",
                "gateway_id": "",
                "instance_id": "",
                "ipv6_cidr_block": "",
                "nat_gateway_id": "nat-03af7a2972473c59f",
                "network_interface_id": "",
                "transit_gateway_id": "",
                "vpc_peering_connection_id": ""
              }
            ],
            "tags": {
              "Environment": "dev",
              "Name": "dev-vpc-private-eu-west-1a",
              "Terraform": "true"
            },
            "vpc_id": "vpc-069debd61967b28b7"
          },
          "private": "bnVsbA==",
          "dependencies": [
            "module.my-eks-cluster.module.vpc.aws_vpc.this",
            "module.my-eks-cluster.module.vpc.aws_vpc_ipv4_cidr_block_association.this"
          ]
        },
        {
          "index_key": 1,
          "schema_version": 0,
          "attributes": {
            "id": "rtb-0370350cbcee5ca99",
            "owner_id": "059773386095",
            "propagating_vgws": [],
            "route": [
              {
                "cidr_block": "0.0.0.0/0",
                "egress_only_gateway_id": "",
                "gateway_id": "",
                "instance_id": "",
                "ipv6_cidr_block": "",
                "nat_gateway_id": "nat-03af904bf5a3221d7",
                "network_interface_id": "",
                "transit_gateway_id": "",
                "vpc_peering_connection_id": ""
              }
            ],
            "tags": {
              "Environment": "dev",
              "Name": "dev-vpc-private-eu-west-1b",
              "Terraform": "true"
            },
            "vpc_id": "vpc-069debd61967b28b7"
          },
          "private": "bnVsbA==",
          "dependencies": [
            "module.my-eks-cluster.module.vpc.aws_vpc.this",
            "module.my-eks-cluster.module.vpc.aws_vpc_ipv4_cidr_block_association.this"
          ]
        },
        {
          "index_key": 2,
          "schema_version": 0,
          "attributes": {
            "id": "rtb-09ca20f683c52287f",
            "owner_id": "059773386095",
            "propagating_vgws": [],
            "route": [
              {
                "cidr_block": "0.0.0.0/0",
                "egress_only_gateway_id": "",
                "gateway_id": "",
                "instance_id": "",
                "ipv6_cidr_block": "",
                "nat_gateway_id": "nat-0727c3b6a36d77f97",
                "network_interface_id": "",
                "transit_gateway_id": "",
                "vpc_peering_connection_id": ""
              }
            ],
            "tags": {
              "Environment": "dev",
              "Name": "dev-vpc-private-eu-west-1c",
              "Terraform": "true"
            },
            "vpc_id": "vpc-069debd61967b28b7"
          },
          "private": "bnVsbA==",
          "dependencies": [
            "module.my-eks-cluster.module.vpc.aws_vpc.this",
            "module.my-eks-cluster.module.vpc.aws_vpc_ipv4_cidr_block_association.this"
          ]
        }
      ]
    },
    {
      "module": "module.my-eks-cluster.module.vpc",
      "mode": "managed",
      "type": "aws_route_table",
      "name": "public",
      "each": "list",
      "provider": "provider.aws",
      "instances": [
        {
          "index_key": 0,
          "schema_version": 0,
          "attributes": {
            "id": "rtb-0076c6fc0287a6d70",
            "owner_id": "059773386095",
            "propagating_vgws": [],
            "route": [
              {
                "cidr_block": "0.0.0.0/0",
                "egress_only_gateway_id": "",
                "gateway_id": "igw-05f26895f76b66468",
                "instance_id": "",
                "ipv6_cidr_block": "",
                "nat_gateway_id": "",
                "network_interface_id": "",
                "transit_gateway_id": "",
                "vpc_peering_connection_id": ""
              }
            ],
            "tags": {
              "Environment": "dev",
              "Name": "dev-vpc-public",
              "Terraform": "true"
            },
            "vpc_id": "vpc-069debd61967b28b7"
          },
          "private": "bnVsbA==",
          "dependencies": [
            "module.my-eks-cluster.module.vpc.aws_vpc.this",
            "module.my-eks-cluster.module.vpc.aws_vpc_ipv4_cidr_block_association.this"
          ]
        }
      ]
    },
    {
      "module": "module.my-eks-cluster.module.vpc",
      "mode": "managed",
      "type": "aws_route_table",
      "name": "redshift",
      "each": "list",
      "provider": "provider.aws",
      "instances": []
    },
    {
      "module": "module.my-eks-cluster.module.vpc",
      "mode": "managed",
      "type": "aws_route_table_association",
      "name": "database",
      "each": "list",
      "provider": "provider.aws",
      "instances": []
    },
    {
      "module": "module.my-eks-cluster.module.vpc",
      "mode": "managed",
      "type": "aws_route_table_association",
      "name": "elasticache",
      "each": "list",
      "provider": "provider.aws",
      "instances": []
    },
    {
      "module": "module.my-eks-cluster.module.vpc",
      "mode": "managed",
      "type": "aws_route_table_association",
      "name": "intra",
      "each": "list",
      "provider": "provider.aws",
      "instances": []
    },
    {
      "module": "module.my-eks-cluster.module.vpc",
      "mode": "managed",
      "type": "aws_route_table_association",
      "name": "private",
      "each": "list",
      "provider": "provider.aws",
      "instances": [
        {
          "index_key": 0,
          "schema_version": 0,
          "attributes": {
            "gateway_id": null,
            "id": "rtbassoc-0f7f50cef4ea342d8",
            "route_table_id": "rtb-054ec65e303d83b1c",
            "subnet_id": "subnet-074b17cbb32c2b8df"
          },
          "private": "bnVsbA==",
          "dependencies": [
            "module.my-eks-cluster.module.vpc.aws_route_table.private",
            "module.my-eks-cluster.module.vpc.aws_subnet.private",
            "module.my-eks-cluster.module.vpc.aws_vpc.this",
            "module.my-eks-cluster.module.vpc.aws_vpc_ipv4_cidr_block_association.this"
          ]
        },
        {
          "index_key": 1,
          "schema_version": 0,
          "attributes": {
            "gateway_id": null,
            "id": "rtbassoc-00210ca1cdb822085",
            "route_table_id": "rtb-0370350cbcee5ca99",
            "subnet_id": "subnet-0c98901de87c58f30"
          },
          "private": "bnVsbA==",
          "dependencies": [
            "module.my-eks-cluster.module.vpc.aws_route_table.private",
            "module.my-eks-cluster.module.vpc.aws_subnet.private",
            "module.my-eks-cluster.module.vpc.aws_vpc.this",
            "module.my-eks-cluster.module.vpc.aws_vpc_ipv4_cidr_block_association.this"
          ]
        },
        {
          "index_key": 2,
          "schema_version": 0,
          "attributes": {
            "gateway_id": null,
            "id": "rtbassoc-0ed86e18111d87784",
            "route_table_id": "rtb-09ca20f683c52287f",
            "subnet_id": "subnet-052acde88cae2e837"
          },
          "private": "bnVsbA==",
          "dependencies": [
            "module.my-eks-cluster.module.vpc.aws_route_table.private",
            "module.my-eks-cluster.module.vpc.aws_subnet.private",
            "module.my-eks-cluster.module.vpc.aws_vpc.this",
            "module.my-eks-cluster.module.vpc.aws_vpc_ipv4_cidr_block_association.this"
          ]
        }
      ]
    },
    {
      "module": "module.my-eks-cluster.module.vpc",
      "mode": "managed",
      "type": "aws_route_table_association",
      "name": "public",
      "each": "list",
      "provider": "provider.aws",
      "instances": [
        {
          "index_key": 0,
          "schema_version": 0,
          "attributes": {
            "gateway_id": null,
            "id": "rtbassoc-0785d15cb4e271866",
            "route_table_id": "rtb-0076c6fc0287a6d70",
            "subnet_id": "subnet-0d6bd93cdb1ca5d59"
          },
          "private": "bnVsbA==",
          "dependencies": [
            "module.my-eks-cluster.module.vpc.aws_route_table.public",
            "module.my-eks-cluster.module.vpc.aws_subnet.public",
            "module.my-eks-cluster.module.vpc.aws_vpc.this",
            "module.my-eks-cluster.module.vpc.aws_vpc_ipv4_cidr_block_association.this"
          ]
        },
        {
          "index_key": 1,
          "schema_version": 0,
          "attributes": {
            "gateway_id": null,
            "id": "rtbassoc-0e4705e8e233e8883",
            "route_table_id": "rtb-0076c6fc0287a6d70",
            "subnet_id": "subnet-0868b3c583f6f7b66"
          },
          "private": "bnVsbA==",
          "dependencies": [
            "module.my-eks-cluster.module.vpc.aws_route_table.public",
            "module.my-eks-cluster.module.vpc.aws_subnet.public",
            "module.my-eks-cluster.module.vpc.aws_vpc.this",
            "module.my-eks-cluster.module.vpc.aws_vpc_ipv4_cidr_block_association.this"
          ]
        },
        {
          "index_key": 2,
          "schema_version": 0,
          "attributes": {
            "gateway_id": null,
            "id": "rtbassoc-0256e4cd5ed13c07e",
            "route_table_id": "rtb-0076c6fc0287a6d70",
            "subnet_id": "subnet-0e6b887cecdec91f0"
          },
          "private": "bnVsbA==",
          "dependencies": [
            "module.my-eks-cluster.module.vpc.aws_route_table.public",
            "module.my-eks-cluster.module.vpc.aws_subnet.public",
            "module.my-eks-cluster.module.vpc.aws_vpc.this",
            "module.my-eks-cluster.module.vpc.aws_vpc_ipv4_cidr_block_association.this"
          ]
        }
      ]
    },
    {
      "module": "module.my-eks-cluster.module.vpc",
      "mode": "managed",
      "type": "aws_route_table_association",
      "name": "redshift",
      "each": "list",
      "provider": "provider.aws",
      "instances": []
    },
    {
      "module": "module.my-eks-cluster.module.vpc",
      "mode": "managed",
      "type": "aws_route_table_association",
      "name": "redshift_public",
      "each": "list",
      "provider": "provider.aws",
      "instances": []
    },
    {
      "module": "module.my-eks-cluster.module.eks-cluster",
      "mode": "managed",
      "type": "aws_security_group",
      "name": "cluster",
      "each": "list",
      "provider": "provider.aws",
      "instances": [
        {
          "index_key": 0,
          "schema_version": 1,
          "attributes": {
            "arn": "arn:aws:ec2:eu-west-1:059773386095:security-group/sg-025d830711c8b0bf5",
            "description": "EKS cluster security group.",
            "egress": [
              {
                "cidr_blocks": [
                  "0.0.0.0/0"
                ],
                "description": "Allow cluster egress access to the Internet.",
                "from_port": 0,
                "ipv6_cidr_blocks": [],
                "prefix_list_ids": [],
                "protocol": "-1",
                "security_groups": [],
                "self": false,
                "to_port": 0
              }
            ],
            "id": "sg-025d830711c8b0bf5",
            "ingress": [
              {
                "cidr_blocks": [],
                "description": "Allow pods to communicate with the EKS cluster API.",
                "from_port": 443,
                "ipv6_cidr_blocks": [],
                "prefix_list_ids": [],
                "protocol": "tcp",
                "security_groups": [
                  "sg-00dc78aaf563b9be3"
                ],
                "self": false,
                "to_port": 443
              }
            ],
            "name": "dev-eks-cluster20200103171103290800000004",
            "name_prefix": "dev-eks-cluster",
            "owner_id": "059773386095",
            "revoke_rules_on_delete": false,
            "tags": {
              "Environment": "dev",
              "Name": "dev-eks-cluster-eks_cluster_sg",
              "Terraform": "true"
            },
            "timeouts": null,
            "vpc_id": "vpc-069debd61967b28b7"
          },
          "private": "eyJlMmJmYjczMC1lY2FhLTExZTYtOGY4OC0zNDM2M2JjN2M0YzAiOnsiY3JlYXRlIjo2MDAwMDAwMDAwMDAsImRlbGV0ZSI6NjAwMDAwMDAwMDAwfSwic2NoZW1hX3ZlcnNpb24iOiIxIn0=",
          "dependencies": [
            "module.my-eks-cluster.module.vpc.aws_vpc.this"
          ]
        }
      ]
    },
    {
      "module": "module.my-eks-cluster.module.eks-cluster",
      "mode": "managed",
      "type": "aws_security_group",
      "name": "workers",
      "each": "list",
      "provider": "provider.aws",
      "instances": [
        {
          "index_key": 0,
          "schema_version": 1,
          "attributes": {
            "arn": "arn:aws:ec2:eu-west-1:059773386095:security-group/sg-00dc78aaf563b9be3",
            "description": "Security group for all nodes in the cluster.",
            "egress": [
              {
                "cidr_blocks": [
                  "0.0.0.0/0"
                ],
                "description": "Allow nodes all egress to the Internet.",
                "from_port": 0,
                "ipv6_cidr_blocks": [],
                "prefix_list_ids": [],
                "protocol": "-1",
                "security_groups": [],
                "self": false,
                "to_port": 0
              }
            ],
            "id": "sg-00dc78aaf563b9be3",
            "ingress": [
              {
                "cidr_blocks": [],
                "description": "Allow node to communicate with each other.",
                "from_port": 0,
                "ipv6_cidr_blocks": [],
                "prefix_list_ids": [],
                "protocol": "-1",
                "security_groups": [],
                "self": true,
                "to_port": 0
              },
              {
                "cidr_blocks": [],
                "description": "Allow pods running extension API servers on port 443 to receive communication from cluster control plane.",
                "from_port": 443,
                "ipv6_cidr_blocks": [],
                "prefix_list_ids": [],
                "protocol": "tcp",
                "security_groups": [
                  "sg-025d830711c8b0bf5"
                ],
                "self": false,
                "to_port": 443
              },
              {
                "cidr_blocks": [],
                "description": "Allow workers pods to receive communication from the cluster control plane.",
                "from_port": 1025,
                "ipv6_cidr_blocks": [],
                "prefix_list_ids": [],
                "protocol": "tcp",
                "security_groups": [
                  "sg-025d830711c8b0bf5"
                ],
                "self": false,
                "to_port": 65535
              }
            ],
            "name": "dev-eks-cluster20200103172252817000000006",
            "name_prefix": "dev-eks-cluster",
            "owner_id": "059773386095",
            "revoke_rules_on_delete": false,
            "tags": {
              "Environment": "dev",
              "Name": "dev-eks-cluster-eks_worker_sg",
              "Terraform": "true",
              "kubernetes.io/cluster/dev-eks-cluster": "owned"
            },
            "timeouts": null,
            "vpc_id": "vpc-069debd61967b28b7"
          },
          "private": "eyJlMmJmYjczMC1lY2FhLTExZTYtOGY4OC0zNDM2M2JjN2M0YzAiOnsiY3JlYXRlIjo2MDAwMDAwMDAwMDAsImRlbGV0ZSI6NjAwMDAwMDAwMDAwfSwic2NoZW1hX3ZlcnNpb24iOiIxIn0=",
          "dependencies": [
            "module.my-eks-cluster.module.eks-cluster.aws_cloudwatch_log_group.this",
            "module.my-eks-cluster.module.eks-cluster.aws_eks_cluster.this",
            "module.my-eks-cluster.module.eks-cluster.aws_iam_role.cluster",
            "module.my-eks-cluster.module.eks-cluster.aws_iam_role_policy_attachment.cluster_AmazonEKSClusterPolicy",
            "module.my-eks-cluster.module.eks-cluster.aws_iam_role_policy_attachment.cluster_AmazonEKSServicePolicy",
            "module.my-eks-cluster.module.eks-cluster.aws_security_group.cluster",
            "module.my-eks-cluster.module.vpc.aws_subnet.private",
            "module.my-eks-cluster.module.vpc.aws_subnet.public",
            "module.my-eks-cluster.module.vpc.aws_vpc.this",
            "module.my-eks-cluster.module.vpc.aws_vpc_ipv4_cidr_block_association.this"
          ]
        }
      ]
    },
    {
      "module": "module.my-eks-cluster.module.eks-cluster",
      "mode": "managed",
      "type": "aws_security_group_rule",
      "name": "cluster_egress_internet",
      "each": "list",
      "provider": "provider.aws",
      "instances": [
        {
          "index_key": 0,
          "schema_version": 2,
          "attributes": {
            "cidr_blocks": [
              "0.0.0.0/0"
            ],
            "description": "Allow cluster egress access to the Internet.",
            "from_port": 0,
            "id": "sgrule-76795208",
            "ipv6_cidr_blocks": [],
            "prefix_list_ids": [],
            "protocol": "-1",
            "security_group_id": "sg-025d830711c8b0bf5",
            "self": false,
            "source_security_group_id": null,
            "to_port": 0,
            "type": "egress"
          },
          "private": "eyJzY2hlbWFfdmVyc2lvbiI6IjIifQ==",
          "dependencies": [
            "module.my-eks-cluster.module.eks-cluster.aws_security_group.cluster",
            "module.my-eks-cluster.module.vpc.aws_vpc.this"
          ]
        }
      ]
    },
    {
      "module": "module.my-eks-cluster.module.eks-cluster",
      "mode": "managed",
      "type": "aws_security_group_rule",
      "name": "cluster_https_worker_ingress",
      "each": "list",
      "provider": "provider.aws",
      "instances": [
        {
          "index_key": 0,
          "schema_version": 2,
          "attributes": {
            "cidr_blocks": [],
            "description": "Allow pods to communicate with the EKS cluster API.",
            "from_port": 443,
            "id": "sgrule-301433788",
            "ipv6_cidr_blocks": [],
            "prefix_list_ids": [],
            "protocol": "tcp",
            "security_group_id": "sg-025d830711c8b0bf5",
            "self": false,
            "source_security_group_id": "sg-00dc78aaf563b9be3",
            "to_port": 443,
            "type": "ingress"
          },
          "private": "eyJzY2hlbWFfdmVyc2lvbiI6IjIifQ==",
          "dependencies": [
            "module.my-eks-cluster.module.eks-cluster.aws_cloudwatch_log_group.this",
            "module.my-eks-cluster.module.eks-cluster.aws_eks_cluster.this",
            "module.my-eks-cluster.module.eks-cluster.aws_iam_role.cluster",
            "module.my-eks-cluster.module.eks-cluster.aws_iam_role_policy_attachment.cluster_AmazonEKSClusterPolicy",
            "module.my-eks-cluster.module.eks-cluster.aws_iam_role_policy_attachment.cluster_AmazonEKSServicePolicy",
            "module.my-eks-cluster.module.eks-cluster.aws_security_group.cluster",
            "module.my-eks-cluster.module.eks-cluster.aws_security_group.workers",
            "module.my-eks-cluster.module.vpc.aws_subnet.private",
            "module.my-eks-cluster.module.vpc.aws_subnet.public",
            "module.my-eks-cluster.module.vpc.aws_vpc.this",
            "module.my-eks-cluster.module.vpc.aws_vpc_ipv4_cidr_block_association.this"
          ]
        }
      ]
    },
    {
      "module": "module.my-eks-cluster.module.eks-cluster",
      "mode": "managed",
      "type": "aws_security_group_rule",
      "name": "workers_egress_internet",
      "each": "list",
      "provider": "provider.aws",
      "instances": [
        {
          "index_key": 0,
          "schema_version": 2,
          "attributes": {
            "cidr_blocks": [
              "0.0.0.0/0"
            ],
            "description": "Allow nodes all egress to the Internet.",
            "from_port": 0,
            "id": "sgrule-4109541837",
            "ipv6_cidr_blocks": [],
            "prefix_list_ids": [],
            "protocol": "-1",
            "security_group_id": "sg-00dc78aaf563b9be3",
            "self": false,
            "source_security_group_id": null,
            "to_port": 0,
            "type": "egress"
          },
          "private": "eyJzY2hlbWFfdmVyc2lvbiI6IjIifQ==",
          "dependencies": [
            "module.my-eks-cluster.module.eks-cluster.aws_cloudwatch_log_group.this",
            "module.my-eks-cluster.module.eks-cluster.aws_eks_cluster.this",
            "module.my-eks-cluster.module.eks-cluster.aws_iam_role.cluster",
            "module.my-eks-cluster.module.eks-cluster.aws_iam_role_policy_attachment.cluster_AmazonEKSClusterPolicy",
            "module.my-eks-cluster.module.eks-cluster.aws_iam_role_policy_attachment.cluster_AmazonEKSServicePolicy",
            "module.my-eks-cluster.module.eks-cluster.aws_security_group.cluster",
            "module.my-eks-cluster.module.eks-cluster.aws_security_group.workers",
            "module.my-eks-cluster.module.vpc.aws_subnet.private",
            "module.my-eks-cluster.module.vpc.aws_subnet.public",
            "module.my-eks-cluster.module.vpc.aws_vpc.this",
            "module.my-eks-cluster.module.vpc.aws_vpc_ipv4_cidr_block_association.this"
          ]
        }
      ]
    },
    {
      "module": "module.my-eks-cluster.module.eks-cluster",
      "mode": "managed",
      "type": "aws_security_group_rule",
      "name": "workers_ingress_cluster",
      "each": "list",
      "provider": "provider.aws",
      "instances": [
        {
          "index_key": 0,
          "schema_version": 2,
          "attributes": {
            "cidr_blocks": [],
            "description": "Allow workers pods to receive communication from the cluster control plane.",
            "from_port": 1025,
            "id": "sgrule-2499008364",
            "ipv6_cidr_blocks": [],
            "prefix_list_ids": [],
            "protocol": "tcp",
            "security_group_id": "sg-00dc78aaf563b9be3",
            "self": false,
            "source_security_group_id": "sg-025d830711c8b0bf5",
            "to_port": 65535,
            "type": "ingress"
          },
          "private": "eyJzY2hlbWFfdmVyc2lvbiI6IjIifQ==",
          "dependencies": [
            "module.my-eks-cluster.module.eks-cluster.aws_cloudwatch_log_group.this",
            "module.my-eks-cluster.module.eks-cluster.aws_eks_cluster.this",
            "module.my-eks-cluster.module.eks-cluster.aws_iam_role.cluster",
            "module.my-eks-cluster.module.eks-cluster.aws_iam_role_policy_attachment.cluster_AmazonEKSClusterPolicy",
            "module.my-eks-cluster.module.eks-cluster.aws_iam_role_policy_attachment.cluster_AmazonEKSServicePolicy",
            "module.my-eks-cluster.module.eks-cluster.aws_security_group.cluster",
            "module.my-eks-cluster.module.eks-cluster.aws_security_group.workers",
            "module.my-eks-cluster.module.vpc.aws_subnet.private",
            "module.my-eks-cluster.module.vpc.aws_subnet.public",
            "module.my-eks-cluster.module.vpc.aws_vpc.this",
            "module.my-eks-cluster.module.vpc.aws_vpc_ipv4_cidr_block_association.this"
          ]
        }
      ]
    },
    {
      "module": "module.my-eks-cluster.module.eks-cluster",
      "mode": "managed",
      "type": "aws_security_group_rule",
      "name": "workers_ingress_cluster_https",
      "each": "list",
      "provider": "provider.aws",
      "instances": [
        {
          "index_key": 0,
          "schema_version": 2,
          "attributes": {
            "cidr_blocks": [],
            "description": "Allow pods running extension API servers on port 443 to receive communication from cluster control plane.",
            "from_port": 443,
            "id": "sgrule-3431816472",
            "ipv6_cidr_blocks": [],
            "prefix_list_ids": [],
            "protocol": "tcp",
            "security_group_id": "sg-00dc78aaf563b9be3",
            "self": false,
            "source_security_group_id": "sg-025d830711c8b0bf5",
            "to_port": 443,
            "type": "ingress"
          },
          "private": "eyJzY2hlbWFfdmVyc2lvbiI6IjIifQ==",
          "dependencies": [
            "module.my-eks-cluster.module.eks-cluster.aws_cloudwatch_log_group.this",
            "module.my-eks-cluster.module.eks-cluster.aws_eks_cluster.this",
            "module.my-eks-cluster.module.eks-cluster.aws_iam_role.cluster",
            "module.my-eks-cluster.module.eks-cluster.aws_iam_role_policy_attachment.cluster_AmazonEKSClusterPolicy",
            "module.my-eks-cluster.module.eks-cluster.aws_iam_role_policy_attachment.cluster_AmazonEKSServicePolicy",
            "module.my-eks-cluster.module.eks-cluster.aws_security_group.cluster",
            "module.my-eks-cluster.module.eks-cluster.aws_security_group.workers",
            "module.my-eks-cluster.module.vpc.aws_subnet.private",
            "module.my-eks-cluster.module.vpc.aws_subnet.public",
            "module.my-eks-cluster.module.vpc.aws_vpc.this",
            "module.my-eks-cluster.module.vpc.aws_vpc_ipv4_cidr_block_association.this"
          ]
        }
      ]
    },
    {
      "module": "module.my-eks-cluster.module.eks-cluster",
      "mode": "managed",
      "type": "aws_security_group_rule",
      "name": "workers_ingress_cluster_kubelet",
      "each": "list",
      "provider": "provider.aws",
      "instances": []
    },
    {
      "module": "module.my-eks-cluster.module.eks-cluster",
      "mode": "managed",
      "type": "aws_security_group_rule",
      "name": "workers_ingress_self",
      "each": "list",
      "provider": "provider.aws",
      "instances": [
        {
          "index_key": 0,
          "schema_version": 2,
          "attributes": {
            "cidr_blocks": [],
            "description": "Allow node to communicate with each other.",
            "from_port": 0,
            "id": "sgrule-1536339866",
            "ipv6_cidr_blocks": [],
            "prefix_list_ids": [],
            "protocol": "-1",
            "security_group_id": "sg-00dc78aaf563b9be3",
            "self": false,
            "source_security_group_id": "sg-00dc78aaf563b9be3",
            "to_port": 0,
            "type": "ingress"
          },
          "private": "eyJzY2hlbWFfdmVyc2lvbiI6IjIifQ==",
          "dependencies": [
            "module.my-eks-cluster.module.eks-cluster.aws_cloudwatch_log_group.this",
            "module.my-eks-cluster.module.eks-cluster.aws_eks_cluster.this",
            "module.my-eks-cluster.module.eks-cluster.aws_iam_role.cluster",
            "module.my-eks-cluster.module.eks-cluster.aws_iam_role_policy_attachment.cluster_AmazonEKSClusterPolicy",
            "module.my-eks-cluster.module.eks-cluster.aws_iam_role_policy_attachment.cluster_AmazonEKSServicePolicy",
            "module.my-eks-cluster.module.eks-cluster.aws_security_group.cluster",
            "module.my-eks-cluster.module.eks-cluster.aws_security_group.workers",
            "module.my-eks-cluster.module.vpc.aws_subnet.private",
            "module.my-eks-cluster.module.vpc.aws_subnet.public",
            "module.my-eks-cluster.module.vpc.aws_vpc.this",
            "module.my-eks-cluster.module.vpc.aws_vpc_ipv4_cidr_block_association.this"
          ]
        }
      ]
    },
    {
      "module": "module.my-eks-cluster.module.vpc",
      "mode": "managed",
      "type": "aws_subnet",
      "name": "database",
      "each": "list",
      "provider": "provider.aws",
      "instances": []
    },
    {
      "module": "module.my-eks-cluster.module.vpc",
      "mode": "managed",
      "type": "aws_subnet",
      "name": "elasticache",
      "each": "list",
      "provider": "provider.aws",
      "instances": []
    },
    {
      "module": "module.my-eks-cluster.module.vpc",
      "mode": "managed",
      "type": "aws_subnet",
      "name": "intra",
      "each": "list",
      "provider": "provider.aws",
      "instances": []
    },
    {
      "module": "module.my-eks-cluster.module.vpc",
      "mode": "managed",
      "type": "aws_subnet",
      "name": "private",
      "each": "list",
      "provider": "provider.aws",
      "instances": [
        {
          "index_key": 0,
          "schema_version": 1,
          "attributes": {
            "arn": "arn:aws:ec2:eu-west-1:059773386095:subnet/subnet-074b17cbb32c2b8df",
            "assign_ipv6_address_on_creation": false,
            "availability_zone": "eu-west-1a",
            "availability_zone_id": "euw1-az2",
            "cidr_block": "10.0.1.0/24",
            "id": "subnet-074b17cbb32c2b8df",
            "ipv6_cidr_block": "",
            "ipv6_cidr_block_association_id": "",
            "map_public_ip_on_launch": false,
            "owner_id": "059773386095",
            "tags": {
              "Environment": "dev",
              "Name": "dev-vpc-private-eu-west-1a",
              "Terraform": "true",
              "kubernetes.io/cluster/dev-eks-cluster": "shared",
              "kubernetes.io/role/internal-elb": "1"
            },
            "timeouts": null,
            "vpc_id": "vpc-069debd61967b28b7"
          },
          "private": "eyJlMmJmYjczMC1lY2FhLTExZTYtOGY4OC0zNDM2M2JjN2M0YzAiOnsiY3JlYXRlIjo2MDAwMDAwMDAwMDAsImRlbGV0ZSI6MTIwMDAwMDAwMDAwMH0sInNjaGVtYV92ZXJzaW9uIjoiMSJ9",
          "dependencies": [
            "module.my-eks-cluster.module.vpc.aws_vpc.this",
            "module.my-eks-cluster.module.vpc.aws_vpc_ipv4_cidr_block_association.this"
          ]
        },
        {
          "index_key": 1,
          "schema_version": 1,
          "attributes": {
            "arn": "arn:aws:ec2:eu-west-1:059773386095:subnet/subnet-0c98901de87c58f30",
            "assign_ipv6_address_on_creation": false,
            "availability_zone": "eu-west-1b",
            "availability_zone_id": "euw1-az3",
            "cidr_block": "10.0.2.0/24",
            "id": "subnet-0c98901de87c58f30",
            "ipv6_cidr_block": "",
            "ipv6_cidr_block_association_id": "",
            "map_public_ip_on_launch": false,
            "owner_id": "059773386095",
            "tags": {
              "Environment": "dev",
              "Name": "dev-vpc-private-eu-west-1b",
              "Terraform": "true",
              "kubernetes.io/cluster/dev-eks-cluster": "shared",
              "kubernetes.io/role/internal-elb": "1"
            },
            "timeouts": null,
            "vpc_id": "vpc-069debd61967b28b7"
          },
          "private": "eyJlMmJmYjczMC1lY2FhLTExZTYtOGY4OC0zNDM2M2JjN2M0YzAiOnsiY3JlYXRlIjo2MDAwMDAwMDAwMDAsImRlbGV0ZSI6MTIwMDAwMDAwMDAwMH0sInNjaGVtYV92ZXJzaW9uIjoiMSJ9",
          "dependencies": [
            "module.my-eks-cluster.module.vpc.aws_vpc.this",
            "module.my-eks-cluster.module.vpc.aws_vpc_ipv4_cidr_block_association.this"
          ]
        },
        {
          "index_key": 2,
          "schema_version": 1,
          "attributes": {
            "arn": "arn:aws:ec2:eu-west-1:059773386095:subnet/subnet-052acde88cae2e837",
            "assign_ipv6_address_on_creation": false,
            "availability_zone": "eu-west-1c",
            "availability_zone_id": "euw1-az1",
            "cidr_block": "10.0.3.0/24",
            "id": "subnet-052acde88cae2e837",
            "ipv6_cidr_block": "",
            "ipv6_cidr_block_association_id": "",
            "map_public_ip_on_launch": false,
            "owner_id": "059773386095",
            "tags": {
              "Environment": "dev",
              "Name": "dev-vpc-private-eu-west-1c",
              "Terraform": "true",
              "kubernetes.io/cluster/dev-eks-cluster": "shared",
              "kubernetes.io/role/internal-elb": "1"
            },
            "timeouts": null,
            "vpc_id": "vpc-069debd61967b28b7"
          },
          "private": "eyJlMmJmYjczMC1lY2FhLTExZTYtOGY4OC0zNDM2M2JjN2M0YzAiOnsiY3JlYXRlIjo2MDAwMDAwMDAwMDAsImRlbGV0ZSI6MTIwMDAwMDAwMDAwMH0sInNjaGVtYV92ZXJzaW9uIjoiMSJ9",
          "dependencies": [
            "module.my-eks-cluster.module.vpc.aws_vpc.this",
            "module.my-eks-cluster.module.vpc.aws_vpc_ipv4_cidr_block_association.this"
          ]
        }
      ]
    },
    {
      "module": "module.my-eks-cluster.module.vpc",
      "mode": "managed",
      "type": "aws_subnet",
      "name": "public",
      "each": "list",
      "provider": "provider.aws",
      "instances": [
        {
          "index_key": 0,
          "schema_version": 1,
          "attributes": {
            "arn": "arn:aws:ec2:eu-west-1:059773386095:subnet/subnet-0d6bd93cdb1ca5d59",
            "assign_ipv6_address_on_creation": false,
            "availability_zone": "eu-west-1a",
            "availability_zone_id": "euw1-az2",
            "cidr_block": "10.0.101.0/24",
            "id": "subnet-0d6bd93cdb1ca5d59",
            "ipv6_cidr_block": "",
            "ipv6_cidr_block_association_id": "",
            "map_public_ip_on_launch": true,
            "owner_id": "059773386095",
            "tags": {
              "Environment": "dev",
              "Name": "dev-vpc-public-eu-west-1a",
              "Terraform": "true",
              "kubernetes.io/cluster/dev-eks-cluster": "shared",
              "kubernetes.io/role/elb": "1"
            },
            "timeouts": null,
            "vpc_id": "vpc-069debd61967b28b7"
          },
          "private": "eyJlMmJmYjczMC1lY2FhLTExZTYtOGY4OC0zNDM2M2JjN2M0YzAiOnsiY3JlYXRlIjo2MDAwMDAwMDAwMDAsImRlbGV0ZSI6MTIwMDAwMDAwMDAwMH0sInNjaGVtYV92ZXJzaW9uIjoiMSJ9",
          "dependencies": [
            "module.my-eks-cluster.module.vpc.aws_vpc.this",
            "module.my-eks-cluster.module.vpc.aws_vpc_ipv4_cidr_block_association.this"
          ]
        },
        {
          "index_key": 1,
          "schema_version": 1,
          "attributes": {
            "arn": "arn:aws:ec2:eu-west-1:059773386095:subnet/subnet-0868b3c583f6f7b66",
            "assign_ipv6_address_on_creation": false,
            "availability_zone": "eu-west-1b",
            "availability_zone_id": "euw1-az3",
            "cidr_block": "10.0.102.0/24",
            "id": "subnet-0868b3c583f6f7b66",
            "ipv6_cidr_block": "",
            "ipv6_cidr_block_association_id": "",
            "map_public_ip_on_launch": true,
            "owner_id": "059773386095",
            "tags": {
              "Environment": "dev",
              "Name": "dev-vpc-public-eu-west-1b",
              "Terraform": "true",
              "kubernetes.io/cluster/dev-eks-cluster": "shared",
              "kubernetes.io/role/elb": "1"
            },
            "timeouts": null,
            "vpc_id": "vpc-069debd61967b28b7"
          },
          "private": "eyJlMmJmYjczMC1lY2FhLTExZTYtOGY4OC0zNDM2M2JjN2M0YzAiOnsiY3JlYXRlIjo2MDAwMDAwMDAwMDAsImRlbGV0ZSI6MTIwMDAwMDAwMDAwMH0sInNjaGVtYV92ZXJzaW9uIjoiMSJ9",
          "dependencies": [
            "module.my-eks-cluster.module.vpc.aws_vpc.this",
            "module.my-eks-cluster.module.vpc.aws_vpc_ipv4_cidr_block_association.this"
          ]
        },
        {
          "index_key": 2,
          "schema_version": 1,
          "attributes": {
            "arn": "arn:aws:ec2:eu-west-1:059773386095:subnet/subnet-0e6b887cecdec91f0",
            "assign_ipv6_address_on_creation": false,
            "availability_zone": "eu-west-1c",
            "availability_zone_id": "euw1-az1",
            "cidr_block": "10.0.103.0/24",
            "id": "subnet-0e6b887cecdec91f0",
            "ipv6_cidr_block": "",
            "ipv6_cidr_block_association_id": "",
            "map_public_ip_on_launch": true,
            "owner_id": "059773386095",
            "tags": {
              "Environment": "dev",
              "Name": "dev-vpc-public-eu-west-1c",
              "Terraform": "true",
              "kubernetes.io/cluster/dev-eks-cluster": "shared",
              "kubernetes.io/role/elb": "1"
            },
            "timeouts": null,
            "vpc_id": "vpc-069debd61967b28b7"
          },
          "private": "eyJlMmJmYjczMC1lY2FhLTExZTYtOGY4OC0zNDM2M2JjN2M0YzAiOnsiY3JlYXRlIjo2MDAwMDAwMDAwMDAsImRlbGV0ZSI6MTIwMDAwMDAwMDAwMH0sInNjaGVtYV92ZXJzaW9uIjoiMSJ9",
          "dependencies": [
            "module.my-eks-cluster.module.vpc.aws_vpc.this",
            "module.my-eks-cluster.module.vpc.aws_vpc_ipv4_cidr_block_association.this"
          ]
        }
      ]
    },
    {
      "module": "module.my-eks-cluster.module.vpc",
      "mode": "managed",
      "type": "aws_subnet",
      "name": "redshift",
      "each": "list",
      "provider": "provider.aws",
      "instances": []
    },
    {
      "module": "module.my-eks-cluster.module.vpc",
      "mode": "managed",
      "type": "aws_vpc",
      "name": "this",
      "each": "list",
      "provider": "provider.aws",
      "instances": [
        {
          "index_key": 0,
          "schema_version": 1,
          "attributes": {
            "arn": "arn:aws:ec2:eu-west-1:059773386095:vpc/vpc-069debd61967b28b7",
            "assign_generated_ipv6_cidr_block": false,
            "cidr_block": "10.0.0.0/16",
            "default_network_acl_id": "acl-0067f9bc700961729",
            "default_route_table_id": "rtb-01b91ad5a9bbbbf17",
            "default_security_group_id": "sg-09ad4ef01a7f845a9",
            "dhcp_options_id": "dopt-6cc5890a",
            "enable_classiclink": false,
            "enable_classiclink_dns_support": false,
            "enable_dns_hostnames": true,
            "enable_dns_support": true,
            "id": "vpc-069debd61967b28b7",
            "instance_tenancy": "default",
            "ipv6_association_id": "",
            "ipv6_cidr_block": "",
            "main_route_table_id": "rtb-01b91ad5a9bbbbf17",
            "owner_id": "059773386095",
            "tags": {
              "Environment": "dev",
              "Name": "dev-vpc",
              "Terraform": "true"
            }
          },
          "private": "eyJzY2hlbWFfdmVyc2lvbiI6IjEifQ=="
        }
      ]
    },
    {
      "module": "module.my-eks-cluster.module.vpc",
      "mode": "managed",
      "type": "aws_vpc_dhcp_options",
      "name": "this",
      "each": "list",
      "provider": "provider.aws",
      "instances": []
    },
    {
      "module": "module.my-eks-cluster.module.vpc",
      "mode": "managed",
      "type": "aws_vpc_dhcp_options_association",
      "name": "this",
      "each": "list",
      "provider": "provider.aws",
      "instances": []
    },
    {
      "module": "module.my-eks-cluster.module.vpc",
      "mode": "managed",
      "type": "aws_vpc_endpoint",
      "name": "apigw",
      "each": "list",
      "provider": "provider.aws",
      "instances": []
    },
    {
      "module": "module.my-eks-cluster.module.vpc",
      "mode": "managed",
      "type": "aws_vpc_endpoint",
      "name": "appmesh_envoy_management",
      "each": "list",
      "provider": "provider.aws",
      "instances": []
    },
    {
      "module": "module.my-eks-cluster.module.vpc",
      "mode": "managed",
      "type": "aws_vpc_endpoint",
      "name": "appstream",
      "each": "list",
      "provider": "provider.aws",
      "instances": []
    },
    {
      "module": "module.my-eks-cluster.module.vpc",
      "mode": "managed",
      "type": "aws_vpc_endpoint",
      "name": "athena",
      "each": "list",
      "provider": "provider.aws",
      "instances": []
    },
    {
      "module": "module.my-eks-cluster.module.vpc",
      "mode": "managed",
      "type": "aws_vpc_endpoint",
      "name": "cloud_directory",
      "each": "list",
      "provider": "provider.aws",
      "instances": []
    },
    {
      "module": "module.my-eks-cluster.module.vpc",
      "mode": "managed",
      "type": "aws_vpc_endpoint",
      "name": "cloudformation",
      "each": "list",
      "provider": "provider.aws",
      "instances": []
    },
    {
      "module": "module.my-eks-cluster.module.vpc",
      "mode": "managed",
      "type": "aws_vpc_endpoint",
      "name": "cloudtrail",
      "each": "list",
      "provider": "provider.aws",
      "instances": []
    },
    {
      "module": "module.my-eks-cluster.module.vpc",
      "mode": "managed",
      "type": "aws_vpc_endpoint",
      "name": "codebuild",
      "each": "list",
      "provider": "provider.aws",
      "instances": []
    },
    {
      "module": "module.my-eks-cluster.module.vpc",
      "mode": "managed",
      "type": "aws_vpc_endpoint",
      "name": "codecommit",
      "each": "list",
      "provider": "provider.aws",
      "instances": []
    },
    {
      "module": "module.my-eks-cluster.module.vpc",
      "mode": "managed",
      "type": "aws_vpc_endpoint",
      "name": "codepipeline",
      "each": "list",
      "provider": "provider.aws",
      "instances": []
    },
    {
      "module": "module.my-eks-cluster.module.vpc",
      "mode": "managed",
      "type": "aws_vpc_endpoint",
      "name": "config",
      "each": "list",
      "provider": "provider.aws",
      "instances": []
    },
    {
      "module": "module.my-eks-cluster.module.vpc",
      "mode": "managed",
      "type": "aws_vpc_endpoint",
      "name": "dynamodb",
      "each": "list",
      "provider": "provider.aws",
      "instances": []
    },
    {
      "module": "module.my-eks-cluster.module.vpc",
      "mode": "managed",
      "type": "aws_vpc_endpoint",
      "name": "ec2",
      "each": "list",
      "provider": "provider.aws",
      "instances": []
    },
    {
      "module": "module.my-eks-cluster.module.vpc",
      "mode": "managed",
      "type": "aws_vpc_endpoint",
      "name": "ec2messages",
      "each": "list",
      "provider": "provider.aws",
      "instances": []
    },
    {
      "module": "module.my-eks-cluster.module.vpc",
      "mode": "managed",
      "type": "aws_vpc_endpoint",
      "name": "ecr_api",
      "each": "list",
      "provider": "provider.aws",
      "instances": []
    },
    {
      "module": "module.my-eks-cluster.module.vpc",
      "mode": "managed",
      "type": "aws_vpc_endpoint",
      "name": "ecr_dkr",
      "each": "list",
      "provider": "provider.aws",
      "instances": []
    },
    {
      "module": "module.my-eks-cluster.module.vpc",
      "mode": "managed",
      "type": "aws_vpc_endpoint",
      "name": "ecs",
      "each": "list",
      "provider": "provider.aws",
      "instances": []
    },
    {
      "module": "module.my-eks-cluster.module.vpc",
      "mode": "managed",
      "type": "aws_vpc_endpoint",
      "name": "ecs_agent",
      "each": "list",
      "provider": "provider.aws",
      "instances": []
    },
    {
      "module": "module.my-eks-cluster.module.vpc",
      "mode": "managed",
      "type": "aws_vpc_endpoint",
      "name": "ecs_telemetry",
      "each": "list",
      "provider": "provider.aws",
      "instances": []
    },
    {
      "module": "module.my-eks-cluster.module.vpc",
      "mode": "managed",
      "type": "aws_vpc_endpoint",
      "name": "efs",
      "each": "list",
      "provider": "provider.aws",
      "instances": []
    },
    {
      "module": "module.my-eks-cluster.module.vpc",
      "mode": "managed",
      "type": "aws_vpc_endpoint",
      "name": "elasticloadbalancing",
      "each": "list",
      "provider": "provider.aws",
      "instances": []
    },
    {
      "module": "module.my-eks-cluster.module.vpc",
      "mode": "managed",
      "type": "aws_vpc_endpoint",
      "name": "events",
      "each": "list",
      "provider": "provider.aws",
      "instances": []
    },
    {
      "module": "module.my-eks-cluster.module.vpc",
      "mode": "managed",
      "type": "aws_vpc_endpoint",
      "name": "git_codecommit",
      "each": "list",
      "provider": "provider.aws",
      "instances": []
    },
    {
      "module": "module.my-eks-cluster.module.vpc",
      "mode": "managed",
      "type": "aws_vpc_endpoint",
      "name": "glue",
      "each": "list",
      "provider": "provider.aws",
      "instances": []
    },
    {
      "module": "module.my-eks-cluster.module.vpc",
      "mode": "managed",
      "type": "aws_vpc_endpoint",
      "name": "kinesis_firehose",
      "each": "list",
      "provider": "provider.aws",
      "instances": []
    },
    {
      "module": "module.my-eks-cluster.module.vpc",
      "mode": "managed",
      "type": "aws_vpc_endpoint",
      "name": "kinesis_streams",
      "each": "list",
      "provider": "provider.aws",
      "instances": []
    },
    {
      "module": "module.my-eks-cluster.module.vpc",
      "mode": "managed",
      "type": "aws_vpc_endpoint",
      "name": "kms",
      "each": "list",
      "provider": "provider.aws",
      "instances": []
    },
    {
      "module": "module.my-eks-cluster.module.vpc",
      "mode": "managed",
      "type": "aws_vpc_endpoint",
      "name": "logs",
      "each": "list",
      "provider": "provider.aws",
      "instances": []
    },
    {
      "module": "module.my-eks-cluster.module.vpc",
      "mode": "managed",
      "type": "aws_vpc_endpoint",
      "name": "monitoring",
      "each": "list",
      "provider": "provider.aws",
      "instances": []
    },
    {
      "module": "module.my-eks-cluster.module.vpc",
      "mode": "managed",
      "type": "aws_vpc_endpoint",
      "name": "rekognition",
      "each": "list",
      "provider": "provider.aws",
      "instances": []
    },
    {
      "module": "module.my-eks-cluster.module.vpc",
      "mode": "managed",
      "type": "aws_vpc_endpoint",
      "name": "s3",
      "each": "list",
      "provider": "provider.aws",
      "instances": []
    },
    {
      "module": "module.my-eks-cluster.module.vpc",
      "mode": "managed",
      "type": "aws_vpc_endpoint",
      "name": "sagemaker_api",
      "each": "list",
      "provider": "provider.aws",
      "instances": []
    },
    {
      "module": "module.my-eks-cluster.module.vpc",
      "mode": "managed",
      "type": "aws_vpc_endpoint",
      "name": "sagemaker_notebook",
      "each": "list",
      "provider": "provider.aws",
      "instances": []
    },
    {
      "module": "module.my-eks-cluster.module.vpc",
      "mode": "managed",
      "type": "aws_vpc_endpoint",
      "name": "sagemaker_runtime",
      "each": "list",
      "provider": "provider.aws",
      "instances": []
    },
    {
      "module": "module.my-eks-cluster.module.vpc",
      "mode": "managed",
      "type": "aws_vpc_endpoint",
      "name": "secretsmanager",
      "each": "list",
      "provider": "provider.aws",
      "instances": []
    },
    {
      "module": "module.my-eks-cluster.module.vpc",
      "mode": "managed",
      "type": "aws_vpc_endpoint",
      "name": "servicecatalog",
      "each": "list",
      "provider": "provider.aws",
      "instances": []
    },
    {
      "module": "module.my-eks-cluster.module.vpc",
      "mode": "managed",
      "type": "aws_vpc_endpoint",
      "name": "sns",
      "each": "list",
      "provider": "provider.aws",
      "instances": []
    },
    {
      "module": "module.my-eks-cluster.module.vpc",
      "mode": "managed",
      "type": "aws_vpc_endpoint",
      "name": "sqs",
      "each": "list",
      "provider": "provider.aws",
      "instances": []
    },
    {
      "module": "module.my-eks-cluster.module.vpc",
      "mode": "managed",
      "type": "aws_vpc_endpoint",
      "name": "ssm",
      "each": "list",
      "provider": "provider.aws",
      "instances": []
    },
    {
      "module": "module.my-eks-cluster.module.vpc",
      "mode": "managed",
      "type": "aws_vpc_endpoint",
      "name": "ssmmessages",
      "each": "list",
      "provider": "provider.aws",
      "instances": []
    },
    {
      "module": "module.my-eks-cluster.module.vpc",
      "mode": "managed",
      "type": "aws_vpc_endpoint",
      "name": "storagegateway",
      "each": "list",
      "provider": "provider.aws",
      "instances": []
    },
    {
      "module": "module.my-eks-cluster.module.vpc",
      "mode": "managed",
      "type": "aws_vpc_endpoint",
      "name": "sts",
      "each": "list",
      "provider": "provider.aws",
      "instances": []
    },
    {
      "module": "module.my-eks-cluster.module.vpc",
      "mode": "managed",
      "type": "aws_vpc_endpoint",
      "name": "transfer",
      "each": "list",
      "provider": "provider.aws",
      "instances": []
    },
    {
      "module": "module.my-eks-cluster.module.vpc",
      "mode": "managed",
      "type": "aws_vpc_endpoint",
      "name": "transferserver",
      "each": "list",
      "provider": "provider.aws",
      "instances": []
    },
    {
      "module": "module.my-eks-cluster.module.vpc",
      "mode": "managed",
      "type": "aws_vpc_endpoint_route_table_association",
      "name": "intra_dynamodb",
      "each": "list",
      "provider": "provider.aws",
      "instances": []
    },
    {
      "module": "module.my-eks-cluster.module.vpc",
      "mode": "managed",
      "type": "aws_vpc_endpoint_route_table_association",
      "name": "intra_s3",
      "each": "list",
      "provider": "provider.aws",
      "instances": []
    },
    {
      "module": "module.my-eks-cluster.module.vpc",
      "mode": "managed",
      "type": "aws_vpc_endpoint_route_table_association",
      "name": "private_dynamodb",
      "each": "list",
      "provider": "provider.aws",
      "instances": []
    },
    {
      "module": "module.my-eks-cluster.module.vpc",
      "mode": "managed",
      "type": "aws_vpc_endpoint_route_table_association",
      "name": "private_s3",
      "each": "list",
      "provider": "provider.aws",
      "instances": []
    },
    {
      "module": "module.my-eks-cluster.module.vpc",
      "mode": "managed",
      "type": "aws_vpc_endpoint_route_table_association",
      "name": "public_dynamodb",
      "each": "list",
      "provider": "provider.aws",
      "instances": []
    },
    {
      "module": "module.my-eks-cluster.module.vpc",
      "mode": "managed",
      "type": "aws_vpc_endpoint_route_table_association",
      "name": "public_s3",
      "each": "list",
      "provider": "provider.aws",
      "instances": []
    },
    {
      "module": "module.my-eks-cluster.module.vpc",
      "mode": "managed",
      "type": "aws_vpc_ipv4_cidr_block_association",
      "name": "this",
      "each": "list",
      "provider": "provider.aws",
      "instances": []
    },
    {
      "module": "module.my-eks-cluster.module.vpc",
      "mode": "managed",
      "type": "aws_vpn_gateway",
      "name": "this",
      "each": "list",
      "provider": "provider.aws",
      "instances": [
        {
          "index_key": 0,
          "schema_version": 0,
          "attributes": {
            "amazon_side_asn": "64512",
            "availability_zone": null,
            "id": "vgw-02d7a82034c5dd134",
            "tags": {
              "Environment": "dev",
              "Name": "dev-vpc",
              "Terraform": "true"
            },
            "vpc_id": "vpc-069debd61967b28b7"
          },
          "private": "bnVsbA==",
          "dependencies": [
            "module.my-eks-cluster.module.vpc.aws_vpc.this",
            "module.my-eks-cluster.module.vpc.aws_vpc_ipv4_cidr_block_association.this"
          ]
        }
      ]
    },
    {
      "module": "module.my-eks-cluster.module.vpc",
      "mode": "managed",
      "type": "aws_vpn_gateway_attachment",
      "name": "this",
      "each": "list",
      "provider": "provider.aws",
      "instances": []
    },
    {
      "module": "module.my-eks-cluster.module.vpc",
      "mode": "managed",
      "type": "aws_vpn_gateway_route_propagation",
      "name": "private",
      "each": "list",
      "provider": "provider.aws",
      "instances": []
    },
    {
      "module": "module.my-eks-cluster.module.vpc",
      "mode": "managed",
      "type": "aws_vpn_gateway_route_propagation",
      "name": "public",
      "each": "list",
      "provider": "provider.aws",
      "instances": []
    },
    {
      "module": "module.my-eks-cluster.module.eks-cluster",
      "mode": "managed",
      "type": "local_file",
      "name": "config_map_aws_auth",
      "each": "list",
      "provider": "provider.local",
      "instances": [
        {
          "index_key": 0,
          "schema_version": 0,
          "attributes": {
            "content": "apiVersion: v1\nkind: ConfigMap\nmetadata:\n  name: aws-auth\n  namespace: kube-system\ndata:\n  mapRoles: |\n    - rolearn: arn:aws:iam::059773386095:role/dev-eks-cluster20200103172252754300000005\n      username: system:node:{{EC2PrivateDNSName}}\n      groups:\n        - system:bootstrappers\n        - system:nodes\n\n  \n  \n  \n",
            "content_base64": null,
            "directory_permission": "0777",
            "file_permission": "0777",
            "filename": "./config-map-aws-auth_dev-eks-cluster.yaml",
            "id": "6bbc29ed86e19f7e8870073b15baedec0acb4fda",
            "sensitive_content": null
          },
          "private": "bnVsbA==",
          "dependencies": [
            "module.my-eks-cluster.module.eks-cluster.aws_cloudwatch_log_group.this",
            "module.my-eks-cluster.module.eks-cluster.aws_eks_cluster.this",
            "module.my-eks-cluster.module.eks-cluster.aws_iam_instance_profile.workers",
            "module.my-eks-cluster.module.eks-cluster.aws_iam_role.cluster",
            "module.my-eks-cluster.module.eks-cluster.aws_iam_role.workers",
            "module.my-eks-cluster.module.eks-cluster.aws_iam_role_policy_attachment.cluster_AmazonEKSClusterPolicy",
            "module.my-eks-cluster.module.eks-cluster.aws_iam_role_policy_attachment.cluster_AmazonEKSServicePolicy",
            "module.my-eks-cluster.module.eks-cluster.aws_security_group.cluster",
            "module.my-eks-cluster.module.vpc.aws_subnet.private",
            "module.my-eks-cluster.module.vpc.aws_subnet.public",
            "module.my-eks-cluster.module.vpc.aws_vpc.this",
            "module.my-eks-cluster.module.vpc.aws_vpc_ipv4_cidr_block_association.this"
          ]
        }
      ]
    },
    {
      "module": "module.my-eks-cluster.module.eks-cluster",
      "mode": "managed",
      "type": "local_file",
      "name": "kubeconfig",
      "each": "list",
      "provider": "provider.local",
      "instances": [
        {
          "index_key": 0,
          "schema_version": 0,
          "attributes": {
            "content": "apiVersion: v1\npreferences: {}\nkind: Config\n\nclusters:\n- cluster:\n    server: https://BF2AA6978C0049A26A6E1419D0BD1BB5.sk1.eu-west-1.eks.amazonaws.com\n    certificate-authority-data: LS0tLS1CRUdJTiBDRVJUSUZJQ0FURS0tLS0tCk1JSUN5RENDQWJDZ0F3SUJBZ0lCQURBTkJna3Foa2lHOXcwQkFRc0ZBREFWTVJNd0VRWURWUVFERXdwcmRXSmwKY201bGRHVnpNQjRYRFRJd01ERXdNekUzTVRrek1Gb1hEVEk1TVRJek1URTNNVGt6TUZvd0ZURVRNQkVHQTFVRQpBeE1LYTNWaVpYSnVaWFJsY3pDQ0FTSXdEUVlKS29aSWh2Y05BUUVCQlFBRGdnRVBBRENDQVFvQ2dnRUJBT3FqCnFKSExRUWV5cTJSczBJYWhvR1p1RlRtYmR4TGY4Zkg5TjlXYUVRanM5eU01aUV2SU9RVDNYL1BNYnV5UC93R04KN3hBU250V1RLTmZxQUJ4cTZxSjM3LzNVaG9UcUp6WDBtWjJUM0VYWDdDdkhEa0FQL1MyL1RqcEVqZEVRTEdXcAoyMzV5K1N2MmthemNZMEdGTVhBVzRwWHF1R2hKWmQ4Y2V1aXB6NVoyS3YyMk1WV3dMM1dPanlRajgrZTdoYk9NCm43WVc2TmJLL2RoRjJzNTVLQ1p0VG93NGJXeHdCTU8zUElET2YxYXlVaDNwbGoxeGsxSko2ZnEwRzVxcHhzYnUKM0VUVkExQUhTTThGdXdTUFdqN2VsVE5pU2tKTjFLam1mOXA5NCtsNFJJY0NzR1VOOXZrZkNqVkFMVGl5NkpzWgo2c2RnRVVQdTBTa0VwaGE0eVhrQ0F3RUFBYU1qTUNFd0RnWURWUjBQQVFIL0JBUURBZ0trTUE4R0ExVWRFd0VCCi93UUZNQU1CQWY4d0RRWUpLb1pJaHZjTkFRRUxCUUFEZ2dFQkFHbUh0Si9Xcm4zVUlEQms4Z1NZY2JveEtQME4KOWJZdXc3NTNSZGdldVY3RCtPYzExQnFEelNUNzZBYWZlMUhRN0dpZFB2d1lDd3EvVnhNQW1EcjNCZUtmbHpVcgo0MFduMlZ4U05sdTJKa2pqRFdSYng5eDdMNjYwTWNJUnVHZ1ZEbnA0TkZZYWZhSDllMUIrYjJNa1FLbU1sUWQrCnpVNjJtYnRwRWZEaFBkUWNoZ0djOUJWeWtLMHl6VjZFVGlyNmVlbW1lUS9jaS96ZThMTWZxenNzK0J6WXVhQk8KT1pKeTlqeGJsVnl2YmM2Z1hTVXFSNEg4ZXdoM2tJc21YQ2t6bnlnSlZKRVVNVU1zWkphSS9wWDM2anVKVUNCTQpETy9hS3dqKzQ1K0FHNXJpUHpOUUpPQVJ5bUpjbmVLWU0rYjNsanNpUkttMmxyYjUzVnloNmJHNW1ROD0KLS0tLS1FTkQgQ0VSVElGSUNBVEUtLS0tLQo=\n  name: eks_dev-eks-cluster\n\ncontexts:\n- context:\n    cluster: eks_dev-eks-cluster\n    user: eks_dev-eks-cluster\n  name: eks_dev-eks-cluster\n\ncurrent-context: eks_dev-eks-cluster\n\nusers:\n- name: eks_dev-eks-cluster\n  user:\n    exec:\n      apiVersion: client.authentication.k8s.io/v1alpha1\n      command: aws-iam-authenticator\n      args:\n        - \"token\"\n        - \"-i\"\n        - \"dev-eks-cluster\"\n\n      env:\n        - name: AWS_PROFILE\n          value: beancrunch\n\n",
            "content_base64": null,
            "directory_permission": "0777",
            "file_permission": "0777",
            "filename": "./kubeconfig_dev-eks-cluster",
            "id": "82400384e11e66a81b0e15a0234c87379e82e249",
            "sensitive_content": null
          },
          "private": "bnVsbA==",
          "dependencies": [
            "module.my-eks-cluster.module.eks-cluster.aws_cloudwatch_log_group.this",
            "module.my-eks-cluster.module.eks-cluster.aws_eks_cluster.this",
            "module.my-eks-cluster.module.eks-cluster.aws_iam_role.cluster",
            "module.my-eks-cluster.module.eks-cluster.aws_iam_role_policy_attachment.cluster_AmazonEKSClusterPolicy",
            "module.my-eks-cluster.module.eks-cluster.aws_iam_role_policy_attachment.cluster_AmazonEKSServicePolicy",
            "module.my-eks-cluster.module.eks-cluster.aws_security_group.cluster",
            "module.my-eks-cluster.module.vpc.aws_subnet.private",
            "module.my-eks-cluster.module.vpc.aws_subnet.public",
            "module.my-eks-cluster.module.vpc.aws_vpc.this",
            "module.my-eks-cluster.module.vpc.aws_vpc_ipv4_cidr_block_association.this"
          ]
        }
      ]
    },
    {
      "module": "module.my-eks-cluster.module.eks-cluster",
      "mode": "managed",
      "type": "null_resource",
      "name": "update_config_map_aws_auth",
      "each": "list",
      "provider": "provider.null",
      "instances": [
        {
          "index_key": 0,
          "schema_version": 0,
          "attributes": {
            "id": "1507580975069202622",
            "triggers": {
              "config_map_rendered": "apiVersion: v1\nkind: ConfigMap\nmetadata:\n  name: aws-auth\n  namespace: kube-system\ndata:\n  mapRoles: |\n    - rolearn: arn:aws:iam::059773386095:role/dev-eks-cluster20200103172252754300000005\n      username: system:node:{{EC2PrivateDNSName}}\n      groups:\n        - system:bootstrappers\n        - system:nodes\n\n  \n  \n  \n",
              "endpoint": "https://BF2AA6978C0049A26A6E1419D0BD1BB5.sk1.eu-west-1.eks.amazonaws.com",
              "kube_config_map_rendered": "apiVersion: v1\npreferences: {}\nkind: Config\n\nclusters:\n- cluster:\n    server: https://BF2AA6978C0049A26A6E1419D0BD1BB5.sk1.eu-west-1.eks.amazonaws.com\n    certificate-authority-data: LS0tLS1CRUdJTiBDRVJUSUZJQ0FURS0tLS0tCk1JSUN5RENDQWJDZ0F3SUJBZ0lCQURBTkJna3Foa2lHOXcwQkFRc0ZBREFWTVJNd0VRWURWUVFERXdwcmRXSmwKY201bGRHVnpNQjRYRFRJd01ERXdNekUzTVRrek1Gb1hEVEk1TVRJek1URTNNVGt6TUZvd0ZURVRNQkVHQTFVRQpBeE1LYTNWaVpYSnVaWFJsY3pDQ0FTSXdEUVlKS29aSWh2Y05BUUVCQlFBRGdnRVBBRENDQVFvQ2dnRUJBT3FqCnFKSExRUWV5cTJSczBJYWhvR1p1RlRtYmR4TGY4Zkg5TjlXYUVRanM5eU01aUV2SU9RVDNYL1BNYnV5UC93R04KN3hBU250V1RLTmZxQUJ4cTZxSjM3LzNVaG9UcUp6WDBtWjJUM0VYWDdDdkhEa0FQL1MyL1RqcEVqZEVRTEdXcAoyMzV5K1N2MmthemNZMEdGTVhBVzRwWHF1R2hKWmQ4Y2V1aXB6NVoyS3YyMk1WV3dMM1dPanlRajgrZTdoYk9NCm43WVc2TmJLL2RoRjJzNTVLQ1p0VG93NGJXeHdCTU8zUElET2YxYXlVaDNwbGoxeGsxSko2ZnEwRzVxcHhzYnUKM0VUVkExQUhTTThGdXdTUFdqN2VsVE5pU2tKTjFLam1mOXA5NCtsNFJJY0NzR1VOOXZrZkNqVkFMVGl5NkpzWgo2c2RnRVVQdTBTa0VwaGE0eVhrQ0F3RUFBYU1qTUNFd0RnWURWUjBQQVFIL0JBUURBZ0trTUE4R0ExVWRFd0VCCi93UUZNQU1CQWY4d0RRWUpLb1pJaHZjTkFRRUxCUUFEZ2dFQkFHbUh0Si9Xcm4zVUlEQms4Z1NZY2JveEtQME4KOWJZdXc3NTNSZGdldVY3RCtPYzExQnFEelNUNzZBYWZlMUhRN0dpZFB2d1lDd3EvVnhNQW1EcjNCZUtmbHpVcgo0MFduMlZ4U05sdTJKa2pqRFdSYng5eDdMNjYwTWNJUnVHZ1ZEbnA0TkZZYWZhSDllMUIrYjJNa1FLbU1sUWQrCnpVNjJtYnRwRWZEaFBkUWNoZ0djOUJWeWtLMHl6VjZFVGlyNmVlbW1lUS9jaS96ZThMTWZxenNzK0J6WXVhQk8KT1pKeTlqeGJsVnl2YmM2Z1hTVXFSNEg4ZXdoM2tJc21YQ2t6bnlnSlZKRVVNVU1zWkphSS9wWDM2anVKVUNCTQpETy9hS3dqKzQ1K0FHNXJpUHpOUUpPQVJ5bUpjbmVLWU0rYjNsanNpUkttMmxyYjUzVnloNmJHNW1ROD0KLS0tLS1FTkQgQ0VSVElGSUNBVEUtLS0tLQo=\n  name: eks_dev-eks-cluster\n\ncontexts:\n- context:\n    cluster: eks_dev-eks-cluster\n    user: eks_dev-eks-cluster\n  name: eks_dev-eks-cluster\n\ncurrent-context: eks_dev-eks-cluster\n\nusers:\n- name: eks_dev-eks-cluster\n  user:\n    exec:\n      apiVersion: client.authentication.k8s.io/v1alpha1\n      command: aws-iam-authenticator\n      args:\n        - \"token\"\n        - \"-i\"\n        - \"dev-eks-cluster\"\n\n      env:\n        - name: AWS_PROFILE\n          value: beancrunch\n\n"
            }
          },
          "dependencies": [
            "module.my-eks-cluster.module.eks-cluster.aws_cloudwatch_log_group.this",
            "module.my-eks-cluster.module.eks-cluster.aws_eks_cluster.this",
            "module.my-eks-cluster.module.eks-cluster.aws_iam_instance_profile.workers",
            "module.my-eks-cluster.module.eks-cluster.aws_iam_role.cluster",
            "module.my-eks-cluster.module.eks-cluster.aws_iam_role.workers",
            "module.my-eks-cluster.module.eks-cluster.aws_iam_role_policy_attachment.cluster_AmazonEKSClusterPolicy",
            "module.my-eks-cluster.module.eks-cluster.aws_iam_role_policy_attachment.cluster_AmazonEKSServicePolicy",
            "module.my-eks-cluster.module.eks-cluster.aws_security_group.cluster",
            "module.my-eks-cluster.module.vpc.aws_subnet.private",
            "module.my-eks-cluster.module.vpc.aws_subnet.public",
            "module.my-eks-cluster.module.vpc.aws_vpc.this",
            "module.my-eks-cluster.module.vpc.aws_vpc_ipv4_cidr_block_association.this"
          ]
        }
      ]
    },
    {
      "module": "module.my-eks-cluster.module.eks-cluster",
      "mode": "managed",
      "type": "random_pet",
      "name": "workers",
      "each": "list",
      "provider": "provider.random",
      "instances": [
        {
          "index_key": 0,
          "schema_version": 0,
          "attributes": {
            "id": "fresh-urchin",
            "keepers": {
              "lc_name": "dev-eks-cluster-on-demand-12020010317225497640000000e"
            },
            "length": 2,
            "prefix": null,
            "separator": "-"
          },
          "private": "bnVsbA==",
          "dependencies": [
            "module.my-eks-cluster.module.eks-cluster.aws_cloudwatch_log_group.this",
            "module.my-eks-cluster.module.eks-cluster.aws_eks_cluster.this",
            "module.my-eks-cluster.module.eks-cluster.aws_iam_instance_profile.workers",
            "module.my-eks-cluster.module.eks-cluster.aws_iam_role.cluster",
            "module.my-eks-cluster.module.eks-cluster.aws_iam_role.workers",
            "module.my-eks-cluster.module.eks-cluster.aws_iam_role_policy_attachment.cluster_AmazonEKSClusterPolicy",
            "module.my-eks-cluster.module.eks-cluster.aws_iam_role_policy_attachment.cluster_AmazonEKSServicePolicy",
            "module.my-eks-cluster.module.eks-cluster.aws_launch_configuration.workers",
            "module.my-eks-cluster.module.eks-cluster.aws_security_group.cluster",
            "module.my-eks-cluster.module.eks-cluster.aws_security_group.workers",
            "module.my-eks-cluster.module.vpc.aws_subnet.private",
            "module.my-eks-cluster.module.vpc.aws_subnet.public",
            "module.my-eks-cluster.module.vpc.aws_vpc.this",
            "module.my-eks-cluster.module.vpc.aws_vpc_ipv4_cidr_block_association.this"
          ]
        },
        {
          "index_key": 1,
          "schema_version": 0,
          "attributes": {
            "id": "quiet-mayfly",
            "keepers": {
              "lc_name": "dev-eks-cluster-spot-12020010317225502300000000f"
            },
            "length": 2,
            "prefix": null,
            "separator": "-"
          },
          "private": "bnVsbA==",
          "dependencies": [
            "module.my-eks-cluster.module.eks-cluster.aws_cloudwatch_log_group.this",
            "module.my-eks-cluster.module.eks-cluster.aws_eks_cluster.this",
            "module.my-eks-cluster.module.eks-cluster.aws_iam_instance_profile.workers",
            "module.my-eks-cluster.module.eks-cluster.aws_iam_role.cluster",
            "module.my-eks-cluster.module.eks-cluster.aws_iam_role.workers",
            "module.my-eks-cluster.module.eks-cluster.aws_iam_role_policy_attachment.cluster_AmazonEKSClusterPolicy",
            "module.my-eks-cluster.module.eks-cluster.aws_iam_role_policy_attachment.cluster_AmazonEKSServicePolicy",
            "module.my-eks-cluster.module.eks-cluster.aws_launch_configuration.workers",
            "module.my-eks-cluster.module.eks-cluster.aws_security_group.cluster",
            "module.my-eks-cluster.module.eks-cluster.aws_security_group.workers",
            "module.my-eks-cluster.module.vpc.aws_subnet.private",
            "module.my-eks-cluster.module.vpc.aws_subnet.public",
            "module.my-eks-cluster.module.vpc.aws_vpc.this",
            "module.my-eks-cluster.module.vpc.aws_vpc_ipv4_cidr_block_association.this"
          ]
        }
      ]
    },
    {
      "module": "module.my-eks-cluster.module.eks-cluster",
      "mode": "managed",
      "type": "random_pet",
      "name": "workers_launch_template",
      "each": "list",
      "provider": "provider.random",
      "instances": []
    }
  ]
}
